
Microsoft Visual Studio Solution File, Format Version 12.00
# Visual Studio 14
VisualStudioVersion = 14.0.25123.0
MinimumVisualStudioVersion = 10.0.40219.1
Project("{2150E333-8FDC-42A3-9474-1A3956D46DE8}") = "src", "src", "{34FFBC9F-C270-4B10-98C8-F6882606DDFE}"
EndProject
Project("{2150E333-8FDC-42A3-9474-1A3956D46DE8}") = "tests", "tests", "{0A180C16-51EB-44E1-A9DF-6BC742E49C24}"
EndProject
Project("{FAE04EC0-301F-11D3-BF4B-00C04F79EFBC}") = "Test.ADAL.NET.Unit", "tests\Test.ADAL.NET.Unit\Test.ADAL.NET.Unit.csproj", "{91E9E564-8A44-457B-A97C-E76C9F6275D6}"
EndProject
Project("{2150E333-8FDC-42A3-9474-1A3956D46DE8}") = ".nuget", ".nuget", "{357DDDEF-26DF-436F-B35E-340646C9D863}"
	ProjectSection(SolutionItems) = preProject
		.nuget\NuGet.Config = .nuget\NuGet.Config
		.nuget\NuGet.exe = .nuget\NuGet.exe
		.nuget\NuGet.targets = .nuget\NuGet.targets
	EndProjectSection
EndProject
Project("{FAE04EC0-301F-11D3-BF4B-00C04F79EFBC}") = "ADAL.PCL", "src\ADAL.PCL\ADAL.PCL.csproj", "{94569420-69B5-4031-A975-F5791E3F2F17}"
EndProject
Project("{FAE04EC0-301F-11D3-BF4B-00C04F79EFBC}") = "ADAL.PCL.Desktop", "src\ADAL.PCL.Desktop\ADAL.PCL.Desktop.csproj", "{FA2C7F08-3CCB-47C2-B359-627CC96C04A3}"
EndProject
Project("{FAE04EC0-301F-11D3-BF4B-00C04F79EFBC}") = "ADAL.PCL.WinRT", "src\ADAL.PCL.WinRT\ADAL.PCL.WinRT.csproj", "{826D90F4-CA79-4788-918C-B66AA5CC6DF0}"
EndProject
Project("{FAE04EC0-301F-11D3-BF4B-00C04F79EFBC}") = "ADAL.PCL.iOS", "src\ADAL.PCL.iOS\ADAL.PCL.iOS.csproj", "{2F80E14C-B186-4AEE-92BC-0DE3B6FDB107}"
EndProject
Project("{FAE04EC0-301F-11D3-BF4B-00C04F79EFBC}") = "ADAL.PCL.Android", "src\ADAL.PCL.Android\ADAL.PCL.Android.csproj", "{0C5100D0-54F2-4075-B604-DDE15DA218D5}"
EndProject
Project("{FAE04EC0-301F-11D3-BF4B-00C04F79EFBC}") = "ADAL.PCL.CoreCLR", "src\ADAL.PCL.CoreCLR\ADAL.PCL.CoreCLR.csproj", "{75D27855-D189-44AE-9FA9-10E729C573F4}"
EndProject
Project("{2150E333-8FDC-42A3-9474-1A3956D46DE8}") = "TestApp", "TestApp", "{72D9E9AE-F5D3-4EF4-937F-720FD09B6B50}"
EndProject
Project("{FAE04EC0-301F-11D3-BF4B-00C04F79EFBC}") = "AdalAndroidTestApp", "tests\TestApp\AdalAndroidTestApp\AdalAndroidTestApp.csproj", "{6CE59CDE-3DD1-4897-959C-EF32E7F3315B}"
	ProjectSection(ProjectDependencies) = postProject
		{C09EE601-3F07-4E8B-B12F-473B2BFBEF95} = {C09EE601-3F07-4E8B-B12F-473B2BFBEF95}
	EndProjectSection
EndProject
Project("{FAE04EC0-301F-11D3-BF4B-00C04F79EFBC}") = "AdalDesktopTestApp", "tests\TestApp\AdalDesktopTestApp\AdalDesktopTestApp.csproj", "{8BA45C94-A047-43E0-BB98-D32FDD72F9E5}"
	ProjectSection(ProjectDependencies) = postProject
		{C09EE601-3F07-4E8B-B12F-473B2BFBEF95} = {C09EE601-3F07-4E8B-B12F-473B2BFBEF95}
	EndProjectSection
EndProject
Project("{FAE04EC0-301F-11D3-BF4B-00C04F79EFBC}") = "AdaliOSTestApp", "tests\TestApp\AdaliOSTestApp\AdaliOSTestApp.csproj", "{2B675E51-98A2-4B44-8A37-A0661ABB931F}"
EndProject
Project("{FAE04EC0-301F-11D3-BF4B-00C04F79EFBC}") = "TestApp.PCL", "tests\TestApp\TestApp.PCL\TestApp.PCL.csproj", "{C09EE601-3F07-4E8B-B12F-473B2BFBEF95}"
EndProject
Project("{D954291E-2A0B-460D-934E-DC6B0785DB48}") = "AdalUniversalTestApp.Shared", "tests\TestApp\AdalUniversalTestApp\AdalUniversalSample.Shared\AdalUniversalTestApp.Shared.shproj", "{CF7D7734-1856-4CE7-879A-9410AB4F45D9}"
EndProject
Project("{FAE04EC0-301F-11D3-BF4B-00C04F79EFBC}") = "AdalUniversalTestApp.Windows", "tests\TestApp\AdalUniversalTestApp\AdalUniversalTestApp.Windows\AdalUniversalTestApp.Windows.csproj", "{3E89CCEA-0C4B-461E-95A6-A906E5583AF9}"
EndProject
Project("{2150E333-8FDC-42A3-9474-1A3956D46DE8}") = "XamarinForms", "XamarinForms", "{EFE50DB8-7D76-4C92-B283-C8FD70C8AB65}"
EndProject
Project("{FAE04EC0-301F-11D3-BF4B-00C04F79EFBC}") = "XFormsApp.Droid", "tests\TestApp\XFormsApp.Droid\XFormsApp.Droid.csproj", "{FA4CAEEC-DA6A-493B-90B7-E17A20A61600}"
EndProject
Project("{FAE04EC0-301F-11D3-BF4B-00C04F79EFBC}") = "XFormsApp.iOS", "tests\TestApp\XFormsApp.iOS\XFormsApp.iOS.csproj", "{FDED3627-94FD-4886-A540-3AC05380095B}"
EndProject
Project("{FAE04EC0-301F-11D3-BF4B-00C04F79EFBC}") = "XFormsApp", "tests\TestApp\XFormsApp\XFormsApp.csproj", "{856EA096-2283-49B6-B2CD-5C603551D150}"
EndProject
Global
	GlobalSection(SharedMSBuildProjectFiles) = preSolution
		tests\TestApp\AdalUniversalTestApp\AdalUniversalSample.Shared\AdalUniversalSample.Shared.projitems*{3e89ccea-0c4b-461e-95a6-a906e5583af9}*SharedItemsImports = 4
		tests\TestApp\AdalUniversalTestApp\AdalUniversalSample.Shared\AdalUniversalSample.Shared.projitems*{cf7d7734-1856-4ce7-879a-9410ab4f45d9}*SharedItemsImports = 13
	EndGlobalSection
	GlobalSection(SolutionConfigurationPlatforms) = preSolution
		Ad-Hoc|Any CPU = Ad-Hoc|Any CPU
		Ad-Hoc|ARM = Ad-Hoc|ARM
		Ad-Hoc|iPhone = Ad-Hoc|iPhone
		Ad-Hoc|iPhoneSimulator = Ad-Hoc|iPhoneSimulator
		Ad-Hoc|Mixed Platforms = Ad-Hoc|Mixed Platforms
		Ad-Hoc|Win32 = Ad-Hoc|Win32
		Ad-Hoc|x64 = Ad-Hoc|x64
		Ad-Hoc|x86 = Ad-Hoc|x86
		AppStore|Any CPU = AppStore|Any CPU
		AppStore|ARM = AppStore|ARM
		AppStore|iPhone = AppStore|iPhone
		AppStore|iPhoneSimulator = AppStore|iPhoneSimulator
		AppStore|Mixed Platforms = AppStore|Mixed Platforms
		AppStore|Win32 = AppStore|Win32
		AppStore|x64 = AppStore|x64
		AppStore|x86 = AppStore|x86
		Debug|Any CPU = Debug|Any CPU
		Debug|ARM = Debug|ARM
		Debug|iPhone = Debug|iPhone
		Debug|iPhoneSimulator = Debug|iPhoneSimulator
		Debug|Mixed Platforms = Debug|Mixed Platforms
		Debug|Win32 = Debug|Win32
		Debug|x64 = Debug|x64
		Debug|x86 = Debug|x86
		Release|Any CPU = Release|Any CPU
		Release|ARM = Release|ARM
		Release|iPhone = Release|iPhone
		Release|iPhoneSimulator = Release|iPhoneSimulator
		Release|Mixed Platforms = Release|Mixed Platforms
		Release|Win32 = Release|Win32
		Release|x64 = Release|x64
		Release|x86 = Release|x86
	EndGlobalSection
	GlobalSection(ProjectConfigurationPlatforms) = postSolution
		{91E9E564-8A44-457B-A97C-E76C9F6275D6}.Ad-Hoc|Any CPU.ActiveCfg = Release|Any CPU
		{91E9E564-8A44-457B-A97C-E76C9F6275D6}.Ad-Hoc|ARM.ActiveCfg = Release|Any CPU
		{91E9E564-8A44-457B-A97C-E76C9F6275D6}.Ad-Hoc|iPhone.ActiveCfg = Release|Any CPU
		{91E9E564-8A44-457B-A97C-E76C9F6275D6}.Ad-Hoc|iPhoneSimulator.ActiveCfg = Release|Any CPU
		{91E9E564-8A44-457B-A97C-E76C9F6275D6}.Ad-Hoc|Mixed Platforms.ActiveCfg = Release|Any CPU
		{91E9E564-8A44-457B-A97C-E76C9F6275D6}.Ad-Hoc|Win32.ActiveCfg = Release|Any CPU
		{91E9E564-8A44-457B-A97C-E76C9F6275D6}.Ad-Hoc|x64.ActiveCfg = Release|Any CPU
		{91E9E564-8A44-457B-A97C-E76C9F6275D6}.Ad-Hoc|x86.ActiveCfg = Release|Any CPU
		{91E9E564-8A44-457B-A97C-E76C9F6275D6}.AppStore|Any CPU.ActiveCfg = Release|Any CPU
		{91E9E564-8A44-457B-A97C-E76C9F6275D6}.AppStore|ARM.ActiveCfg = Release|Any CPU
		{91E9E564-8A44-457B-A97C-E76C9F6275D6}.AppStore|iPhone.ActiveCfg = Release|Any CPU
		{91E9E564-8A44-457B-A97C-E76C9F6275D6}.AppStore|iPhoneSimulator.ActiveCfg = Release|Any CPU
		{91E9E564-8A44-457B-A97C-E76C9F6275D6}.AppStore|Mixed Platforms.ActiveCfg = Release|Any CPU
		{91E9E564-8A44-457B-A97C-E76C9F6275D6}.AppStore|Win32.ActiveCfg = Release|Any CPU
		{91E9E564-8A44-457B-A97C-E76C9F6275D6}.AppStore|x64.ActiveCfg = Release|Any CPU
		{91E9E564-8A44-457B-A97C-E76C9F6275D6}.AppStore|x86.ActiveCfg = Release|Any CPU
		{91E9E564-8A44-457B-A97C-E76C9F6275D6}.Debug|Any CPU.ActiveCfg = Debug|Any CPU
		{91E9E564-8A44-457B-A97C-E76C9F6275D6}.Debug|Any CPU.Build.0 = Debug|Any CPU
		{91E9E564-8A44-457B-A97C-E76C9F6275D6}.Debug|ARM.ActiveCfg = Debug|Any CPU
		{91E9E564-8A44-457B-A97C-E76C9F6275D6}.Debug|iPhone.ActiveCfg = Debug|Any CPU
		{91E9E564-8A44-457B-A97C-E76C9F6275D6}.Debug|iPhoneSimulator.ActiveCfg = Debug|Any CPU
		{91E9E564-8A44-457B-A97C-E76C9F6275D6}.Debug|iPhoneSimulator.Build.0 = Debug|Any CPU
		{91E9E564-8A44-457B-A97C-E76C9F6275D6}.Debug|Mixed Platforms.ActiveCfg = Debug|Any CPU
		{91E9E564-8A44-457B-A97C-E76C9F6275D6}.Debug|Mixed Platforms.Build.0 = Debug|Any CPU
		{91E9E564-8A44-457B-A97C-E76C9F6275D6}.Debug|Win32.ActiveCfg = Debug|Any CPU
		{91E9E564-8A44-457B-A97C-E76C9F6275D6}.Debug|x64.ActiveCfg = Debug|Any CPU
		{91E9E564-8A44-457B-A97C-E76C9F6275D6}.Debug|x86.ActiveCfg = Debug|Any CPU
		{91E9E564-8A44-457B-A97C-E76C9F6275D6}.Release|Any CPU.ActiveCfg = Release|Any CPU
		{91E9E564-8A44-457B-A97C-E76C9F6275D6}.Release|Any CPU.Build.0 = Release|Any CPU
		{91E9E564-8A44-457B-A97C-E76C9F6275D6}.Release|ARM.ActiveCfg = Release|Any CPU
		{91E9E564-8A44-457B-A97C-E76C9F6275D6}.Release|iPhone.ActiveCfg = Release|Any CPU
		{91E9E564-8A44-457B-A97C-E76C9F6275D6}.Release|iPhoneSimulator.ActiveCfg = Release|Any CPU
		{91E9E564-8A44-457B-A97C-E76C9F6275D6}.Release|Mixed Platforms.ActiveCfg = Release|Any CPU
		{91E9E564-8A44-457B-A97C-E76C9F6275D6}.Release|Mixed Platforms.Build.0 = Release|Any CPU
		{91E9E564-8A44-457B-A97C-E76C9F6275D6}.Release|Win32.ActiveCfg = Release|Any CPU
		{91E9E564-8A44-457B-A97C-E76C9F6275D6}.Release|x64.ActiveCfg = Release|Any CPU
		{91E9E564-8A44-457B-A97C-E76C9F6275D6}.Release|x86.ActiveCfg = Release|Any CPU
		{94569420-69B5-4031-A975-F5791E3F2F17}.Ad-Hoc|Any CPU.ActiveCfg = Release|Any CPU
		{94569420-69B5-4031-A975-F5791E3F2F17}.Ad-Hoc|Any CPU.Build.0 = Release|Any CPU
		{94569420-69B5-4031-A975-F5791E3F2F17}.Ad-Hoc|ARM.ActiveCfg = Release|Any CPU
		{94569420-69B5-4031-A975-F5791E3F2F17}.Ad-Hoc|iPhone.ActiveCfg = Release|Any CPU
		{94569420-69B5-4031-A975-F5791E3F2F17}.Ad-Hoc|iPhoneSimulator.ActiveCfg = Release|Any CPU
		{94569420-69B5-4031-A975-F5791E3F2F17}.Ad-Hoc|Mixed Platforms.ActiveCfg = Release|Any CPU
		{94569420-69B5-4031-A975-F5791E3F2F17}.Ad-Hoc|Mixed Platforms.Build.0 = Release|Any CPU
		{94569420-69B5-4031-A975-F5791E3F2F17}.Ad-Hoc|Win32.ActiveCfg = Release|Any CPU
		{94569420-69B5-4031-A975-F5791E3F2F17}.Ad-Hoc|x64.ActiveCfg = Release|Any CPU
		{94569420-69B5-4031-A975-F5791E3F2F17}.Ad-Hoc|x86.ActiveCfg = Release|Any CPU
		{94569420-69B5-4031-A975-F5791E3F2F17}.AppStore|Any CPU.ActiveCfg = Release|Any CPU
		{94569420-69B5-4031-A975-F5791E3F2F17}.AppStore|Any CPU.Build.0 = Release|Any CPU
		{94569420-69B5-4031-A975-F5791E3F2F17}.AppStore|ARM.ActiveCfg = Release|Any CPU
		{94569420-69B5-4031-A975-F5791E3F2F17}.AppStore|iPhone.ActiveCfg = Release|Any CPU
		{94569420-69B5-4031-A975-F5791E3F2F17}.AppStore|iPhoneSimulator.ActiveCfg = Release|Any CPU
		{94569420-69B5-4031-A975-F5791E3F2F17}.AppStore|Mixed Platforms.ActiveCfg = Release|Any CPU
		{94569420-69B5-4031-A975-F5791E3F2F17}.AppStore|Mixed Platforms.Build.0 = Release|Any CPU
		{94569420-69B5-4031-A975-F5791E3F2F17}.AppStore|Win32.ActiveCfg = Release|Any CPU
		{94569420-69B5-4031-A975-F5791E3F2F17}.AppStore|x64.ActiveCfg = Release|Any CPU
		{94569420-69B5-4031-A975-F5791E3F2F17}.AppStore|x86.ActiveCfg = Release|Any CPU
		{94569420-69B5-4031-A975-F5791E3F2F17}.Debug|Any CPU.ActiveCfg = Debug|Any CPU
		{94569420-69B5-4031-A975-F5791E3F2F17}.Debug|Any CPU.Build.0 = Debug|Any CPU
		{94569420-69B5-4031-A975-F5791E3F2F17}.Debug|ARM.ActiveCfg = Debug|Any CPU
		{94569420-69B5-4031-A975-F5791E3F2F17}.Debug|iPhone.ActiveCfg = Debug|Any CPU
		{94569420-69B5-4031-A975-F5791E3F2F17}.Debug|iPhone.Build.0 = Debug|Any CPU
		{94569420-69B5-4031-A975-F5791E3F2F17}.Debug|iPhoneSimulator.ActiveCfg = Debug|Any CPU
		{94569420-69B5-4031-A975-F5791E3F2F17}.Debug|iPhoneSimulator.Build.0 = Debug|Any CPU
		{94569420-69B5-4031-A975-F5791E3F2F17}.Debug|Mixed Platforms.ActiveCfg = Debug|Any CPU
		{94569420-69B5-4031-A975-F5791E3F2F17}.Debug|Mixed Platforms.Build.0 = Debug|Any CPU
		{94569420-69B5-4031-A975-F5791E3F2F17}.Debug|Win32.ActiveCfg = Debug|Any CPU
		{94569420-69B5-4031-A975-F5791E3F2F17}.Debug|x64.ActiveCfg = Debug|Any CPU
		{94569420-69B5-4031-A975-F5791E3F2F17}.Debug|x86.ActiveCfg = Debug|Any CPU
		{94569420-69B5-4031-A975-F5791E3F2F17}.Release|Any CPU.ActiveCfg = Release|Any CPU
		{94569420-69B5-4031-A975-F5791E3F2F17}.Release|Any CPU.Build.0 = Release|Any CPU
		{94569420-69B5-4031-A975-F5791E3F2F17}.Release|ARM.ActiveCfg = Release|Any CPU
		{94569420-69B5-4031-A975-F5791E3F2F17}.Release|iPhone.ActiveCfg = Release|Any CPU
		{94569420-69B5-4031-A975-F5791E3F2F17}.Release|iPhoneSimulator.ActiveCfg = Release|Any CPU
		{94569420-69B5-4031-A975-F5791E3F2F17}.Release|Mixed Platforms.ActiveCfg = Release|Any CPU
		{94569420-69B5-4031-A975-F5791E3F2F17}.Release|Mixed Platforms.Build.0 = Release|Any CPU
		{94569420-69B5-4031-A975-F5791E3F2F17}.Release|Win32.ActiveCfg = Release|Any CPU
		{94569420-69B5-4031-A975-F5791E3F2F17}.Release|x64.ActiveCfg = Release|Any CPU
		{94569420-69B5-4031-A975-F5791E3F2F17}.Release|x86.ActiveCfg = Release|Any CPU
		{FA2C7F08-3CCB-47C2-B359-627CC96C04A3}.Ad-Hoc|Any CPU.ActiveCfg = Release|Any CPU
		{FA2C7F08-3CCB-47C2-B359-627CC96C04A3}.Ad-Hoc|Any CPU.Build.0 = Release|Any CPU
		{FA2C7F08-3CCB-47C2-B359-627CC96C04A3}.Ad-Hoc|ARM.ActiveCfg = Release|Any CPU
		{FA2C7F08-3CCB-47C2-B359-627CC96C04A3}.Ad-Hoc|iPhone.ActiveCfg = Release|Any CPU
		{FA2C7F08-3CCB-47C2-B359-627CC96C04A3}.Ad-Hoc|iPhoneSimulator.ActiveCfg = Release|Any CPU
		{FA2C7F08-3CCB-47C2-B359-627CC96C04A3}.Ad-Hoc|Mixed Platforms.ActiveCfg = Release|Any CPU
		{FA2C7F08-3CCB-47C2-B359-627CC96C04A3}.Ad-Hoc|Mixed Platforms.Build.0 = Release|Any CPU
		{FA2C7F08-3CCB-47C2-B359-627CC96C04A3}.Ad-Hoc|Win32.ActiveCfg = Release|Any CPU
		{FA2C7F08-3CCB-47C2-B359-627CC96C04A3}.Ad-Hoc|x64.ActiveCfg = Release|Any CPU
		{FA2C7F08-3CCB-47C2-B359-627CC96C04A3}.Ad-Hoc|x86.ActiveCfg = Release|Any CPU
		{FA2C7F08-3CCB-47C2-B359-627CC96C04A3}.AppStore|Any CPU.ActiveCfg = Release|Any CPU
		{FA2C7F08-3CCB-47C2-B359-627CC96C04A3}.AppStore|Any CPU.Build.0 = Release|Any CPU
		{FA2C7F08-3CCB-47C2-B359-627CC96C04A3}.AppStore|ARM.ActiveCfg = Release|Any CPU
		{FA2C7F08-3CCB-47C2-B359-627CC96C04A3}.AppStore|iPhone.ActiveCfg = Release|Any CPU
		{FA2C7F08-3CCB-47C2-B359-627CC96C04A3}.AppStore|iPhoneSimulator.ActiveCfg = Release|Any CPU
		{FA2C7F08-3CCB-47C2-B359-627CC96C04A3}.AppStore|Mixed Platforms.ActiveCfg = Release|Any CPU
		{FA2C7F08-3CCB-47C2-B359-627CC96C04A3}.AppStore|Mixed Platforms.Build.0 = Release|Any CPU
		{FA2C7F08-3CCB-47C2-B359-627CC96C04A3}.AppStore|Win32.ActiveCfg = Release|Any CPU
		{FA2C7F08-3CCB-47C2-B359-627CC96C04A3}.AppStore|x64.ActiveCfg = Release|Any CPU
		{FA2C7F08-3CCB-47C2-B359-627CC96C04A3}.AppStore|x86.ActiveCfg = Release|Any CPU
		{FA2C7F08-3CCB-47C2-B359-627CC96C04A3}.Debug|Any CPU.ActiveCfg = Debug|Any CPU
		{FA2C7F08-3CCB-47C2-B359-627CC96C04A3}.Debug|Any CPU.Build.0 = Debug|Any CPU
		{FA2C7F08-3CCB-47C2-B359-627CC96C04A3}.Debug|ARM.ActiveCfg = Debug|Any CPU
		{FA2C7F08-3CCB-47C2-B359-627CC96C04A3}.Debug|iPhone.ActiveCfg = Debug|Any CPU
		{FA2C7F08-3CCB-47C2-B359-627CC96C04A3}.Debug|iPhoneSimulator.ActiveCfg = Debug|Any CPU
		{FA2C7F08-3CCB-47C2-B359-627CC96C04A3}.Debug|iPhoneSimulator.Build.0 = Debug|Any CPU
		{FA2C7F08-3CCB-47C2-B359-627CC96C04A3}.Debug|Mixed Platforms.ActiveCfg = Debug|Any CPU
		{FA2C7F08-3CCB-47C2-B359-627CC96C04A3}.Debug|Mixed Platforms.Build.0 = Debug|Any CPU
		{FA2C7F08-3CCB-47C2-B359-627CC96C04A3}.Debug|Win32.ActiveCfg = Debug|Any CPU
		{FA2C7F08-3CCB-47C2-B359-627CC96C04A3}.Debug|x64.ActiveCfg = Debug|Any CPU
		{FA2C7F08-3CCB-47C2-B359-627CC96C04A3}.Debug|x86.ActiveCfg = Debug|Any CPU
		{FA2C7F08-3CCB-47C2-B359-627CC96C04A3}.Release|Any CPU.ActiveCfg = Release|Any CPU
		{FA2C7F08-3CCB-47C2-B359-627CC96C04A3}.Release|Any CPU.Build.0 = Release|Any CPU
		{FA2C7F08-3CCB-47C2-B359-627CC96C04A3}.Release|ARM.ActiveCfg = Release|Any CPU
		{FA2C7F08-3CCB-47C2-B359-627CC96C04A3}.Release|iPhone.ActiveCfg = Release|Any CPU
		{FA2C7F08-3CCB-47C2-B359-627CC96C04A3}.Release|iPhoneSimulator.ActiveCfg = Release|Any CPU
		{FA2C7F08-3CCB-47C2-B359-627CC96C04A3}.Release|Mixed Platforms.ActiveCfg = Release|Any CPU
		{FA2C7F08-3CCB-47C2-B359-627CC96C04A3}.Release|Mixed Platforms.Build.0 = Release|Any CPU
		{FA2C7F08-3CCB-47C2-B359-627CC96C04A3}.Release|Win32.ActiveCfg = Release|Any CPU
		{FA2C7F08-3CCB-47C2-B359-627CC96C04A3}.Release|x64.ActiveCfg = Release|Any CPU
		{FA2C7F08-3CCB-47C2-B359-627CC96C04A3}.Release|x86.ActiveCfg = Release|Any CPU
		{826D90F4-CA79-4788-918C-B66AA5CC6DF0}.Ad-Hoc|Any CPU.ActiveCfg = Release|Any CPU
		{826D90F4-CA79-4788-918C-B66AA5CC6DF0}.Ad-Hoc|Any CPU.Build.0 = Release|Any CPU
		{826D90F4-CA79-4788-918C-B66AA5CC6DF0}.Ad-Hoc|ARM.ActiveCfg = Release|ARM
		{826D90F4-CA79-4788-918C-B66AA5CC6DF0}.Ad-Hoc|ARM.Build.0 = Release|ARM
		{826D90F4-CA79-4788-918C-B66AA5CC6DF0}.Ad-Hoc|iPhone.ActiveCfg = Release|Any CPU
		{826D90F4-CA79-4788-918C-B66AA5CC6DF0}.Ad-Hoc|iPhoneSimulator.ActiveCfg = Release|Any CPU
		{826D90F4-CA79-4788-918C-B66AA5CC6DF0}.Ad-Hoc|Mixed Platforms.ActiveCfg = Release|x86
		{826D90F4-CA79-4788-918C-B66AA5CC6DF0}.Ad-Hoc|Mixed Platforms.Build.0 = Release|x86
		{826D90F4-CA79-4788-918C-B66AA5CC6DF0}.Ad-Hoc|Win32.ActiveCfg = Release|x86
		{826D90F4-CA79-4788-918C-B66AA5CC6DF0}.Ad-Hoc|Win32.Build.0 = Release|x86
		{826D90F4-CA79-4788-918C-B66AA5CC6DF0}.Ad-Hoc|x64.ActiveCfg = Release|x64
		{826D90F4-CA79-4788-918C-B66AA5CC6DF0}.Ad-Hoc|x64.Build.0 = Release|x64
		{826D90F4-CA79-4788-918C-B66AA5CC6DF0}.Ad-Hoc|x86.ActiveCfg = Release|x86
		{826D90F4-CA79-4788-918C-B66AA5CC6DF0}.Ad-Hoc|x86.Build.0 = Release|x86
		{826D90F4-CA79-4788-918C-B66AA5CC6DF0}.AppStore|Any CPU.ActiveCfg = Release|Any CPU
		{826D90F4-CA79-4788-918C-B66AA5CC6DF0}.AppStore|Any CPU.Build.0 = Release|Any CPU
		{826D90F4-CA79-4788-918C-B66AA5CC6DF0}.AppStore|ARM.ActiveCfg = Release|ARM
		{826D90F4-CA79-4788-918C-B66AA5CC6DF0}.AppStore|ARM.Build.0 = Release|ARM
		{826D90F4-CA79-4788-918C-B66AA5CC6DF0}.AppStore|iPhone.ActiveCfg = Release|Any CPU
		{826D90F4-CA79-4788-918C-B66AA5CC6DF0}.AppStore|iPhoneSimulator.ActiveCfg = Release|Any CPU
		{826D90F4-CA79-4788-918C-B66AA5CC6DF0}.AppStore|Mixed Platforms.ActiveCfg = Release|x86
		{826D90F4-CA79-4788-918C-B66AA5CC6DF0}.AppStore|Mixed Platforms.Build.0 = Release|x86
		{826D90F4-CA79-4788-918C-B66AA5CC6DF0}.AppStore|Win32.ActiveCfg = Release|x86
		{826D90F4-CA79-4788-918C-B66AA5CC6DF0}.AppStore|Win32.Build.0 = Release|x86
		{826D90F4-CA79-4788-918C-B66AA5CC6DF0}.AppStore|x64.ActiveCfg = Release|x64
		{826D90F4-CA79-4788-918C-B66AA5CC6DF0}.AppStore|x64.Build.0 = Release|x64
		{826D90F4-CA79-4788-918C-B66AA5CC6DF0}.AppStore|x86.ActiveCfg = Release|x86
		{826D90F4-CA79-4788-918C-B66AA5CC6DF0}.AppStore|x86.Build.0 = Release|x86
		{826D90F4-CA79-4788-918C-B66AA5CC6DF0}.Debug|Any CPU.ActiveCfg = Debug|Any CPU
		{826D90F4-CA79-4788-918C-B66AA5CC6DF0}.Debug|Any CPU.Build.0 = Debug|Any CPU
		{826D90F4-CA79-4788-918C-B66AA5CC6DF0}.Debug|ARM.ActiveCfg = Debug|ARM
		{826D90F4-CA79-4788-918C-B66AA5CC6DF0}.Debug|ARM.Build.0 = Debug|ARM
		{826D90F4-CA79-4788-918C-B66AA5CC6DF0}.Debug|iPhone.ActiveCfg = Debug|Any CPU
		{826D90F4-CA79-4788-918C-B66AA5CC6DF0}.Debug|iPhoneSimulator.ActiveCfg = Debug|Any CPU
		{826D90F4-CA79-4788-918C-B66AA5CC6DF0}.Debug|iPhoneSimulator.Build.0 = Debug|Any CPU
		{826D90F4-CA79-4788-918C-B66AA5CC6DF0}.Debug|Mixed Platforms.ActiveCfg = Debug|Any CPU
		{826D90F4-CA79-4788-918C-B66AA5CC6DF0}.Debug|Mixed Platforms.Build.0 = Debug|Any CPU
		{826D90F4-CA79-4788-918C-B66AA5CC6DF0}.Debug|Win32.ActiveCfg = Debug|x86
		{826D90F4-CA79-4788-918C-B66AA5CC6DF0}.Debug|Win32.Build.0 = Debug|x86
		{826D90F4-CA79-4788-918C-B66AA5CC6DF0}.Debug|x64.ActiveCfg = Debug|x64
		{826D90F4-CA79-4788-918C-B66AA5CC6DF0}.Debug|x64.Build.0 = Debug|x64
		{826D90F4-CA79-4788-918C-B66AA5CC6DF0}.Debug|x86.ActiveCfg = Debug|x86
		{826D90F4-CA79-4788-918C-B66AA5CC6DF0}.Debug|x86.Build.0 = Debug|x86
		{826D90F4-CA79-4788-918C-B66AA5CC6DF0}.Release|Any CPU.ActiveCfg = Release|Any CPU
		{826D90F4-CA79-4788-918C-B66AA5CC6DF0}.Release|Any CPU.Build.0 = Release|Any CPU
		{826D90F4-CA79-4788-918C-B66AA5CC6DF0}.Release|ARM.ActiveCfg = Release|ARM
		{826D90F4-CA79-4788-918C-B66AA5CC6DF0}.Release|ARM.Build.0 = Release|ARM
		{826D90F4-CA79-4788-918C-B66AA5CC6DF0}.Release|iPhone.ActiveCfg = Release|Any CPU
		{826D90F4-CA79-4788-918C-B66AA5CC6DF0}.Release|iPhoneSimulator.ActiveCfg = Release|Any CPU
		{826D90F4-CA79-4788-918C-B66AA5CC6DF0}.Release|Mixed Platforms.ActiveCfg = Release|x86
		{826D90F4-CA79-4788-918C-B66AA5CC6DF0}.Release|Mixed Platforms.Build.0 = Release|x86
		{826D90F4-CA79-4788-918C-B66AA5CC6DF0}.Release|Win32.ActiveCfg = Release|x86
		{826D90F4-CA79-4788-918C-B66AA5CC6DF0}.Release|Win32.Build.0 = Release|x86
		{826D90F4-CA79-4788-918C-B66AA5CC6DF0}.Release|x64.ActiveCfg = Release|x64
		{826D90F4-CA79-4788-918C-B66AA5CC6DF0}.Release|x64.Build.0 = Release|x64
		{826D90F4-CA79-4788-918C-B66AA5CC6DF0}.Release|x86.ActiveCfg = Release|x86
		{826D90F4-CA79-4788-918C-B66AA5CC6DF0}.Release|x86.Build.0 = Release|x86
		{2F80E14C-B186-4AEE-92BC-0DE3B6FDB107}.Ad-Hoc|Any CPU.ActiveCfg = Release|Any CPU
		{2F80E14C-B186-4AEE-92BC-0DE3B6FDB107}.Ad-Hoc|Any CPU.Build.0 = Release|Any CPU
		{2F80E14C-B186-4AEE-92BC-0DE3B6FDB107}.Ad-Hoc|ARM.ActiveCfg = Release|Any CPU
		{2F80E14C-B186-4AEE-92BC-0DE3B6FDB107}.Ad-Hoc|iPhone.ActiveCfg = Release|Any CPU
		{2F80E14C-B186-4AEE-92BC-0DE3B6FDB107}.Ad-Hoc|iPhoneSimulator.ActiveCfg = Release|Any CPU
		{2F80E14C-B186-4AEE-92BC-0DE3B6FDB107}.Ad-Hoc|Mixed Platforms.ActiveCfg = Release|Any CPU
		{2F80E14C-B186-4AEE-92BC-0DE3B6FDB107}.Ad-Hoc|Mixed Platforms.Build.0 = Release|Any CPU
		{2F80E14C-B186-4AEE-92BC-0DE3B6FDB107}.Ad-Hoc|Win32.ActiveCfg = Release|Any CPU
		{2F80E14C-B186-4AEE-92BC-0DE3B6FDB107}.Ad-Hoc|x64.ActiveCfg = Release|Any CPU
		{2F80E14C-B186-4AEE-92BC-0DE3B6FDB107}.Ad-Hoc|x86.ActiveCfg = Release|Any CPU
		{2F80E14C-B186-4AEE-92BC-0DE3B6FDB107}.AppStore|Any CPU.ActiveCfg = Release|Any CPU
		{2F80E14C-B186-4AEE-92BC-0DE3B6FDB107}.AppStore|Any CPU.Build.0 = Release|Any CPU
		{2F80E14C-B186-4AEE-92BC-0DE3B6FDB107}.AppStore|ARM.ActiveCfg = Release|Any CPU
		{2F80E14C-B186-4AEE-92BC-0DE3B6FDB107}.AppStore|iPhone.ActiveCfg = Release|Any CPU
		{2F80E14C-B186-4AEE-92BC-0DE3B6FDB107}.AppStore|iPhoneSimulator.ActiveCfg = Release|Any CPU
		{2F80E14C-B186-4AEE-92BC-0DE3B6FDB107}.AppStore|Mixed Platforms.ActiveCfg = Release|Any CPU
		{2F80E14C-B186-4AEE-92BC-0DE3B6FDB107}.AppStore|Mixed Platforms.Build.0 = Release|Any CPU
		{2F80E14C-B186-4AEE-92BC-0DE3B6FDB107}.AppStore|Win32.ActiveCfg = Release|Any CPU
		{2F80E14C-B186-4AEE-92BC-0DE3B6FDB107}.AppStore|x64.ActiveCfg = Release|Any CPU
		{2F80E14C-B186-4AEE-92BC-0DE3B6FDB107}.AppStore|x86.ActiveCfg = Release|Any CPU
		{2F80E14C-B186-4AEE-92BC-0DE3B6FDB107}.Debug|Any CPU.ActiveCfg = Debug|Any CPU
		{2F80E14C-B186-4AEE-92BC-0DE3B6FDB107}.Debug|Any CPU.Build.0 = Debug|Any CPU
		{2F80E14C-B186-4AEE-92BC-0DE3B6FDB107}.Debug|ARM.ActiveCfg = Debug|Any CPU
		{2F80E14C-B186-4AEE-92BC-0DE3B6FDB107}.Debug|iPhone.ActiveCfg = Debug|Any CPU
		{2F80E14C-B186-4AEE-92BC-0DE3B6FDB107}.Debug|iPhone.Build.0 = Debug|Any CPU
		{2F80E14C-B186-4AEE-92BC-0DE3B6FDB107}.Debug|iPhoneSimulator.ActiveCfg = Debug|Any CPU
		{2F80E14C-B186-4AEE-92BC-0DE3B6FDB107}.Debug|iPhoneSimulator.Build.0 = Debug|Any CPU
		{2F80E14C-B186-4AEE-92BC-0DE3B6FDB107}.Debug|Mixed Platforms.ActiveCfg = Debug|Any CPU
		{2F80E14C-B186-4AEE-92BC-0DE3B6FDB107}.Debug|Mixed Platforms.Build.0 = Debug|Any CPU
		{2F80E14C-B186-4AEE-92BC-0DE3B6FDB107}.Debug|Win32.ActiveCfg = Debug|Any CPU
		{2F80E14C-B186-4AEE-92BC-0DE3B6FDB107}.Debug|x64.ActiveCfg = Debug|Any CPU
		{2F80E14C-B186-4AEE-92BC-0DE3B6FDB107}.Debug|x86.ActiveCfg = Debug|Any CPU
		{2F80E14C-B186-4AEE-92BC-0DE3B6FDB107}.Release|Any CPU.ActiveCfg = Release|Any CPU
		{2F80E14C-B186-4AEE-92BC-0DE3B6FDB107}.Release|Any CPU.Build.0 = Release|Any CPU
		{2F80E14C-B186-4AEE-92BC-0DE3B6FDB107}.Release|ARM.ActiveCfg = Release|Any CPU
		{2F80E14C-B186-4AEE-92BC-0DE3B6FDB107}.Release|iPhone.ActiveCfg = Release|Any CPU
		{2F80E14C-B186-4AEE-92BC-0DE3B6FDB107}.Release|iPhoneSimulator.ActiveCfg = Release|Any CPU
		{2F80E14C-B186-4AEE-92BC-0DE3B6FDB107}.Release|Mixed Platforms.ActiveCfg = Release|Any CPU
		{2F80E14C-B186-4AEE-92BC-0DE3B6FDB107}.Release|Mixed Platforms.Build.0 = Release|Any CPU
		{2F80E14C-B186-4AEE-92BC-0DE3B6FDB107}.Release|Win32.ActiveCfg = Release|Any CPU
		{2F80E14C-B186-4AEE-92BC-0DE3B6FDB107}.Release|x64.ActiveCfg = Release|Any CPU
		{2F80E14C-B186-4AEE-92BC-0DE3B6FDB107}.Release|x86.ActiveCfg = Release|Any CPU
		{0C5100D0-54F2-4075-B604-DDE15DA218D5}.Ad-Hoc|Any CPU.ActiveCfg = Release|Any CPU
		{0C5100D0-54F2-4075-B604-DDE15DA218D5}.Ad-Hoc|Any CPU.Build.0 = Release|Any CPU
		{0C5100D0-54F2-4075-B604-DDE15DA218D5}.Ad-Hoc|ARM.ActiveCfg = Release|Any CPU
		{0C5100D0-54F2-4075-B604-DDE15DA218D5}.Ad-Hoc|iPhone.ActiveCfg = Release|Any CPU
		{0C5100D0-54F2-4075-B604-DDE15DA218D5}.Ad-Hoc|iPhoneSimulator.ActiveCfg = Release|Any CPU
		{0C5100D0-54F2-4075-B604-DDE15DA218D5}.Ad-Hoc|Mixed Platforms.ActiveCfg = Release|Any CPU
		{0C5100D0-54F2-4075-B604-DDE15DA218D5}.Ad-Hoc|Mixed Platforms.Build.0 = Release|Any CPU
		{0C5100D0-54F2-4075-B604-DDE15DA218D5}.Ad-Hoc|Win32.ActiveCfg = Release|Any CPU
		{0C5100D0-54F2-4075-B604-DDE15DA218D5}.Ad-Hoc|x64.ActiveCfg = Release|Any CPU
		{0C5100D0-54F2-4075-B604-DDE15DA218D5}.Ad-Hoc|x86.ActiveCfg = Release|Any CPU
		{0C5100D0-54F2-4075-B604-DDE15DA218D5}.AppStore|Any CPU.ActiveCfg = Release|Any CPU
		{0C5100D0-54F2-4075-B604-DDE15DA218D5}.AppStore|Any CPU.Build.0 = Release|Any CPU
		{0C5100D0-54F2-4075-B604-DDE15DA218D5}.AppStore|ARM.ActiveCfg = Release|Any CPU
		{0C5100D0-54F2-4075-B604-DDE15DA218D5}.AppStore|iPhone.ActiveCfg = Release|Any CPU
		{0C5100D0-54F2-4075-B604-DDE15DA218D5}.AppStore|iPhoneSimulator.ActiveCfg = Release|Any CPU
		{0C5100D0-54F2-4075-B604-DDE15DA218D5}.AppStore|Mixed Platforms.ActiveCfg = Release|Any CPU
		{0C5100D0-54F2-4075-B604-DDE15DA218D5}.AppStore|Mixed Platforms.Build.0 = Release|Any CPU
		{0C5100D0-54F2-4075-B604-DDE15DA218D5}.AppStore|Win32.ActiveCfg = Release|Any CPU
		{0C5100D0-54F2-4075-B604-DDE15DA218D5}.AppStore|x64.ActiveCfg = Release|Any CPU
		{0C5100D0-54F2-4075-B604-DDE15DA218D5}.AppStore|x86.ActiveCfg = Release|Any CPU
		{0C5100D0-54F2-4075-B604-DDE15DA218D5}.Debug|Any CPU.ActiveCfg = Debug|Any CPU
		{0C5100D0-54F2-4075-B604-DDE15DA218D5}.Debug|Any CPU.Build.0 = Debug|Any CPU
		{0C5100D0-54F2-4075-B604-DDE15DA218D5}.Debug|ARM.ActiveCfg = Debug|Any CPU
		{0C5100D0-54F2-4075-B604-DDE15DA218D5}.Debug|iPhone.ActiveCfg = Debug|Any CPU
		{0C5100D0-54F2-4075-B604-DDE15DA218D5}.Debug|iPhoneSimulator.ActiveCfg = Debug|Any CPU
		{0C5100D0-54F2-4075-B604-DDE15DA218D5}.Debug|iPhoneSimulator.Build.0 = Debug|Any CPU
		{0C5100D0-54F2-4075-B604-DDE15DA218D5}.Debug|Mixed Platforms.ActiveCfg = Debug|Any CPU
		{0C5100D0-54F2-4075-B604-DDE15DA218D5}.Debug|Mixed Platforms.Build.0 = Debug|Any CPU
		{0C5100D0-54F2-4075-B604-DDE15DA218D5}.Debug|Win32.ActiveCfg = Debug|Any CPU
		{0C5100D0-54F2-4075-B604-DDE15DA218D5}.Debug|x64.ActiveCfg = Debug|Any CPU
		{0C5100D0-54F2-4075-B604-DDE15DA218D5}.Debug|x86.ActiveCfg = Debug|Any CPU
		{0C5100D0-54F2-4075-B604-DDE15DA218D5}.Release|Any CPU.ActiveCfg = Release|Any CPU
		{0C5100D0-54F2-4075-B604-DDE15DA218D5}.Release|Any CPU.Build.0 = Release|Any CPU
		{0C5100D0-54F2-4075-B604-DDE15DA218D5}.Release|ARM.ActiveCfg = Release|Any CPU
		{0C5100D0-54F2-4075-B604-DDE15DA218D5}.Release|iPhone.ActiveCfg = Release|Any CPU
		{0C5100D0-54F2-4075-B604-DDE15DA218D5}.Release|iPhoneSimulator.ActiveCfg = Release|Any CPU
		{0C5100D0-54F2-4075-B604-DDE15DA218D5}.Release|Mixed Platforms.ActiveCfg = Release|Any CPU
		{0C5100D0-54F2-4075-B604-DDE15DA218D5}.Release|Mixed Platforms.Build.0 = Release|Any CPU
		{0C5100D0-54F2-4075-B604-DDE15DA218D5}.Release|Win32.ActiveCfg = Release|Any CPU
		{0C5100D0-54F2-4075-B604-DDE15DA218D5}.Release|x64.ActiveCfg = Release|Any CPU
		{0C5100D0-54F2-4075-B604-DDE15DA218D5}.Release|x86.ActiveCfg = Release|Any CPU
		{75D27855-D189-44AE-9FA9-10E729C573F4}.Ad-Hoc|Any CPU.ActiveCfg = Release|Any CPU
		{75D27855-D189-44AE-9FA9-10E729C573F4}.Ad-Hoc|Any CPU.Build.0 = Release|Any CPU
		{75D27855-D189-44AE-9FA9-10E729C573F4}.Ad-Hoc|ARM.ActiveCfg = Release|Any CPU
		{75D27855-D189-44AE-9FA9-10E729C573F4}.Ad-Hoc|iPhone.ActiveCfg = Release|Any CPU
		{75D27855-D189-44AE-9FA9-10E729C573F4}.Ad-Hoc|iPhoneSimulator.ActiveCfg = Release|Any CPU
		{75D27855-D189-44AE-9FA9-10E729C573F4}.Ad-Hoc|Mixed Platforms.ActiveCfg = Release|Any CPU
		{75D27855-D189-44AE-9FA9-10E729C573F4}.Ad-Hoc|Mixed Platforms.Build.0 = Release|Any CPU
		{75D27855-D189-44AE-9FA9-10E729C573F4}.Ad-Hoc|Win32.ActiveCfg = Release|Any CPU
		{75D27855-D189-44AE-9FA9-10E729C573F4}.Ad-Hoc|x64.ActiveCfg = Release|Any CPU
		{75D27855-D189-44AE-9FA9-10E729C573F4}.Ad-Hoc|x86.ActiveCfg = Release|Any CPU
		{75D27855-D189-44AE-9FA9-10E729C573F4}.AppStore|Any CPU.ActiveCfg = Release|Any CPU
		{75D27855-D189-44AE-9FA9-10E729C573F4}.AppStore|Any CPU.Build.0 = Release|Any CPU
		{75D27855-D189-44AE-9FA9-10E729C573F4}.AppStore|ARM.ActiveCfg = Release|Any CPU
		{75D27855-D189-44AE-9FA9-10E729C573F4}.AppStore|iPhone.ActiveCfg = Release|Any CPU
		{75D27855-D189-44AE-9FA9-10E729C573F4}.AppStore|iPhoneSimulator.ActiveCfg = Release|Any CPU
		{75D27855-D189-44AE-9FA9-10E729C573F4}.AppStore|Mixed Platforms.ActiveCfg = Release|Any CPU
		{75D27855-D189-44AE-9FA9-10E729C573F4}.AppStore|Mixed Platforms.Build.0 = Release|Any CPU
		{75D27855-D189-44AE-9FA9-10E729C573F4}.AppStore|Win32.ActiveCfg = Release|Any CPU
		{75D27855-D189-44AE-9FA9-10E729C573F4}.AppStore|x64.ActiveCfg = Release|Any CPU
		{75D27855-D189-44AE-9FA9-10E729C573F4}.AppStore|x86.ActiveCfg = Release|Any CPU
		{75D27855-D189-44AE-9FA9-10E729C573F4}.Debug|Any CPU.ActiveCfg = Debug|Any CPU
		{75D27855-D189-44AE-9FA9-10E729C573F4}.Debug|Any CPU.Build.0 = Debug|Any CPU
		{75D27855-D189-44AE-9FA9-10E729C573F4}.Debug|ARM.ActiveCfg = Debug|Any CPU
		{75D27855-D189-44AE-9FA9-10E729C573F4}.Debug|iPhone.ActiveCfg = Debug|Any CPU
		{75D27855-D189-44AE-9FA9-10E729C573F4}.Debug|iPhoneSimulator.ActiveCfg = Debug|Any CPU
		{75D27855-D189-44AE-9FA9-10E729C573F4}.Debug|iPhoneSimulator.Build.0 = Debug|Any CPU
		{75D27855-D189-44AE-9FA9-10E729C573F4}.Debug|Mixed Platforms.ActiveCfg = Debug|Any CPU
		{75D27855-D189-44AE-9FA9-10E729C573F4}.Debug|Mixed Platforms.Build.0 = Debug|Any CPU
		{75D27855-D189-44AE-9FA9-10E729C573F4}.Debug|Win32.ActiveCfg = Debug|Any CPU
		{75D27855-D189-44AE-9FA9-10E729C573F4}.Debug|x64.ActiveCfg = Debug|Any CPU
		{75D27855-D189-44AE-9FA9-10E729C573F4}.Debug|x86.ActiveCfg = Debug|Any CPU
		{75D27855-D189-44AE-9FA9-10E729C573F4}.Release|Any CPU.ActiveCfg = Release|Any CPU
		{75D27855-D189-44AE-9FA9-10E729C573F4}.Release|Any CPU.Build.0 = Release|Any CPU
		{75D27855-D189-44AE-9FA9-10E729C573F4}.Release|ARM.ActiveCfg = Release|Any CPU
		{75D27855-D189-44AE-9FA9-10E729C573F4}.Release|iPhone.ActiveCfg = Release|Any CPU
		{75D27855-D189-44AE-9FA9-10E729C573F4}.Release|iPhoneSimulator.ActiveCfg = Release|Any CPU
		{75D27855-D189-44AE-9FA9-10E729C573F4}.Release|Mixed Platforms.ActiveCfg = Release|Any CPU
		{75D27855-D189-44AE-9FA9-10E729C573F4}.Release|Mixed Platforms.Build.0 = Release|Any CPU
		{75D27855-D189-44AE-9FA9-10E729C573F4}.Release|Win32.ActiveCfg = Release|Any CPU
		{75D27855-D189-44AE-9FA9-10E729C573F4}.Release|x64.ActiveCfg = Release|Any CPU
		{75D27855-D189-44AE-9FA9-10E729C573F4}.Release|x86.ActiveCfg = Release|Any CPU
		{6CE59CDE-3DD1-4897-959C-EF32E7F3315B}.Ad-Hoc|Any CPU.ActiveCfg = Release|Any CPU
		{6CE59CDE-3DD1-4897-959C-EF32E7F3315B}.Ad-Hoc|Any CPU.Build.0 = Release|Any CPU
		{6CE59CDE-3DD1-4897-959C-EF32E7F3315B}.Ad-Hoc|Any CPU.Deploy.0 = Release|Any CPU
		{6CE59CDE-3DD1-4897-959C-EF32E7F3315B}.Ad-Hoc|ARM.ActiveCfg = Release|Any CPU
		{6CE59CDE-3DD1-4897-959C-EF32E7F3315B}.Ad-Hoc|iPhone.ActiveCfg = Release|Any CPU
		{6CE59CDE-3DD1-4897-959C-EF32E7F3315B}.Ad-Hoc|iPhoneSimulator.ActiveCfg = Release|Any CPU
		{6CE59CDE-3DD1-4897-959C-EF32E7F3315B}.Ad-Hoc|Mixed Platforms.ActiveCfg = Release|Any CPU
		{6CE59CDE-3DD1-4897-959C-EF32E7F3315B}.Ad-Hoc|Mixed Platforms.Build.0 = Release|Any CPU
		{6CE59CDE-3DD1-4897-959C-EF32E7F3315B}.Ad-Hoc|Mixed Platforms.Deploy.0 = Release|Any CPU
		{6CE59CDE-3DD1-4897-959C-EF32E7F3315B}.Ad-Hoc|Win32.ActiveCfg = Release|Any CPU
		{6CE59CDE-3DD1-4897-959C-EF32E7F3315B}.Ad-Hoc|x64.ActiveCfg = Release|Any CPU
		{6CE59CDE-3DD1-4897-959C-EF32E7F3315B}.Ad-Hoc|x86.ActiveCfg = Release|Any CPU
		{6CE59CDE-3DD1-4897-959C-EF32E7F3315B}.AppStore|Any CPU.ActiveCfg = Release|Any CPU
		{6CE59CDE-3DD1-4897-959C-EF32E7F3315B}.AppStore|Any CPU.Build.0 = Release|Any CPU
		{6CE59CDE-3DD1-4897-959C-EF32E7F3315B}.AppStore|Any CPU.Deploy.0 = Release|Any CPU
		{6CE59CDE-3DD1-4897-959C-EF32E7F3315B}.AppStore|ARM.ActiveCfg = Release|Any CPU
		{6CE59CDE-3DD1-4897-959C-EF32E7F3315B}.AppStore|iPhone.ActiveCfg = Release|Any CPU
		{6CE59CDE-3DD1-4897-959C-EF32E7F3315B}.AppStore|iPhoneSimulator.ActiveCfg = Release|Any CPU
		{6CE59CDE-3DD1-4897-959C-EF32E7F3315B}.AppStore|Mixed Platforms.ActiveCfg = Release|Any CPU
		{6CE59CDE-3DD1-4897-959C-EF32E7F3315B}.AppStore|Mixed Platforms.Build.0 = Release|Any CPU
		{6CE59CDE-3DD1-4897-959C-EF32E7F3315B}.AppStore|Mixed Platforms.Deploy.0 = Release|Any CPU
		{6CE59CDE-3DD1-4897-959C-EF32E7F3315B}.AppStore|Win32.ActiveCfg = Release|Any CPU
		{6CE59CDE-3DD1-4897-959C-EF32E7F3315B}.AppStore|x64.ActiveCfg = Release|Any CPU
		{6CE59CDE-3DD1-4897-959C-EF32E7F3315B}.AppStore|x86.ActiveCfg = Release|Any CPU
		{6CE59CDE-3DD1-4897-959C-EF32E7F3315B}.Debug|Any CPU.ActiveCfg = Debug|Any CPU
		{6CE59CDE-3DD1-4897-959C-EF32E7F3315B}.Debug|Any CPU.Build.0 = Debug|Any CPU
		{6CE59CDE-3DD1-4897-959C-EF32E7F3315B}.Debug|Any CPU.Deploy.0 = Debug|Any CPU
		{6CE59CDE-3DD1-4897-959C-EF32E7F3315B}.Debug|ARM.ActiveCfg = Debug|Any CPU
		{6CE59CDE-3DD1-4897-959C-EF32E7F3315B}.Debug|iPhone.ActiveCfg = Debug|Any CPU
		{6CE59CDE-3DD1-4897-959C-EF32E7F3315B}.Debug|iPhoneSimulator.ActiveCfg = Debug|Any CPU
		{6CE59CDE-3DD1-4897-959C-EF32E7F3315B}.Debug|iPhoneSimulator.Build.0 = Debug|Any CPU
		{6CE59CDE-3DD1-4897-959C-EF32E7F3315B}.Debug|Mixed Platforms.ActiveCfg = Debug|Any CPU
		{6CE59CDE-3DD1-4897-959C-EF32E7F3315B}.Debug|Mixed Platforms.Build.0 = Debug|Any CPU
		{6CE59CDE-3DD1-4897-959C-EF32E7F3315B}.Debug|Mixed Platforms.Deploy.0 = Debug|Any CPU
		{6CE59CDE-3DD1-4897-959C-EF32E7F3315B}.Debug|Win32.ActiveCfg = Debug|Any CPU
		{6CE59CDE-3DD1-4897-959C-EF32E7F3315B}.Debug|x64.ActiveCfg = Debug|Any CPU
		{6CE59CDE-3DD1-4897-959C-EF32E7F3315B}.Debug|x86.ActiveCfg = Debug|Any CPU
		{6CE59CDE-3DD1-4897-959C-EF32E7F3315B}.Release|Any CPU.ActiveCfg = Release|Any CPU
		{6CE59CDE-3DD1-4897-959C-EF32E7F3315B}.Release|Any CPU.Build.0 = Release|Any CPU
		{6CE59CDE-3DD1-4897-959C-EF32E7F3315B}.Release|Any CPU.Deploy.0 = Release|Any CPU
		{6CE59CDE-3DD1-4897-959C-EF32E7F3315B}.Release|ARM.ActiveCfg = Release|Any CPU
		{6CE59CDE-3DD1-4897-959C-EF32E7F3315B}.Release|iPhone.ActiveCfg = Release|Any CPU
		{6CE59CDE-3DD1-4897-959C-EF32E7F3315B}.Release|iPhoneSimulator.ActiveCfg = Release|Any CPU
		{6CE59CDE-3DD1-4897-959C-EF32E7F3315B}.Release|Mixed Platforms.ActiveCfg = Release|Any CPU
		{6CE59CDE-3DD1-4897-959C-EF32E7F3315B}.Release|Mixed Platforms.Build.0 = Release|Any CPU
		{6CE59CDE-3DD1-4897-959C-EF32E7F3315B}.Release|Mixed Platforms.Deploy.0 = Release|Any CPU
		{6CE59CDE-3DD1-4897-959C-EF32E7F3315B}.Release|Win32.ActiveCfg = Release|Any CPU
		{6CE59CDE-3DD1-4897-959C-EF32E7F3315B}.Release|x64.ActiveCfg = Release|Any CPU
		{6CE59CDE-3DD1-4897-959C-EF32E7F3315B}.Release|x86.ActiveCfg = Release|Any CPU
		{8BA45C94-A047-43E0-BB98-D32FDD72F9E5}.Ad-Hoc|Any CPU.ActiveCfg = Release|Any CPU
		{8BA45C94-A047-43E0-BB98-D32FDD72F9E5}.Ad-Hoc|Any CPU.Build.0 = Release|Any CPU
		{8BA45C94-A047-43E0-BB98-D32FDD72F9E5}.Ad-Hoc|ARM.ActiveCfg = Release|Any CPU
		{8BA45C94-A047-43E0-BB98-D32FDD72F9E5}.Ad-Hoc|iPhone.ActiveCfg = Release|Any CPU
		{8BA45C94-A047-43E0-BB98-D32FDD72F9E5}.Ad-Hoc|iPhoneSimulator.ActiveCfg = Release|Any CPU
		{8BA45C94-A047-43E0-BB98-D32FDD72F9E5}.Ad-Hoc|Mixed Platforms.ActiveCfg = Release|Any CPU
		{8BA45C94-A047-43E0-BB98-D32FDD72F9E5}.Ad-Hoc|Mixed Platforms.Build.0 = Release|Any CPU
		{8BA45C94-A047-43E0-BB98-D32FDD72F9E5}.Ad-Hoc|Win32.ActiveCfg = Release|Any CPU
		{8BA45C94-A047-43E0-BB98-D32FDD72F9E5}.Ad-Hoc|x64.ActiveCfg = Release|Any CPU
		{8BA45C94-A047-43E0-BB98-D32FDD72F9E5}.Ad-Hoc|x86.ActiveCfg = Release|Any CPU
		{8BA45C94-A047-43E0-BB98-D32FDD72F9E5}.AppStore|Any CPU.ActiveCfg = Release|Any CPU
		{8BA45C94-A047-43E0-BB98-D32FDD72F9E5}.AppStore|Any CPU.Build.0 = Release|Any CPU
		{8BA45C94-A047-43E0-BB98-D32FDD72F9E5}.AppStore|ARM.ActiveCfg = Release|Any CPU
		{8BA45C94-A047-43E0-BB98-D32FDD72F9E5}.AppStore|iPhone.ActiveCfg = Release|Any CPU
		{8BA45C94-A047-43E0-BB98-D32FDD72F9E5}.AppStore|iPhoneSimulator.ActiveCfg = Release|Any CPU
		{8BA45C94-A047-43E0-BB98-D32FDD72F9E5}.AppStore|Mixed Platforms.ActiveCfg = Release|Any CPU
		{8BA45C94-A047-43E0-BB98-D32FDD72F9E5}.AppStore|Mixed Platforms.Build.0 = Release|Any CPU
		{8BA45C94-A047-43E0-BB98-D32FDD72F9E5}.AppStore|Win32.ActiveCfg = Release|Any CPU
		{8BA45C94-A047-43E0-BB98-D32FDD72F9E5}.AppStore|x64.ActiveCfg = Release|Any CPU
		{8BA45C94-A047-43E0-BB98-D32FDD72F9E5}.AppStore|x86.ActiveCfg = Release|Any CPU
		{8BA45C94-A047-43E0-BB98-D32FDD72F9E5}.Debug|Any CPU.ActiveCfg = Debug|Any CPU
		{8BA45C94-A047-43E0-BB98-D32FDD72F9E5}.Debug|Any CPU.Build.0 = Debug|Any CPU
		{8BA45C94-A047-43E0-BB98-D32FDD72F9E5}.Debug|ARM.ActiveCfg = Debug|Any CPU
		{8BA45C94-A047-43E0-BB98-D32FDD72F9E5}.Debug|iPhone.ActiveCfg = Debug|Any CPU
		{8BA45C94-A047-43E0-BB98-D32FDD72F9E5}.Debug|iPhoneSimulator.ActiveCfg = Debug|Any CPU
		{8BA45C94-A047-43E0-BB98-D32FDD72F9E5}.Debug|iPhoneSimulator.Build.0 = Debug|Any CPU
		{8BA45C94-A047-43E0-BB98-D32FDD72F9E5}.Debug|Mixed Platforms.ActiveCfg = Debug|Any CPU
		{8BA45C94-A047-43E0-BB98-D32FDD72F9E5}.Debug|Mixed Platforms.Build.0 = Debug|Any CPU
		{8BA45C94-A047-43E0-BB98-D32FDD72F9E5}.Debug|Win32.ActiveCfg = Debug|Any CPU
		{8BA45C94-A047-43E0-BB98-D32FDD72F9E5}.Debug|x64.ActiveCfg = Debug|Any CPU
		{8BA45C94-A047-43E0-BB98-D32FDD72F9E5}.Debug|x86.ActiveCfg = Debug|Any CPU
		{8BA45C94-A047-43E0-BB98-D32FDD72F9E5}.Release|Any CPU.ActiveCfg = Release|Any CPU
		{8BA45C94-A047-43E0-BB98-D32FDD72F9E5}.Release|Any CPU.Build.0 = Release|Any CPU
		{8BA45C94-A047-43E0-BB98-D32FDD72F9E5}.Release|ARM.ActiveCfg = Release|Any CPU
		{8BA45C94-A047-43E0-BB98-D32FDD72F9E5}.Release|iPhone.ActiveCfg = Release|Any CPU
		{8BA45C94-A047-43E0-BB98-D32FDD72F9E5}.Release|iPhoneSimulator.ActiveCfg = Release|Any CPU
		{8BA45C94-A047-43E0-BB98-D32FDD72F9E5}.Release|Mixed Platforms.ActiveCfg = Release|Any CPU
		{8BA45C94-A047-43E0-BB98-D32FDD72F9E5}.Release|Mixed Platforms.Build.0 = Release|Any CPU
		{8BA45C94-A047-43E0-BB98-D32FDD72F9E5}.Release|Win32.ActiveCfg = Release|Any CPU
		{8BA45C94-A047-43E0-BB98-D32FDD72F9E5}.Release|x64.ActiveCfg = Release|Any CPU
		{8BA45C94-A047-43E0-BB98-D32FDD72F9E5}.Release|x86.ActiveCfg = Release|Any CPU
		{2B675E51-98A2-4B44-8A37-A0661ABB931F}.Ad-Hoc|Any CPU.ActiveCfg = Release|iPhoneSimulator
		{2B675E51-98A2-4B44-8A37-A0661ABB931F}.Ad-Hoc|ARM.ActiveCfg = Ad-Hoc|iPhone
		{2B675E51-98A2-4B44-8A37-A0661ABB931F}.Ad-Hoc|iPhone.ActiveCfg = Ad-Hoc|iPhone
		{2B675E51-98A2-4B44-8A37-A0661ABB931F}.Ad-Hoc|iPhone.Build.0 = Ad-Hoc|iPhone
		{2B675E51-98A2-4B44-8A37-A0661ABB931F}.Ad-Hoc|iPhoneSimulator.ActiveCfg = Ad-Hoc|iPhoneSimulator
		{2B675E51-98A2-4B44-8A37-A0661ABB931F}.Ad-Hoc|iPhoneSimulator.Build.0 = Ad-Hoc|iPhoneSimulator
		{2B675E51-98A2-4B44-8A37-A0661ABB931F}.Ad-Hoc|Mixed Platforms.ActiveCfg = Ad-Hoc|iPhone
		{2B675E51-98A2-4B44-8A37-A0661ABB931F}.Ad-Hoc|Mixed Platforms.Build.0 = Ad-Hoc|iPhone
		{2B675E51-98A2-4B44-8A37-A0661ABB931F}.Ad-Hoc|Win32.ActiveCfg = Ad-Hoc|iPhone
		{2B675E51-98A2-4B44-8A37-A0661ABB931F}.Ad-Hoc|x64.ActiveCfg = Ad-Hoc|iPhone
		{2B675E51-98A2-4B44-8A37-A0661ABB931F}.Ad-Hoc|x86.ActiveCfg = Ad-Hoc|iPhone
		{2B675E51-98A2-4B44-8A37-A0661ABB931F}.AppStore|Any CPU.ActiveCfg = Release|iPhoneSimulator
		{2B675E51-98A2-4B44-8A37-A0661ABB931F}.AppStore|ARM.ActiveCfg = AppStore|iPhone
		{2B675E51-98A2-4B44-8A37-A0661ABB931F}.AppStore|iPhone.ActiveCfg = AppStore|iPhone
		{2B675E51-98A2-4B44-8A37-A0661ABB931F}.AppStore|iPhone.Build.0 = AppStore|iPhone
		{2B675E51-98A2-4B44-8A37-A0661ABB931F}.AppStore|iPhoneSimulator.ActiveCfg = AppStore|iPhoneSimulator
		{2B675E51-98A2-4B44-8A37-A0661ABB931F}.AppStore|iPhoneSimulator.Build.0 = AppStore|iPhoneSimulator
		{2B675E51-98A2-4B44-8A37-A0661ABB931F}.AppStore|Mixed Platforms.ActiveCfg = AppStore|iPhone
		{2B675E51-98A2-4B44-8A37-A0661ABB931F}.AppStore|Mixed Platforms.Build.0 = AppStore|iPhone
		{2B675E51-98A2-4B44-8A37-A0661ABB931F}.AppStore|Win32.ActiveCfg = AppStore|iPhone
		{2B675E51-98A2-4B44-8A37-A0661ABB931F}.AppStore|x64.ActiveCfg = AppStore|iPhone
		{2B675E51-98A2-4B44-8A37-A0661ABB931F}.AppStore|x86.ActiveCfg = AppStore|iPhone
		{2B675E51-98A2-4B44-8A37-A0661ABB931F}.Debug|Any CPU.ActiveCfg = Debug|iPhoneSimulator
		{2B675E51-98A2-4B44-8A37-A0661ABB931F}.Debug|Any CPU.Build.0 = Debug|iPhoneSimulator
		{2B675E51-98A2-4B44-8A37-A0661ABB931F}.Debug|ARM.ActiveCfg = Debug|iPhone
		{2B675E51-98A2-4B44-8A37-A0661ABB931F}.Debug|iPhone.ActiveCfg = Debug|iPhone
		{2B675E51-98A2-4B44-8A37-A0661ABB931F}.Debug|iPhone.Build.0 = Debug|iPhone
		{2B675E51-98A2-4B44-8A37-A0661ABB931F}.Debug|iPhoneSimulator.ActiveCfg = Debug|iPhoneSimulator
		{2B675E51-98A2-4B44-8A37-A0661ABB931F}.Debug|iPhoneSimulator.Build.0 = Debug|iPhoneSimulator
		{2B675E51-98A2-4B44-8A37-A0661ABB931F}.Debug|Mixed Platforms.ActiveCfg = Debug|iPhone
		{2B675E51-98A2-4B44-8A37-A0661ABB931F}.Debug|Mixed Platforms.Build.0 = Debug|iPhone
		{2B675E51-98A2-4B44-8A37-A0661ABB931F}.Debug|Win32.ActiveCfg = Debug|iPhone
		{2B675E51-98A2-4B44-8A37-A0661ABB931F}.Debug|x64.ActiveCfg = Debug|iPhone
		{2B675E51-98A2-4B44-8A37-A0661ABB931F}.Debug|x86.ActiveCfg = Debug|iPhone
		{2B675E51-98A2-4B44-8A37-A0661ABB931F}.Release|Any CPU.ActiveCfg = Release|iPhoneSimulator
		{2B675E51-98A2-4B44-8A37-A0661ABB931F}.Release|Any CPU.Build.0 = Release|iPhoneSimulator
		{2B675E51-98A2-4B44-8A37-A0661ABB931F}.Release|ARM.ActiveCfg = Release|iPhone
		{2B675E51-98A2-4B44-8A37-A0661ABB931F}.Release|iPhone.ActiveCfg = Release|iPhoneSimulator
		{2B675E51-98A2-4B44-8A37-A0661ABB931F}.Release|iPhoneSimulator.ActiveCfg = Release|iPhoneSimulator
		{2B675E51-98A2-4B44-8A37-A0661ABB931F}.Release|iPhoneSimulator.Build.0 = Release|iPhoneSimulator
		{2B675E51-98A2-4B44-8A37-A0661ABB931F}.Release|Mixed Platforms.ActiveCfg = Release|iPhone
		{2B675E51-98A2-4B44-8A37-A0661ABB931F}.Release|Mixed Platforms.Build.0 = Release|iPhone
		{2B675E51-98A2-4B44-8A37-A0661ABB931F}.Release|Win32.ActiveCfg = Release|iPhone
		{2B675E51-98A2-4B44-8A37-A0661ABB931F}.Release|x64.ActiveCfg = Release|iPhone
		{2B675E51-98A2-4B44-8A37-A0661ABB931F}.Release|x86.ActiveCfg = Release|iPhone
		{C09EE601-3F07-4E8B-B12F-473B2BFBEF95}.Ad-Hoc|Any CPU.ActiveCfg = Release|Any CPU
		{C09EE601-3F07-4E8B-B12F-473B2BFBEF95}.Ad-Hoc|Any CPU.Build.0 = Release|Any CPU
		{C09EE601-3F07-4E8B-B12F-473B2BFBEF95}.Ad-Hoc|ARM.ActiveCfg = Release|Any CPU
		{C09EE601-3F07-4E8B-B12F-473B2BFBEF95}.Ad-Hoc|iPhone.ActiveCfg = Release|Any CPU
		{C09EE601-3F07-4E8B-B12F-473B2BFBEF95}.Ad-Hoc|iPhoneSimulator.ActiveCfg = Release|Any CPU
		{C09EE601-3F07-4E8B-B12F-473B2BFBEF95}.Ad-Hoc|Mixed Platforms.ActiveCfg = Release|Any CPU
		{C09EE601-3F07-4E8B-B12F-473B2BFBEF95}.Ad-Hoc|Mixed Platforms.Build.0 = Release|Any CPU
		{C09EE601-3F07-4E8B-B12F-473B2BFBEF95}.Ad-Hoc|Win32.ActiveCfg = Release|Any CPU
		{C09EE601-3F07-4E8B-B12F-473B2BFBEF95}.Ad-Hoc|x64.ActiveCfg = Release|Any CPU
		{C09EE601-3F07-4E8B-B12F-473B2BFBEF95}.Ad-Hoc|x86.ActiveCfg = Release|Any CPU
		{C09EE601-3F07-4E8B-B12F-473B2BFBEF95}.AppStore|Any CPU.ActiveCfg = Release|Any CPU
		{C09EE601-3F07-4E8B-B12F-473B2BFBEF95}.AppStore|Any CPU.Build.0 = Release|Any CPU
		{C09EE601-3F07-4E8B-B12F-473B2BFBEF95}.AppStore|ARM.ActiveCfg = Release|Any CPU
		{C09EE601-3F07-4E8B-B12F-473B2BFBEF95}.AppStore|iPhone.ActiveCfg = Release|Any CPU
		{C09EE601-3F07-4E8B-B12F-473B2BFBEF95}.AppStore|iPhoneSimulator.ActiveCfg = Release|Any CPU
		{C09EE601-3F07-4E8B-B12F-473B2BFBEF95}.AppStore|Mixed Platforms.ActiveCfg = Release|Any CPU
		{C09EE601-3F07-4E8B-B12F-473B2BFBEF95}.AppStore|Mixed Platforms.Build.0 = Release|Any CPU
		{C09EE601-3F07-4E8B-B12F-473B2BFBEF95}.AppStore|Win32.ActiveCfg = Release|Any CPU
		{C09EE601-3F07-4E8B-B12F-473B2BFBEF95}.AppStore|x64.ActiveCfg = Release|Any CPU
		{C09EE601-3F07-4E8B-B12F-473B2BFBEF95}.AppStore|x86.ActiveCfg = Release|Any CPU
		{C09EE601-3F07-4E8B-B12F-473B2BFBEF95}.Debug|Any CPU.ActiveCfg = Debug|Any CPU
		{C09EE601-3F07-4E8B-B12F-473B2BFBEF95}.Debug|Any CPU.Build.0 = Debug|Any CPU
		{C09EE601-3F07-4E8B-B12F-473B2BFBEF95}.Debug|ARM.ActiveCfg = Debug|Any CPU
		{C09EE601-3F07-4E8B-B12F-473B2BFBEF95}.Debug|iPhone.ActiveCfg = Debug|Any CPU
		{C09EE601-3F07-4E8B-B12F-473B2BFBEF95}.Debug|iPhoneSimulator.ActiveCfg = Debug|Any CPU
		{C09EE601-3F07-4E8B-B12F-473B2BFBEF95}.Debug|iPhoneSimulator.Build.0 = Debug|Any CPU
		{C09EE601-3F07-4E8B-B12F-473B2BFBEF95}.Debug|Mixed Platforms.ActiveCfg = Debug|Any CPU
		{C09EE601-3F07-4E8B-B12F-473B2BFBEF95}.Debug|Mixed Platforms.Build.0 = Debug|Any CPU
		{C09EE601-3F07-4E8B-B12F-473B2BFBEF95}.Debug|Win32.ActiveCfg = Debug|Any CPU
		{C09EE601-3F07-4E8B-B12F-473B2BFBEF95}.Debug|x64.ActiveCfg = Debug|Any CPU
		{C09EE601-3F07-4E8B-B12F-473B2BFBEF95}.Debug|x86.ActiveCfg = Debug|Any CPU
		{C09EE601-3F07-4E8B-B12F-473B2BFBEF95}.Release|Any CPU.ActiveCfg = Release|Any CPU
		{C09EE601-3F07-4E8B-B12F-473B2BFBEF95}.Release|Any CPU.Build.0 = Release|Any CPU
		{C09EE601-3F07-4E8B-B12F-473B2BFBEF95}.Release|ARM.ActiveCfg = Release|Any CPU
		{C09EE601-3F07-4E8B-B12F-473B2BFBEF95}.Release|iPhone.ActiveCfg = Release|Any CPU
		{C09EE601-3F07-4E8B-B12F-473B2BFBEF95}.Release|iPhoneSimulator.ActiveCfg = Release|Any CPU
		{C09EE601-3F07-4E8B-B12F-473B2BFBEF95}.Release|Mixed Platforms.ActiveCfg = Release|Any CPU
		{C09EE601-3F07-4E8B-B12F-473B2BFBEF95}.Release|Mixed Platforms.Build.0 = Release|Any CPU
		{C09EE601-3F07-4E8B-B12F-473B2BFBEF95}.Release|Win32.ActiveCfg = Release|Any CPU
		{C09EE601-3F07-4E8B-B12F-473B2BFBEF95}.Release|x64.ActiveCfg = Release|Any CPU
		{C09EE601-3F07-4E8B-B12F-473B2BFBEF95}.Release|x86.ActiveCfg = Release|Any CPU
		{3E89CCEA-0C4B-461E-95A6-A906E5583AF9}.Ad-Hoc|Any CPU.ActiveCfg = Release|Any CPU
		{3E89CCEA-0C4B-461E-95A6-A906E5583AF9}.Ad-Hoc|Any CPU.Build.0 = Release|Any CPU
		{3E89CCEA-0C4B-461E-95A6-A906E5583AF9}.Ad-Hoc|Any CPU.Deploy.0 = Release|Any CPU
		{3E89CCEA-0C4B-461E-95A6-A906E5583AF9}.Ad-Hoc|ARM.ActiveCfg = Release|ARM
		{3E89CCEA-0C4B-461E-95A6-A906E5583AF9}.Ad-Hoc|ARM.Build.0 = Release|ARM
		{3E89CCEA-0C4B-461E-95A6-A906E5583AF9}.Ad-Hoc|ARM.Deploy.0 = Release|ARM
		{3E89CCEA-0C4B-461E-95A6-A906E5583AF9}.Ad-Hoc|iPhone.ActiveCfg = Release|Any CPU
		{3E89CCEA-0C4B-461E-95A6-A906E5583AF9}.Ad-Hoc|iPhoneSimulator.ActiveCfg = Release|Any CPU
		{3E89CCEA-0C4B-461E-95A6-A906E5583AF9}.Ad-Hoc|Mixed Platforms.ActiveCfg = Release|x86
		{3E89CCEA-0C4B-461E-95A6-A906E5583AF9}.Ad-Hoc|Mixed Platforms.Build.0 = Release|x86
		{3E89CCEA-0C4B-461E-95A6-A906E5583AF9}.Ad-Hoc|Mixed Platforms.Deploy.0 = Release|x86
		{3E89CCEA-0C4B-461E-95A6-A906E5583AF9}.Ad-Hoc|Win32.ActiveCfg = Release|x86
		{3E89CCEA-0C4B-461E-95A6-A906E5583AF9}.Ad-Hoc|Win32.Build.0 = Release|x86
		{3E89CCEA-0C4B-461E-95A6-A906E5583AF9}.Ad-Hoc|Win32.Deploy.0 = Release|x86
		{3E89CCEA-0C4B-461E-95A6-A906E5583AF9}.Ad-Hoc|x64.ActiveCfg = Release|x64
		{3E89CCEA-0C4B-461E-95A6-A906E5583AF9}.Ad-Hoc|x64.Build.0 = Release|x64
		{3E89CCEA-0C4B-461E-95A6-A906E5583AF9}.Ad-Hoc|x64.Deploy.0 = Release|x64
		{3E89CCEA-0C4B-461E-95A6-A906E5583AF9}.Ad-Hoc|x86.ActiveCfg = Release|x86
		{3E89CCEA-0C4B-461E-95A6-A906E5583AF9}.Ad-Hoc|x86.Build.0 = Release|x86
		{3E89CCEA-0C4B-461E-95A6-A906E5583AF9}.Ad-Hoc|x86.Deploy.0 = Release|x86
		{3E89CCEA-0C4B-461E-95A6-A906E5583AF9}.AppStore|Any CPU.ActiveCfg = Release|Any CPU
		{3E89CCEA-0C4B-461E-95A6-A906E5583AF9}.AppStore|Any CPU.Build.0 = Release|Any CPU
		{3E89CCEA-0C4B-461E-95A6-A906E5583AF9}.AppStore|Any CPU.Deploy.0 = Release|Any CPU
		{3E89CCEA-0C4B-461E-95A6-A906E5583AF9}.AppStore|ARM.ActiveCfg = Release|ARM
		{3E89CCEA-0C4B-461E-95A6-A906E5583AF9}.AppStore|ARM.Build.0 = Release|ARM
		{3E89CCEA-0C4B-461E-95A6-A906E5583AF9}.AppStore|ARM.Deploy.0 = Release|ARM
		{3E89CCEA-0C4B-461E-95A6-A906E5583AF9}.AppStore|iPhone.ActiveCfg = Release|Any CPU
		{3E89CCEA-0C4B-461E-95A6-A906E5583AF9}.AppStore|iPhoneSimulator.ActiveCfg = Release|Any CPU
		{3E89CCEA-0C4B-461E-95A6-A906E5583AF9}.AppStore|Mixed Platforms.ActiveCfg = Release|x86
		{3E89CCEA-0C4B-461E-95A6-A906E5583AF9}.AppStore|Mixed Platforms.Build.0 = Release|x86
		{3E89CCEA-0C4B-461E-95A6-A906E5583AF9}.AppStore|Mixed Platforms.Deploy.0 = Release|x86
		{3E89CCEA-0C4B-461E-95A6-A906E5583AF9}.AppStore|Win32.ActiveCfg = Release|x86
		{3E89CCEA-0C4B-461E-95A6-A906E5583AF9}.AppStore|Win32.Build.0 = Release|x86
		{3E89CCEA-0C4B-461E-95A6-A906E5583AF9}.AppStore|Win32.Deploy.0 = Release|x86
		{3E89CCEA-0C4B-461E-95A6-A906E5583AF9}.AppStore|x64.ActiveCfg = Release|x64
		{3E89CCEA-0C4B-461E-95A6-A906E5583AF9}.AppStore|x64.Build.0 = Release|x64
		{3E89CCEA-0C4B-461E-95A6-A906E5583AF9}.AppStore|x64.Deploy.0 = Release|x64
		{3E89CCEA-0C4B-461E-95A6-A906E5583AF9}.AppStore|x86.ActiveCfg = Release|x86
		{3E89CCEA-0C4B-461E-95A6-A906E5583AF9}.AppStore|x86.Build.0 = Release|x86
		{3E89CCEA-0C4B-461E-95A6-A906E5583AF9}.AppStore|x86.Deploy.0 = Release|x86
		{3E89CCEA-0C4B-461E-95A6-A906E5583AF9}.Debug|Any CPU.ActiveCfg = Debug|Any CPU
		{3E89CCEA-0C4B-461E-95A6-A906E5583AF9}.Debug|Any CPU.Build.0 = Debug|Any CPU
		{3E89CCEA-0C4B-461E-95A6-A906E5583AF9}.Debug|Any CPU.Deploy.0 = Debug|Any CPU
		{3E89CCEA-0C4B-461E-95A6-A906E5583AF9}.Debug|ARM.ActiveCfg = Debug|ARM
		{3E89CCEA-0C4B-461E-95A6-A906E5583AF9}.Debug|ARM.Build.0 = Debug|ARM
		{3E89CCEA-0C4B-461E-95A6-A906E5583AF9}.Debug|ARM.Deploy.0 = Debug|ARM
		{3E89CCEA-0C4B-461E-95A6-A906E5583AF9}.Debug|iPhone.ActiveCfg = Debug|Any CPU
		{3E89CCEA-0C4B-461E-95A6-A906E5583AF9}.Debug|iPhoneSimulator.ActiveCfg = Debug|Any CPU
		{3E89CCEA-0C4B-461E-95A6-A906E5583AF9}.Debug|iPhoneSimulator.Build.0 = Debug|Any CPU
		{3E89CCEA-0C4B-461E-95A6-A906E5583AF9}.Debug|iPhoneSimulator.Deploy.0 = Debug|Any CPU
		{3E89CCEA-0C4B-461E-95A6-A906E5583AF9}.Debug|Mixed Platforms.ActiveCfg = Debug|Any CPU
		{3E89CCEA-0C4B-461E-95A6-A906E5583AF9}.Debug|Mixed Platforms.Build.0 = Debug|Any CPU
		{3E89CCEA-0C4B-461E-95A6-A906E5583AF9}.Debug|Mixed Platforms.Deploy.0 = Debug|Any CPU
		{3E89CCEA-0C4B-461E-95A6-A906E5583AF9}.Debug|Win32.ActiveCfg = Debug|x86
		{3E89CCEA-0C4B-461E-95A6-A906E5583AF9}.Debug|Win32.Build.0 = Debug|x86
		{3E89CCEA-0C4B-461E-95A6-A906E5583AF9}.Debug|Win32.Deploy.0 = Debug|x86
		{3E89CCEA-0C4B-461E-95A6-A906E5583AF9}.Debug|x64.ActiveCfg = Debug|x64
		{3E89CCEA-0C4B-461E-95A6-A906E5583AF9}.Debug|x64.Build.0 = Debug|x64
		{3E89CCEA-0C4B-461E-95A6-A906E5583AF9}.Debug|x64.Deploy.0 = Debug|x64
		{3E89CCEA-0C4B-461E-95A6-A906E5583AF9}.Debug|x86.ActiveCfg = Debug|x86
		{3E89CCEA-0C4B-461E-95A6-A906E5583AF9}.Debug|x86.Build.0 = Debug|x86
		{3E89CCEA-0C4B-461E-95A6-A906E5583AF9}.Debug|x86.Deploy.0 = Debug|x86
		{3E89CCEA-0C4B-461E-95A6-A906E5583AF9}.Release|Any CPU.ActiveCfg = Release|Any CPU
		{3E89CCEA-0C4B-461E-95A6-A906E5583AF9}.Release|Any CPU.Build.0 = Release|Any CPU
		{3E89CCEA-0C4B-461E-95A6-A906E5583AF9}.Release|Any CPU.Deploy.0 = Release|Any CPU
		{3E89CCEA-0C4B-461E-95A6-A906E5583AF9}.Release|ARM.ActiveCfg = Release|ARM
		{3E89CCEA-0C4B-461E-95A6-A906E5583AF9}.Release|ARM.Build.0 = Release|ARM
		{3E89CCEA-0C4B-461E-95A6-A906E5583AF9}.Release|ARM.Deploy.0 = Release|ARM
		{3E89CCEA-0C4B-461E-95A6-A906E5583AF9}.Release|iPhone.ActiveCfg = Release|Any CPU
		{3E89CCEA-0C4B-461E-95A6-A906E5583AF9}.Release|iPhoneSimulator.ActiveCfg = Release|Any CPU
		{3E89CCEA-0C4B-461E-95A6-A906E5583AF9}.Release|Mixed Platforms.ActiveCfg = Release|x86
		{3E89CCEA-0C4B-461E-95A6-A906E5583AF9}.Release|Mixed Platforms.Build.0 = Release|x86
		{3E89CCEA-0C4B-461E-95A6-A906E5583AF9}.Release|Mixed Platforms.Deploy.0 = Release|x86
		{3E89CCEA-0C4B-461E-95A6-A906E5583AF9}.Release|Win32.ActiveCfg = Release|x86
		{3E89CCEA-0C4B-461E-95A6-A906E5583AF9}.Release|Win32.Build.0 = Release|x86
		{3E89CCEA-0C4B-461E-95A6-A906E5583AF9}.Release|Win32.Deploy.0 = Release|x86
		{3E89CCEA-0C4B-461E-95A6-A906E5583AF9}.Release|x64.ActiveCfg = Release|x64
		{3E89CCEA-0C4B-461E-95A6-A906E5583AF9}.Release|x64.Build.0 = Release|x64
		{3E89CCEA-0C4B-461E-95A6-A906E5583AF9}.Release|x64.Deploy.0 = Release|x64
		{3E89CCEA-0C4B-461E-95A6-A906E5583AF9}.Release|x86.ActiveCfg = Release|x86
		{3E89CCEA-0C4B-461E-95A6-A906E5583AF9}.Release|x86.Build.0 = Release|x86
		{3E89CCEA-0C4B-461E-95A6-A906E5583AF9}.Release|x86.Deploy.0 = Release|x86
		{FA4CAEEC-DA6A-493B-90B7-E17A20A61600}.Ad-Hoc|Any CPU.ActiveCfg = Release|Any CPU
		{FA4CAEEC-DA6A-493B-90B7-E17A20A61600}.Ad-Hoc|Any CPU.Build.0 = Release|Any CPU
		{FA4CAEEC-DA6A-493B-90B7-E17A20A61600}.Ad-Hoc|Any CPU.Deploy.0 = Release|Any CPU
		{FA4CAEEC-DA6A-493B-90B7-E17A20A61600}.Ad-Hoc|ARM.ActiveCfg = Release|Any CPU
		{FA4CAEEC-DA6A-493B-90B7-E17A20A61600}.Ad-Hoc|ARM.Build.0 = Release|Any CPU
		{FA4CAEEC-DA6A-493B-90B7-E17A20A61600}.Ad-Hoc|ARM.Deploy.0 = Release|Any CPU
		{FA4CAEEC-DA6A-493B-90B7-E17A20A61600}.Ad-Hoc|iPhone.ActiveCfg = Release|Any CPU
		{FA4CAEEC-DA6A-493B-90B7-E17A20A61600}.Ad-Hoc|iPhone.Build.0 = Release|Any CPU
		{FA4CAEEC-DA6A-493B-90B7-E17A20A61600}.Ad-Hoc|iPhone.Deploy.0 = Release|Any CPU
		{FA4CAEEC-DA6A-493B-90B7-E17A20A61600}.Ad-Hoc|iPhoneSimulator.ActiveCfg = Release|Any CPU
		{FA4CAEEC-DA6A-493B-90B7-E17A20A61600}.Ad-Hoc|iPhoneSimulator.Build.0 = Release|Any CPU
		{FA4CAEEC-DA6A-493B-90B7-E17A20A61600}.Ad-Hoc|iPhoneSimulator.Deploy.0 = Release|Any CPU
		{FA4CAEEC-DA6A-493B-90B7-E17A20A61600}.Ad-Hoc|Mixed Platforms.ActiveCfg = Release|Any CPU
		{FA4CAEEC-DA6A-493B-90B7-E17A20A61600}.Ad-Hoc|Mixed Platforms.Build.0 = Release|Any CPU
		{FA4CAEEC-DA6A-493B-90B7-E17A20A61600}.Ad-Hoc|Mixed Platforms.Deploy.0 = Release|Any CPU
		{FA4CAEEC-DA6A-493B-90B7-E17A20A61600}.Ad-Hoc|Win32.ActiveCfg = Release|Any CPU
		{FA4CAEEC-DA6A-493B-90B7-E17A20A61600}.Ad-Hoc|Win32.Build.0 = Release|Any CPU
		{FA4CAEEC-DA6A-493B-90B7-E17A20A61600}.Ad-Hoc|Win32.Deploy.0 = Release|Any CPU
		{FA4CAEEC-DA6A-493B-90B7-E17A20A61600}.Ad-Hoc|x64.ActiveCfg = Release|Any CPU
		{FA4CAEEC-DA6A-493B-90B7-E17A20A61600}.Ad-Hoc|x64.Build.0 = Release|Any CPU
		{FA4CAEEC-DA6A-493B-90B7-E17A20A61600}.Ad-Hoc|x64.Deploy.0 = Release|Any CPU
		{FA4CAEEC-DA6A-493B-90B7-E17A20A61600}.Ad-Hoc|x86.ActiveCfg = Release|Any CPU
		{FA4CAEEC-DA6A-493B-90B7-E17A20A61600}.Ad-Hoc|x86.Build.0 = Release|Any CPU
		{FA4CAEEC-DA6A-493B-90B7-E17A20A61600}.Ad-Hoc|x86.Deploy.0 = Release|Any CPU
		{FA4CAEEC-DA6A-493B-90B7-E17A20A61600}.AppStore|Any CPU.ActiveCfg = Release|Any CPU
		{FA4CAEEC-DA6A-493B-90B7-E17A20A61600}.AppStore|Any CPU.Build.0 = Release|Any CPU
		{FA4CAEEC-DA6A-493B-90B7-E17A20A61600}.AppStore|Any CPU.Deploy.0 = Release|Any CPU
		{FA4CAEEC-DA6A-493B-90B7-E17A20A61600}.AppStore|ARM.ActiveCfg = Release|Any CPU
		{FA4CAEEC-DA6A-493B-90B7-E17A20A61600}.AppStore|ARM.Build.0 = Release|Any CPU
		{FA4CAEEC-DA6A-493B-90B7-E17A20A61600}.AppStore|ARM.Deploy.0 = Release|Any CPU
		{FA4CAEEC-DA6A-493B-90B7-E17A20A61600}.AppStore|iPhone.ActiveCfg = Release|Any CPU
		{FA4CAEEC-DA6A-493B-90B7-E17A20A61600}.AppStore|iPhone.Build.0 = Release|Any CPU
		{FA4CAEEC-DA6A-493B-90B7-E17A20A61600}.AppStore|iPhone.Deploy.0 = Release|Any CPU
		{FA4CAEEC-DA6A-493B-90B7-E17A20A61600}.AppStore|iPhoneSimulator.ActiveCfg = Release|Any CPU
		{FA4CAEEC-DA6A-493B-90B7-E17A20A61600}.AppStore|iPhoneSimulator.Build.0 = Release|Any CPU
		{FA4CAEEC-DA6A-493B-90B7-E17A20A61600}.AppStore|iPhoneSimulator.Deploy.0 = Release|Any CPU
		{FA4CAEEC-DA6A-493B-90B7-E17A20A61600}.AppStore|Mixed Platforms.ActiveCfg = Release|Any CPU
		{FA4CAEEC-DA6A-493B-90B7-E17A20A61600}.AppStore|Mixed Platforms.Build.0 = Release|Any CPU
		{FA4CAEEC-DA6A-493B-90B7-E17A20A61600}.AppStore|Mixed Platforms.Deploy.0 = Release|Any CPU
		{FA4CAEEC-DA6A-493B-90B7-E17A20A61600}.AppStore|Win32.ActiveCfg = Release|Any CPU
		{FA4CAEEC-DA6A-493B-90B7-E17A20A61600}.AppStore|Win32.Build.0 = Release|Any CPU
		{FA4CAEEC-DA6A-493B-90B7-E17A20A61600}.AppStore|Win32.Deploy.0 = Release|Any CPU
		{FA4CAEEC-DA6A-493B-90B7-E17A20A61600}.AppStore|x64.ActiveCfg = Release|Any CPU
		{FA4CAEEC-DA6A-493B-90B7-E17A20A61600}.AppStore|x64.Build.0 = Release|Any CPU
		{FA4CAEEC-DA6A-493B-90B7-E17A20A61600}.AppStore|x64.Deploy.0 = Release|Any CPU
		{FA4CAEEC-DA6A-493B-90B7-E17A20A61600}.AppStore|x86.ActiveCfg = Release|Any CPU
		{FA4CAEEC-DA6A-493B-90B7-E17A20A61600}.AppStore|x86.Build.0 = Release|Any CPU
		{FA4CAEEC-DA6A-493B-90B7-E17A20A61600}.AppStore|x86.Deploy.0 = Release|Any CPU
		{FA4CAEEC-DA6A-493B-90B7-E17A20A61600}.Debug|Any CPU.ActiveCfg = Debug|Any CPU
		{FA4CAEEC-DA6A-493B-90B7-E17A20A61600}.Debug|Any CPU.Build.0 = Debug|Any CPU
		{FA4CAEEC-DA6A-493B-90B7-E17A20A61600}.Debug|Any CPU.Deploy.0 = Debug|Any CPU
		{FA4CAEEC-DA6A-493B-90B7-E17A20A61600}.Debug|ARM.ActiveCfg = Debug|Any CPU
		{FA4CAEEC-DA6A-493B-90B7-E17A20A61600}.Debug|ARM.Build.0 = Debug|Any CPU
		{FA4CAEEC-DA6A-493B-90B7-E17A20A61600}.Debug|ARM.Deploy.0 = Debug|Any CPU
		{FA4CAEEC-DA6A-493B-90B7-E17A20A61600}.Debug|iPhone.ActiveCfg = Debug|Any CPU
		{FA4CAEEC-DA6A-493B-90B7-E17A20A61600}.Debug|iPhone.Build.0 = Debug|Any CPU
		{FA4CAEEC-DA6A-493B-90B7-E17A20A61600}.Debug|iPhone.Deploy.0 = Debug|Any CPU
		{FA4CAEEC-DA6A-493B-90B7-E17A20A61600}.Debug|iPhoneSimulator.ActiveCfg = Debug|Any CPU
		{FA4CAEEC-DA6A-493B-90B7-E17A20A61600}.Debug|iPhoneSimulator.Build.0 = Debug|Any CPU
		{FA4CAEEC-DA6A-493B-90B7-E17A20A61600}.Debug|iPhoneSimulator.Deploy.0 = Debug|Any CPU
		{FA4CAEEC-DA6A-493B-90B7-E17A20A61600}.Debug|Mixed Platforms.ActiveCfg = Debug|Any CPU
		{FA4CAEEC-DA6A-493B-90B7-E17A20A61600}.Debug|Mixed Platforms.Build.0 = Debug|Any CPU
		{FA4CAEEC-DA6A-493B-90B7-E17A20A61600}.Debug|Mixed Platforms.Deploy.0 = Debug|Any CPU
		{FA4CAEEC-DA6A-493B-90B7-E17A20A61600}.Debug|Win32.ActiveCfg = Debug|Any CPU
		{FA4CAEEC-DA6A-493B-90B7-E17A20A61600}.Debug|Win32.Build.0 = Debug|Any CPU
		{FA4CAEEC-DA6A-493B-90B7-E17A20A61600}.Debug|Win32.Deploy.0 = Debug|Any CPU
		{FA4CAEEC-DA6A-493B-90B7-E17A20A61600}.Debug|x64.ActiveCfg = Debug|Any CPU
		{FA4CAEEC-DA6A-493B-90B7-E17A20A61600}.Debug|x64.Build.0 = Debug|Any CPU
		{FA4CAEEC-DA6A-493B-90B7-E17A20A61600}.Debug|x64.Deploy.0 = Debug|Any CPU
		{FA4CAEEC-DA6A-493B-90B7-E17A20A61600}.Debug|x86.ActiveCfg = Debug|Any CPU
		{FA4CAEEC-DA6A-493B-90B7-E17A20A61600}.Debug|x86.Build.0 = Debug|Any CPU
		{FA4CAEEC-DA6A-493B-90B7-E17A20A61600}.Debug|x86.Deploy.0 = Debug|Any CPU
		{FA4CAEEC-DA6A-493B-90B7-E17A20A61600}.Release|Any CPU.ActiveCfg = Release|Any CPU
		{FA4CAEEC-DA6A-493B-90B7-E17A20A61600}.Release|Any CPU.Build.0 = Release|Any CPU
		{FA4CAEEC-DA6A-493B-90B7-E17A20A61600}.Release|Any CPU.Deploy.0 = Release|Any CPU
		{FA4CAEEC-DA6A-493B-90B7-E17A20A61600}.Release|ARM.ActiveCfg = Release|Any CPU
		{FA4CAEEC-DA6A-493B-90B7-E17A20A61600}.Release|ARM.Build.0 = Release|Any CPU
		{FA4CAEEC-DA6A-493B-90B7-E17A20A61600}.Release|ARM.Deploy.0 = Release|Any CPU
		{FA4CAEEC-DA6A-493B-90B7-E17A20A61600}.Release|iPhone.ActiveCfg = Release|Any CPU
		{FA4CAEEC-DA6A-493B-90B7-E17A20A61600}.Release|iPhone.Build.0 = Release|Any CPU
		{FA4CAEEC-DA6A-493B-90B7-E17A20A61600}.Release|iPhone.Deploy.0 = Release|Any CPU
		{FA4CAEEC-DA6A-493B-90B7-E17A20A61600}.Release|iPhoneSimulator.ActiveCfg = Release|Any CPU
		{FA4CAEEC-DA6A-493B-90B7-E17A20A61600}.Release|iPhoneSimulator.Build.0 = Release|Any CPU
		{FA4CAEEC-DA6A-493B-90B7-E17A20A61600}.Release|iPhoneSimulator.Deploy.0 = Release|Any CPU
		{FA4CAEEC-DA6A-493B-90B7-E17A20A61600}.Release|Mixed Platforms.ActiveCfg = Release|Any CPU
		{FA4CAEEC-DA6A-493B-90B7-E17A20A61600}.Release|Mixed Platforms.Build.0 = Release|Any CPU
		{FA4CAEEC-DA6A-493B-90B7-E17A20A61600}.Release|Mixed Platforms.Deploy.0 = Release|Any CPU
		{FA4CAEEC-DA6A-493B-90B7-E17A20A61600}.Release|Win32.ActiveCfg = Release|Any CPU
		{FA4CAEEC-DA6A-493B-90B7-E17A20A61600}.Release|Win32.Build.0 = Release|Any CPU
		{FA4CAEEC-DA6A-493B-90B7-E17A20A61600}.Release|Win32.Deploy.0 = Release|Any CPU
		{FA4CAEEC-DA6A-493B-90B7-E17A20A61600}.Release|x64.ActiveCfg = Release|Any CPU
		{FA4CAEEC-DA6A-493B-90B7-E17A20A61600}.Release|x64.Build.0 = Release|Any CPU
		{FA4CAEEC-DA6A-493B-90B7-E17A20A61600}.Release|x64.Deploy.0 = Release|Any CPU
		{FA4CAEEC-DA6A-493B-90B7-E17A20A61600}.Release|x86.ActiveCfg = Release|Any CPU
		{FA4CAEEC-DA6A-493B-90B7-E17A20A61600}.Release|x86.Build.0 = Release|Any CPU
		{FA4CAEEC-DA6A-493B-90B7-E17A20A61600}.Release|x86.Deploy.0 = Release|Any CPU
		{FDED3627-94FD-4886-A540-3AC05380095B}.Ad-Hoc|Any CPU.ActiveCfg = Release|iPhone
		{FDED3627-94FD-4886-A540-3AC05380095B}.Ad-Hoc|ARM.ActiveCfg = Ad-Hoc|iPhone
		{FDED3627-94FD-4886-A540-3AC05380095B}.Ad-Hoc|iPhone.ActiveCfg = Ad-Hoc|iPhone
		{FDED3627-94FD-4886-A540-3AC05380095B}.Ad-Hoc|iPhone.Build.0 = Ad-Hoc|iPhone
		{FDED3627-94FD-4886-A540-3AC05380095B}.Ad-Hoc|iPhoneSimulator.ActiveCfg = Ad-Hoc|iPhoneSimulator
		{FDED3627-94FD-4886-A540-3AC05380095B}.Ad-Hoc|iPhoneSimulator.Build.0 = Ad-Hoc|iPhoneSimulator
		{FDED3627-94FD-4886-A540-3AC05380095B}.Ad-Hoc|Mixed Platforms.ActiveCfg = Ad-Hoc|iPhone
		{FDED3627-94FD-4886-A540-3AC05380095B}.Ad-Hoc|Mixed Platforms.Build.0 = Ad-Hoc|iPhone
		{FDED3627-94FD-4886-A540-3AC05380095B}.Ad-Hoc|Win32.ActiveCfg = Ad-Hoc|iPhone
		{FDED3627-94FD-4886-A540-3AC05380095B}.Ad-Hoc|x64.ActiveCfg = Ad-Hoc|iPhone
		{FDED3627-94FD-4886-A540-3AC05380095B}.Ad-Hoc|x86.ActiveCfg = Ad-Hoc|iPhone
		{FDED3627-94FD-4886-A540-3AC05380095B}.AppStore|Any CPU.ActiveCfg = Release|iPhone
		{FDED3627-94FD-4886-A540-3AC05380095B}.AppStore|ARM.ActiveCfg = AppStore|iPhone
		{FDED3627-94FD-4886-A540-3AC05380095B}.AppStore|iPhone.ActiveCfg = AppStore|iPhone
		{FDED3627-94FD-4886-A540-3AC05380095B}.AppStore|iPhone.Build.0 = AppStore|iPhone
		{FDED3627-94FD-4886-A540-3AC05380095B}.AppStore|iPhoneSimulator.ActiveCfg = AppStore|iPhoneSimulator
		{FDED3627-94FD-4886-A540-3AC05380095B}.AppStore|iPhoneSimulator.Build.0 = AppStore|iPhoneSimulator
		{FDED3627-94FD-4886-A540-3AC05380095B}.AppStore|Mixed Platforms.ActiveCfg = AppStore|iPhone
		{FDED3627-94FD-4886-A540-3AC05380095B}.AppStore|Mixed Platforms.Build.0 = AppStore|iPhone
		{FDED3627-94FD-4886-A540-3AC05380095B}.AppStore|Win32.ActiveCfg = AppStore|iPhone
		{FDED3627-94FD-4886-A540-3AC05380095B}.AppStore|x64.ActiveCfg = AppStore|iPhone
		{FDED3627-94FD-4886-A540-3AC05380095B}.AppStore|x86.ActiveCfg = AppStore|iPhone
		{FDED3627-94FD-4886-A540-3AC05380095B}.Debug|Any CPU.ActiveCfg = Debug|iPhoneSimulator
		{FDED3627-94FD-4886-A540-3AC05380095B}.Debug|Any CPU.Build.0 = Debug|iPhoneSimulator
		{FDED3627-94FD-4886-A540-3AC05380095B}.Debug|ARM.ActiveCfg = Debug|iPhone
		{FDED3627-94FD-4886-A540-3AC05380095B}.Debug|iPhone.ActiveCfg = Debug|iPhone
		{FDED3627-94FD-4886-A540-3AC05380095B}.Debug|iPhone.Build.0 = Debug|iPhone
		{FDED3627-94FD-4886-A540-3AC05380095B}.Debug|iPhoneSimulator.ActiveCfg = Debug|iPhoneSimulator
		{FDED3627-94FD-4886-A540-3AC05380095B}.Debug|iPhoneSimulator.Build.0 = Debug|iPhoneSimulator
		{FDED3627-94FD-4886-A540-3AC05380095B}.Debug|Mixed Platforms.ActiveCfg = Debug|iPhone
		{FDED3627-94FD-4886-A540-3AC05380095B}.Debug|Mixed Platforms.Build.0 = Debug|iPhone
		{FDED3627-94FD-4886-A540-3AC05380095B}.Debug|Win32.ActiveCfg = Debug|iPhone
		{FDED3627-94FD-4886-A540-3AC05380095B}.Debug|x64.ActiveCfg = Debug|iPhone
		{FDED3627-94FD-4886-A540-3AC05380095B}.Debug|x86.ActiveCfg = Debug|iPhone
		{FDED3627-94FD-4886-A540-3AC05380095B}.Release|Any CPU.ActiveCfg = Release|iPhone
		{FDED3627-94FD-4886-A540-3AC05380095B}.Release|ARM.ActiveCfg = Release|iPhone
		{FDED3627-94FD-4886-A540-3AC05380095B}.Release|iPhone.ActiveCfg = Release|iPhone
		{FDED3627-94FD-4886-A540-3AC05380095B}.Release|iPhone.Build.0 = Release|iPhone
		{FDED3627-94FD-4886-A540-3AC05380095B}.Release|iPhoneSimulator.ActiveCfg = Release|iPhoneSimulator
		{FDED3627-94FD-4886-A540-3AC05380095B}.Release|iPhoneSimulator.Build.0 = Release|iPhoneSimulator
		{FDED3627-94FD-4886-A540-3AC05380095B}.Release|Mixed Platforms.ActiveCfg = Release|iPhone
		{FDED3627-94FD-4886-A540-3AC05380095B}.Release|Mixed Platforms.Build.0 = Release|iPhone
		{FDED3627-94FD-4886-A540-3AC05380095B}.Release|Win32.ActiveCfg = Release|iPhone
		{FDED3627-94FD-4886-A540-3AC05380095B}.Release|x64.ActiveCfg = Release|iPhone
		{FDED3627-94FD-4886-A540-3AC05380095B}.Release|x86.ActiveCfg = Release|iPhone
		{856EA096-2283-49B6-B2CD-5C603551D150}.Ad-Hoc|Any CPU.ActiveCfg = Release|Any CPU
		{856EA096-2283-49B6-B2CD-5C603551D150}.Ad-Hoc|Any CPU.Build.0 = Release|Any CPU
		{856EA096-2283-49B6-B2CD-5C603551D150}.Ad-Hoc|ARM.ActiveCfg = Release|Any CPU
		{856EA096-2283-49B6-B2CD-5C603551D150}.Ad-Hoc|ARM.Build.0 = Release|Any CPU
		{856EA096-2283-49B6-B2CD-5C603551D150}.Ad-Hoc|iPhone.ActiveCfg = Release|Any CPU
		{856EA096-2283-49B6-B2CD-5C603551D150}.Ad-Hoc|iPhone.Build.0 = Release|Any CPU
		{856EA096-2283-49B6-B2CD-5C603551D150}.Ad-Hoc|iPhoneSimulator.ActiveCfg = Release|Any CPU
		{856EA096-2283-49B6-B2CD-5C603551D150}.Ad-Hoc|iPhoneSimulator.Build.0 = Release|Any CPU
		{856EA096-2283-49B6-B2CD-5C603551D150}.Ad-Hoc|Mixed Platforms.ActiveCfg = Release|Any CPU
		{856EA096-2283-49B6-B2CD-5C603551D150}.Ad-Hoc|Mixed Platforms.Build.0 = Release|Any CPU
		{856EA096-2283-49B6-B2CD-5C603551D150}.Ad-Hoc|Win32.ActiveCfg = Release|Any CPU
		{856EA096-2283-49B6-B2CD-5C603551D150}.Ad-Hoc|Win32.Build.0 = Release|Any CPU
		{856EA096-2283-49B6-B2CD-5C603551D150}.Ad-Hoc|x64.ActiveCfg = Release|Any CPU
		{856EA096-2283-49B6-B2CD-5C603551D150}.Ad-Hoc|x64.Build.0 = Release|Any CPU
		{856EA096-2283-49B6-B2CD-5C603551D150}.Ad-Hoc|x86.ActiveCfg = Release|Any CPU
		{856EA096-2283-49B6-B2CD-5C603551D150}.Ad-Hoc|x86.Build.0 = Release|Any CPU
		{856EA096-2283-49B6-B2CD-5C603551D150}.AppStore|Any CPU.ActiveCfg = Release|Any CPU
		{856EA096-2283-49B6-B2CD-5C603551D150}.AppStore|Any CPU.Build.0 = Release|Any CPU
		{856EA096-2283-49B6-B2CD-5C603551D150}.AppStore|ARM.ActiveCfg = Release|Any CPU
		{856EA096-2283-49B6-B2CD-5C603551D150}.AppStore|ARM.Build.0 = Release|Any CPU
		{856EA096-2283-49B6-B2CD-5C603551D150}.AppStore|iPhone.ActiveCfg = Release|Any CPU
		{856EA096-2283-49B6-B2CD-5C603551D150}.AppStore|iPhone.Build.0 = Release|Any CPU
		{856EA096-2283-49B6-B2CD-5C603551D150}.AppStore|iPhoneSimulator.ActiveCfg = Release|Any CPU
		{856EA096-2283-49B6-B2CD-5C603551D150}.AppStore|iPhoneSimulator.Build.0 = Release|Any CPU
		{856EA096-2283-49B6-B2CD-5C603551D150}.AppStore|Mixed Platforms.ActiveCfg = Release|Any CPU
		{856EA096-2283-49B6-B2CD-5C603551D150}.AppStore|Mixed Platforms.Build.0 = Release|Any CPU
		{856EA096-2283-49B6-B2CD-5C603551D150}.AppStore|Win32.ActiveCfg = Release|Any CPU
		{856EA096-2283-49B6-B2CD-5C603551D150}.AppStore|Win32.Build.0 = Release|Any CPU
		{856EA096-2283-49B6-B2CD-5C603551D150}.AppStore|x64.ActiveCfg = Release|Any CPU
		{856EA096-2283-49B6-B2CD-5C603551D150}.AppStore|x64.Build.0 = Release|Any CPU
		{856EA096-2283-49B6-B2CD-5C603551D150}.AppStore|x86.ActiveCfg = Release|Any CPU
		{856EA096-2283-49B6-B2CD-5C603551D150}.AppStore|x86.Build.0 = Release|Any CPU
		{856EA096-2283-49B6-B2CD-5C603551D150}.Debug|Any CPU.ActiveCfg = Debug|Any CPU
		{856EA096-2283-49B6-B2CD-5C603551D150}.Debug|Any CPU.Build.0 = Debug|Any CPU
		{856EA096-2283-49B6-B2CD-5C603551D150}.Debug|ARM.ActiveCfg = Debug|Any CPU
		{856EA096-2283-49B6-B2CD-5C603551D150}.Debug|ARM.Build.0 = Debug|Any CPU
		{856EA096-2283-49B6-B2CD-5C603551D150}.Debug|iPhone.ActiveCfg = Debug|Any CPU
		{856EA096-2283-49B6-B2CD-5C603551D150}.Debug|iPhone.Build.0 = Debug|Any CPU
		{856EA096-2283-49B6-B2CD-5C603551D150}.Debug|iPhoneSimulator.ActiveCfg = Debug|Any CPU
		{856EA096-2283-49B6-B2CD-5C603551D150}.Debug|iPhoneSimulator.Build.0 = Debug|Any CPU
		{856EA096-2283-49B6-B2CD-5C603551D150}.Debug|Mixed Platforms.ActiveCfg = Debug|Any CPU
		{856EA096-2283-49B6-B2CD-5C603551D150}.Debug|Mixed Platforms.Build.0 = Debug|Any CPU
		{856EA096-2283-49B6-B2CD-5C603551D150}.Debug|Win32.ActiveCfg = Debug|Any CPU
		{856EA096-2283-49B6-B2CD-5C603551D150}.Debug|Win32.Build.0 = Debug|Any CPU
		{856EA096-2283-49B6-B2CD-5C603551D150}.Debug|x64.ActiveCfg = Debug|Any CPU
		{856EA096-2283-49B6-B2CD-5C603551D150}.Debug|x64.Build.0 = Debug|Any CPU
		{856EA096-2283-49B6-B2CD-5C603551D150}.Debug|x86.ActiveCfg = Debug|Any CPU
		{856EA096-2283-49B6-B2CD-5C603551D150}.Debug|x86.Build.0 = Debug|Any CPU
		{856EA096-2283-49B6-B2CD-5C603551D150}.Release|Any CPU.ActiveCfg = Release|Any CPU
		{856EA096-2283-49B6-B2CD-5C603551D150}.Release|Any CPU.Build.0 = Release|Any CPU
		{856EA096-2283-49B6-B2CD-5C603551D150}.Release|ARM.ActiveCfg = Release|Any CPU
		{856EA096-2283-49B6-B2CD-5C603551D150}.Release|ARM.Build.0 = Release|Any CPU
		{856EA096-2283-49B6-B2CD-5C603551D150}.Release|iPhone.ActiveCfg = Release|Any CPU
		{856EA096-2283-49B6-B2CD-5C603551D150}.Release|iPhone.Build.0 = Release|Any CPU
		{856EA096-2283-49B6-B2CD-5C603551D150}.Release|iPhoneSimulator.ActiveCfg = Release|Any CPU
		{856EA096-2283-49B6-B2CD-5C603551D150}.Release|iPhoneSimulator.Build.0 = Release|Any CPU
		{856EA096-2283-49B6-B2CD-5C603551D150}.Release|Mixed Platforms.ActiveCfg = Release|Any CPU
		{856EA096-2283-49B6-B2CD-5C603551D150}.Release|Mixed Platforms.Build.0 = Release|Any CPU
		{856EA096-2283-49B6-B2CD-5C603551D150}.Release|Win32.ActiveCfg = Release|Any CPU
		{856EA096-2283-49B6-B2CD-5C603551D150}.Release|Win32.Build.0 = Release|Any CPU
		{856EA096-2283-49B6-B2CD-5C603551D150}.Release|x64.ActiveCfg = Release|Any CPU
		{856EA096-2283-49B6-B2CD-5C603551D150}.Release|x64.Build.0 = Release|Any CPU
		{856EA096-2283-49B6-B2CD-5C603551D150}.Release|x86.ActiveCfg = Release|Any CPU
		{856EA096-2283-49B6-B2CD-5C603551D150}.Release|x86.Build.0 = Release|Any CPU
	EndGlobalSection
	GlobalSection(SolutionProperties) = preSolution
		HideSolutionNode = FALSE
	EndGlobalSection
	GlobalSection(NestedProjects) = preSolution
		{91E9E564-8A44-457B-A97C-E76C9F6275D6} = {0A180C16-51EB-44E1-A9DF-6BC742E49C24}
		{94569420-69B5-4031-A975-F5791E3F2F17} = {34FFBC9F-C270-4B10-98C8-F6882606DDFE}
		{FA2C7F08-3CCB-47C2-B359-627CC96C04A3} = {34FFBC9F-C270-4B10-98C8-F6882606DDFE}
		{826D90F4-CA79-4788-918C-B66AA5CC6DF0} = {34FFBC9F-C270-4B10-98C8-F6882606DDFE}
		{2F80E14C-B186-4AEE-92BC-0DE3B6FDB107} = {34FFBC9F-C270-4B10-98C8-F6882606DDFE}
		{0C5100D0-54F2-4075-B604-DDE15DA218D5} = {34FFBC9F-C270-4B10-98C8-F6882606DDFE}
		{75D27855-D189-44AE-9FA9-10E729C573F4} = {34FFBC9F-C270-4B10-98C8-F6882606DDFE}
		{72D9E9AE-F5D3-4EF4-937F-720FD09B6B50} = {0A180C16-51EB-44E1-A9DF-6BC742E49C24}
		{6CE59CDE-3DD1-4897-959C-EF32E7F3315B} = {72D9E9AE-F5D3-4EF4-937F-720FD09B6B50}
		{8BA45C94-A047-43E0-BB98-D32FDD72F9E5} = {72D9E9AE-F5D3-4EF4-937F-720FD09B6B50}
		{2B675E51-98A2-4B44-8A37-A0661ABB931F} = {72D9E9AE-F5D3-4EF4-937F-720FD09B6B50}
		{C09EE601-3F07-4E8B-B12F-473B2BFBEF95} = {72D9E9AE-F5D3-4EF4-937F-720FD09B6B50}
		{CF7D7734-1856-4CE7-879A-9410AB4F45D9} = {72D9E9AE-F5D3-4EF4-937F-720FD09B6B50}
		{3E89CCEA-0C4B-461E-95A6-A906E5583AF9} = {72D9E9AE-F5D3-4EF4-937F-720FD09B6B50}
		{EFE50DB8-7D76-4C92-B283-C8FD70C8AB65} = {72D9E9AE-F5D3-4EF4-937F-720FD09B6B50}
		{FA4CAEEC-DA6A-493B-90B7-E17A20A61600} = {EFE50DB8-7D76-4C92-B283-C8FD70C8AB65}
		{FDED3627-94FD-4886-A540-3AC05380095B} = {EFE50DB8-7D76-4C92-B283-C8FD70C8AB65}
		{856EA096-2283-49B6-B2CD-5C603551D150} = {EFE50DB8-7D76-4C92-B283-C8FD70C8AB65}
	EndGlobalSection
EndGlobal
