
Microsoft Visual Studio Solution File, Format Version 12.00
# Visual Studio Version 16
VisualStudioVersion = 16.0.28621.142
MinimumVisualStudioVersion = 10.0.40219.1
Project("{2150E333-8FDC-42A3-9474-1A3956D46DE8}") = "tests", "tests", "{5D231979-0A13-456D-B9F9-CED41F935FD9}"
EndProject
Project("{2150E333-8FDC-42A3-9474-1A3956D46DE8}") = "build", "build", "{48CF4D7C-5E2E-4C4A-BDD2-8F2A06AAE3F6}"
	ProjectSection(SolutionItems) = preProject
		Directory.Build.props = Directory.Build.props
		global.json = global.json
		src\MSAL.Common.props = src\MSAL.Common.props
		src\MSAL.Frameworks.props = src\MSAL.Frameworks.props
		build\SolutionWideAnalyzerConfig.ruleset = build\SolutionWideAnalyzerConfig.ruleset
	EndProjectSection
EndProject
Project("{9A19103F-16F7-4668-BE54-9A1E7A4F7556}") = "Microsoft.Identity.Test.Unit.netcore", "tests\Microsoft.Identity.Test.Unit.netcore\Microsoft.Identity.Test.Unit.netcore.csproj", "{AF0E7BEC-90A3-46B4-AEDC-4162D7873AE8}"
EndProject
Project("{9A19103F-16F7-4668-BE54-9A1E7A4F7556}") = "Microsoft.Identity.Test.Unit.net45", "tests\Microsoft.Identity.Test.Unit.net45\Microsoft.Identity.Test.Unit.net45.csproj", "{DA8E7933-0A56-4668-9786-ECECA3D16944}"
EndProject
Project("{9A19103F-16F7-4668-BE54-9A1E7A4F7556}") = "Microsoft.Identity.Test.Common", "tests\Microsoft.Identity.Test.Common\Microsoft.Identity.Test.Common.csproj", "{30287EC8-BD85-41CC-BDCB-9DBF9EFBCC98}"
EndProject
Project("{9A19103F-16F7-4668-BE54-9A1E7A4F7556}") = "Microsoft.Identity.Test.LabInfrastructure", "tests\Microsoft.Identity.Test.LabInfrastructure\Microsoft.Identity.Test.LabInfrastructure.csproj", "{E22918A8-8FE6-47D2-B65E-34436918C5D7}"
EndProject
Project("{9A19103F-16F7-4668-BE54-9A1E7A4F7556}") = "Microsoft.Identity.Test.SideBySide", "tests\Microsoft.Identity.Test.SideBySide\Microsoft.Identity.Test.SideBySide.csproj", "{D3033A40-F2C2-4495-BC9F-C3C6D497D1CC}"
EndProject
Project("{9A19103F-16F7-4668-BE54-9A1E7A4F7556}") = "Microsoft.Identity.Client.Ref", "src\Microsoft.Identity.Client.Ref\Microsoft.Identity.Client.Ref.csproj", "{528C5488-C0D8-45C3-BEAC-3E52C22631C9}"
EndProject
Project("{2150E333-8FDC-42A3-9474-1A3956D46DE8}") = "ref", "ref", "{528F34D9-FF6B-4AAE-8367-182EC19DAB5F}"
EndProject
Project("{9A19103F-16F7-4668-BE54-9A1E7A4F7556}") = "CommonCache.Test.AdalV3", "tests\CacheCompat\CommonCache.Test.AdalV3\CommonCache.Test.AdalV3.csproj", "{A8C2D397-BA21-4BD2-93AA-801B0E0804BC}"
EndProject
Project("{2150E333-8FDC-42A3-9474-1A3956D46DE8}") = "CacheCompat", "CacheCompat", "{7930A443-1981-49CD-8AF5-02E25F3A7FF3}"
EndProject
Project("{9A19103F-16F7-4668-BE54-9A1E7A4F7556}") = "CommonCache.Test.AdalV4", "tests\CacheCompat\CommonCache.Test.AdalV4\CommonCache.Test.AdalV4.csproj", "{70DFE67C-D2D1-4BE4-B785-F4445C6F652D}"
EndProject
Project("{9A19103F-16F7-4668-BE54-9A1E7A4F7556}") = "CommonCache.Test.Common", "tests\CacheCompat\CommonCache.Test.Common\CommonCache.Test.Common.csproj", "{21B0D02E-8E52-4ECD-BFD3-5F14FCB73703}"
EndProject
Project("{9A19103F-16F7-4668-BE54-9A1E7A4F7556}") = "CommonCache.Test.MsalV2", "tests\CacheCompat\CommonCache.Test.MsalV2\CommonCache.Test.MsalV2.csproj", "{8672FC71-00DE-491D-BCEB-101A2A7887E6}"
EndProject
Project("{9A19103F-16F7-4668-BE54-9A1E7A4F7556}") = "CommonCache.Test.Unit", "tests\CacheCompat\CommonCache.Test.Unit\CommonCache.Test.Unit.csproj", "{CFC2232F-3276-42A4-B8E3-F03B6F8BAA82}"
	ProjectSection(ProjectDependencies) = postProject
		{CA3F8F2E-7DF2-45A6-BC81-5DA5692FCC11} = {CA3F8F2E-7DF2-45A6-BC81-5DA5692FCC11}
		{4DDB6B3A-F95A-4F34-B0AE-E3C909D68A11} = {4DDB6B3A-F95A-4F34-B0AE-E3C909D68A11}
		{8672FC71-00DE-491D-BCEB-101A2A7887E6} = {8672FC71-00DE-491D-BCEB-101A2A7887E6}
		{2EAA7878-3E2A-4355-9841-430BF45EA8BD} = {2EAA7878-3E2A-4355-9841-430BF45EA8BD}
		{70DFE67C-D2D1-4BE4-B785-F4445C6F652D} = {70DFE67C-D2D1-4BE4-B785-F4445C6F652D}
		{A8C2D397-BA21-4BD2-93AA-801B0E0804BC} = {A8C2D397-BA21-4BD2-93AA-801B0E0804BC}
		{B6BE589B-1DBB-4C36-803F-6D425723FA74} = {B6BE589B-1DBB-4C36-803F-6D425723FA74}
	EndProjectSection
EndProject
Project("{FAE04EC0-301F-11D3-BF4B-00C04F79EFBC}") = "Microsoft.Identity.Test.UIAutomation.Infrastructure", "tests\Microsoft.Identity.Test.Core.UIAutomation\Microsoft.Identity.Test.UIAutomation.Infrastructure.csproj", "{3DC6EC76-D350-4D43-B206-A4CEC8AA36D4}"
EndProject
Project("{9A19103F-16F7-4668-BE54-9A1E7A4F7556}") = "Microsoft.Identity.Client", "src\Microsoft.Identity.Client\Microsoft.Identity.Client.csproj", "{60117A9B-4BB8-472E-BFFF-52CBF67CA95A}"
	ProjectSection(ProjectDependencies) = postProject
		{528C5488-C0D8-45C3-BEAC-3E52C22631C9} = {528C5488-C0D8-45C3-BEAC-3E52C22631C9}
	EndProjectSection
EndProject
Project("{9A19103F-16F7-4668-BE54-9A1E7A4F7556}") = "CommonCache.Test.AdalV5", "tests\CacheCompat\CommonCache.Test.AdalV5\CommonCache.Test.AdalV5.csproj", "{4DDB6B3A-F95A-4F34-B0AE-E3C909D68A11}"
EndProject
Project("{9A19103F-16F7-4668-BE54-9A1E7A4F7556}") = "CommonCache.Test.MsalV3", "tests\CacheCompat\CommonCache.Test.MsalV3\CommonCache.Test.MsalV3.csproj", "{2EAA7878-3E2A-4355-9841-430BF45EA8BD}"
EndProject
Project("{9A19103F-16F7-4668-BE54-9A1E7A4F7556}") = "CommonCache.Test.MsalPython", "tests\CacheCompat\CommonCache.Test.MsalPython\CommonCache.Test.MsalPython.csproj", "{CA3F8F2E-7DF2-45A6-BC81-5DA5692FCC11}"
EndProject
Project("{9A19103F-16F7-4668-BE54-9A1E7A4F7556}") = "CommonCache.Test.MsalJava", "tests\CacheCompat\CommonCache.Test.MsalJava\CommonCache.Test.MsalJava.csproj", "{B6BE589B-1DBB-4C36-803F-6D425723FA74}"
EndProject
Global
	GlobalSection(SolutionConfigurationPlatforms) = preSolution
		Debug|Any CPU = Debug|Any CPU
		Release|Any CPU = Release|Any CPU
	EndGlobalSection
	GlobalSection(ProjectConfigurationPlatforms) = postSolution
		{AF0E7BEC-90A3-46B4-AEDC-4162D7873AE8}.Debug|Any CPU.ActiveCfg = Debug|Any CPU
		{AF0E7BEC-90A3-46B4-AEDC-4162D7873AE8}.Debug|Any CPU.Build.0 = Debug|Any CPU
		{AF0E7BEC-90A3-46B4-AEDC-4162D7873AE8}.Release|Any CPU.ActiveCfg = Release|Any CPU
		{AF0E7BEC-90A3-46B4-AEDC-4162D7873AE8}.Release|Any CPU.Build.0 = Release|Any CPU
		{DA8E7933-0A56-4668-9786-ECECA3D16944}.Debug|Any CPU.ActiveCfg = Debug|Any CPU
		{DA8E7933-0A56-4668-9786-ECECA3D16944}.Debug|Any CPU.Build.0 = Debug|Any CPU
		{DA8E7933-0A56-4668-9786-ECECA3D16944}.Release|Any CPU.ActiveCfg = Release|Any CPU
		{DA8E7933-0A56-4668-9786-ECECA3D16944}.Release|Any CPU.Build.0 = Release|Any CPU
		{30287EC8-BD85-41CC-BDCB-9DBF9EFBCC98}.Debug|Any CPU.ActiveCfg = Debug|Any CPU
		{30287EC8-BD85-41CC-BDCB-9DBF9EFBCC98}.Debug|Any CPU.Build.0 = Debug|Any CPU
		{30287EC8-BD85-41CC-BDCB-9DBF9EFBCC98}.Release|Any CPU.ActiveCfg = Release|Any CPU
		{30287EC8-BD85-41CC-BDCB-9DBF9EFBCC98}.Release|Any CPU.Build.0 = Release|Any CPU
		{E22918A8-8FE6-47D2-B65E-34436918C5D7}.Debug|Any CPU.ActiveCfg = Debug|Any CPU
		{E22918A8-8FE6-47D2-B65E-34436918C5D7}.Debug|Any CPU.Build.0 = Debug|Any CPU
		{E22918A8-8FE6-47D2-B65E-34436918C5D7}.Release|Any CPU.ActiveCfg = Release|Any CPU
		{E22918A8-8FE6-47D2-B65E-34436918C5D7}.Release|Any CPU.Build.0 = Release|Any CPU
		{D3033A40-F2C2-4495-BC9F-C3C6D497D1CC}.Debug|Any CPU.ActiveCfg = Debug|Any CPU
		{D3033A40-F2C2-4495-BC9F-C3C6D497D1CC}.Debug|Any CPU.Build.0 = Debug|Any CPU
		{D3033A40-F2C2-4495-BC9F-C3C6D497D1CC}.Release|Any CPU.ActiveCfg = Release|Any CPU
		{D3033A40-F2C2-4495-BC9F-C3C6D497D1CC}.Release|Any CPU.Build.0 = Release|Any CPU
		{528C5488-C0D8-45C3-BEAC-3E52C22631C9}.Debug|Any CPU.ActiveCfg = Debug|Any CPU
		{528C5488-C0D8-45C3-BEAC-3E52C22631C9}.Debug|Any CPU.Build.0 = Debug|Any CPU
		{528C5488-C0D8-45C3-BEAC-3E52C22631C9}.Release|Any CPU.ActiveCfg = Release|Any CPU
		{528C5488-C0D8-45C3-BEAC-3E52C22631C9}.Release|Any CPU.Build.0 = Release|Any CPU
		{A8C2D397-BA21-4BD2-93AA-801B0E0804BC}.Debug|Any CPU.ActiveCfg = Debug|Any CPU
		{A8C2D397-BA21-4BD2-93AA-801B0E0804BC}.Debug|Any CPU.Build.0 = Debug|Any CPU
		{A8C2D397-BA21-4BD2-93AA-801B0E0804BC}.Release|Any CPU.ActiveCfg = Release|Any CPU
		{A8C2D397-BA21-4BD2-93AA-801B0E0804BC}.Release|Any CPU.Build.0 = Release|Any CPU
		{70DFE67C-D2D1-4BE4-B785-F4445C6F652D}.Debug|Any CPU.ActiveCfg = Debug|Any CPU
		{70DFE67C-D2D1-4BE4-B785-F4445C6F652D}.Debug|Any CPU.Build.0 = Debug|Any CPU
		{70DFE67C-D2D1-4BE4-B785-F4445C6F652D}.Release|Any CPU.ActiveCfg = Release|Any CPU
		{70DFE67C-D2D1-4BE4-B785-F4445C6F652D}.Release|Any CPU.Build.0 = Release|Any CPU
		{21B0D02E-8E52-4ECD-BFD3-5F14FCB73703}.Debug|Any CPU.ActiveCfg = Debug|Any CPU
		{21B0D02E-8E52-4ECD-BFD3-5F14FCB73703}.Debug|Any CPU.Build.0 = Debug|Any CPU
		{21B0D02E-8E52-4ECD-BFD3-5F14FCB73703}.Release|Any CPU.ActiveCfg = Release|Any CPU
		{21B0D02E-8E52-4ECD-BFD3-5F14FCB73703}.Release|Any CPU.Build.0 = Release|Any CPU
		{8672FC71-00DE-491D-BCEB-101A2A7887E6}.Debug|Any CPU.ActiveCfg = Debug|Any CPU
		{8672FC71-00DE-491D-BCEB-101A2A7887E6}.Debug|Any CPU.Build.0 = Debug|Any CPU
		{8672FC71-00DE-491D-BCEB-101A2A7887E6}.Release|Any CPU.ActiveCfg = Release|Any CPU
		{8672FC71-00DE-491D-BCEB-101A2A7887E6}.Release|Any CPU.Build.0 = Release|Any CPU
		{CFC2232F-3276-42A4-B8E3-F03B6F8BAA82}.Debug|Any CPU.ActiveCfg = Debug|Any CPU
		{CFC2232F-3276-42A4-B8E3-F03B6F8BAA82}.Debug|Any CPU.Build.0 = Debug|Any CPU
		{CFC2232F-3276-42A4-B8E3-F03B6F8BAA82}.Release|Any CPU.ActiveCfg = Release|Any CPU
		{CFC2232F-3276-42A4-B8E3-F03B6F8BAA82}.Release|Any CPU.Build.0 = Release|Any CPU
		{3DC6EC76-D350-4D43-B206-A4CEC8AA36D4}.Debug|Any CPU.ActiveCfg = Debug|Any CPU
		{3DC6EC76-D350-4D43-B206-A4CEC8AA36D4}.Debug|Any CPU.Build.0 = Debug|Any CPU
		{3DC6EC76-D350-4D43-B206-A4CEC8AA36D4}.Release|Any CPU.ActiveCfg = Release|Any CPU
		{3DC6EC76-D350-4D43-B206-A4CEC8AA36D4}.Release|Any CPU.Build.0 = Release|Any CPU
		{60117A9B-4BB8-472E-BFFF-52CBF67CA95A}.Debug|Any CPU.ActiveCfg = Debug|Any CPU
		{60117A9B-4BB8-472E-BFFF-52CBF67CA95A}.Debug|Any CPU.Build.0 = Debug|Any CPU
		{60117A9B-4BB8-472E-BFFF-52CBF67CA95A}.Release|Any CPU.ActiveCfg = Release|Any CPU
		{60117A9B-4BB8-472E-BFFF-52CBF67CA95A}.Release|Any CPU.Build.0 = Release|Any CPU
		{4DDB6B3A-F95A-4F34-B0AE-E3C909D68A11}.Debug|Any CPU.ActiveCfg = Debug|Any CPU
		{4DDB6B3A-F95A-4F34-B0AE-E3C909D68A11}.Debug|Any CPU.Build.0 = Debug|Any CPU
		{4DDB6B3A-F95A-4F34-B0AE-E3C909D68A11}.Release|Any CPU.ActiveCfg = Release|Any CPU
		{4DDB6B3A-F95A-4F34-B0AE-E3C909D68A11}.Release|Any CPU.Build.0 = Release|Any CPU
		{2EAA7878-3E2A-4355-9841-430BF45EA8BD}.Debug|Any CPU.ActiveCfg = Debug|Any CPU
		{2EAA7878-3E2A-4355-9841-430BF45EA8BD}.Debug|Any CPU.Build.0 = Debug|Any CPU
		{2EAA7878-3E2A-4355-9841-430BF45EA8BD}.Release|Any CPU.ActiveCfg = Release|Any CPU
		{2EAA7878-3E2A-4355-9841-430BF45EA8BD}.Release|Any CPU.Build.0 = Release|Any CPU
		{CA3F8F2E-7DF2-45A6-BC81-5DA5692FCC11}.Debug|Any CPU.ActiveCfg = Debug|Any CPU
		{CA3F8F2E-7DF2-45A6-BC81-5DA5692FCC11}.Debug|Any CPU.Build.0 = Debug|Any CPU
		{CA3F8F2E-7DF2-45A6-BC81-5DA5692FCC11}.Release|Any CPU.ActiveCfg = Release|Any CPU
		{CA3F8F2E-7DF2-45A6-BC81-5DA5692FCC11}.Release|Any CPU.Build.0 = Release|Any CPU
		{B6BE589B-1DBB-4C36-803F-6D425723FA74}.Debug|Any CPU.ActiveCfg = Debug|Any CPU
		{B6BE589B-1DBB-4C36-803F-6D425723FA74}.Debug|Any CPU.Build.0 = Debug|Any CPU
		{B6BE589B-1DBB-4C36-803F-6D425723FA74}.Release|Any CPU.ActiveCfg = Release|Any CPU
		{B6BE589B-1DBB-4C36-803F-6D425723FA74}.Release|Any CPU.Build.0 = Release|Any CPU
	EndGlobalSection
	GlobalSection(SolutionProperties) = preSolution
		HideSolutionNode = FALSE
	EndGlobalSection
	GlobalSection(NestedProjects) = preSolution
		{AF0E7BEC-90A3-46B4-AEDC-4162D7873AE8} = {5D231979-0A13-456D-B9F9-CED41F935FD9}
		{DA8E7933-0A56-4668-9786-ECECA3D16944} = {5D231979-0A13-456D-B9F9-CED41F935FD9}
		{30287EC8-BD85-41CC-BDCB-9DBF9EFBCC98} = {5D231979-0A13-456D-B9F9-CED41F935FD9}
		{E22918A8-8FE6-47D2-B65E-34436918C5D7} = {5D231979-0A13-456D-B9F9-CED41F935FD9}
		{D3033A40-F2C2-4495-BC9F-C3C6D497D1CC} = {5D231979-0A13-456D-B9F9-CED41F935FD9}
		{528C5488-C0D8-45C3-BEAC-3E52C22631C9} = {528F34D9-FF6B-4AAE-8367-182EC19DAB5F}
		{A8C2D397-BA21-4BD2-93AA-801B0E0804BC} = {7930A443-1981-49CD-8AF5-02E25F3A7FF3}
		{7930A443-1981-49CD-8AF5-02E25F3A7FF3} = {5D231979-0A13-456D-B9F9-CED41F935FD9}
		{70DFE67C-D2D1-4BE4-B785-F4445C6F652D} = {7930A443-1981-49CD-8AF5-02E25F3A7FF3}
		{21B0D02E-8E52-4ECD-BFD3-5F14FCB73703} = {7930A443-1981-49CD-8AF5-02E25F3A7FF3}
		{8672FC71-00DE-491D-BCEB-101A2A7887E6} = {7930A443-1981-49CD-8AF5-02E25F3A7FF3}
		{CFC2232F-3276-42A4-B8E3-F03B6F8BAA82} = {7930A443-1981-49CD-8AF5-02E25F3A7FF3}
		{3DC6EC76-D350-4D43-B206-A4CEC8AA36D4} = {5D231979-0A13-456D-B9F9-CED41F935FD9}
		{4DDB6B3A-F95A-4F34-B0AE-E3C909D68A11} = {7930A443-1981-49CD-8AF5-02E25F3A7FF3}
		{2EAA7878-3E2A-4355-9841-430BF45EA8BD} = {7930A443-1981-49CD-8AF5-02E25F3A7FF3}
		{CA3F8F2E-7DF2-45A6-BC81-5DA5692FCC11} = {7930A443-1981-49CD-8AF5-02E25F3A7FF3}
		{B6BE589B-1DBB-4C36-803F-6D425723FA74} = {7930A443-1981-49CD-8AF5-02E25F3A7FF3}
	EndGlobalSection
	GlobalSection(ExtensibilityGlobals) = postSolution
		SolutionGuid = {6C88EF77-AF03-4F82-B666-1831DABAA119}
	EndGlobalSection
EndGlobal
