
Microsoft Visual Studio Solution File, Format Version 12.00
# Visual Studio 15
VisualStudioVersion = 15.0.27703.2000
MinimumVisualStudioVersion = 10.0.40219.1
Project("{9A19103F-16F7-4668-BE54-9A1E7A4F7556}") = "Microsoft.Identity.Core", "core\src\Microsoft.Identity.Core.csproj", "{9DF4D5CB-4C6F-4869-AB32-2639695D4C07}"
EndProject
Project("{9A19103F-16F7-4668-BE54-9A1E7A4F7556}") = "Test.Microsoft.Identity.Core.Unit", "core\tests\Test.Microsoft.Identity.Core.Unit\Test.Microsoft.Identity.Core.Unit.csproj", "{B453B558-009A-4F28-999B-2A82F2BAED8B}"
EndProject
Project("{9A19103F-16F7-4668-BE54-9A1E7A4F7556}") = "Microsoft.Identity.Client", "msal\src\Microsoft.Identity.Client\Microsoft.Identity.Client.csproj", "{8B57084E-12B8-4499-B7DD-D8DD882BDA98}"
EndProject
Project("{9A19103F-16F7-4668-BE54-9A1E7A4F7556}") = "Test.MSAL.NET.Unit", "msal\tests\Test.MSAL.NET.Unit\Test.MSAL.NET.Unit.csproj", "{D5ED1FC3-75DD-488C-8B6E-06F2EAE93E85}"
EndProject
Project("{9A19103F-16F7-4668-BE54-9A1E7A4F7556}") = "Microsoft.IdentityModel.Clients.ActiveDirectory", "adal\src\Microsoft.IdentityModel.Clients.ActiveDirectory\Microsoft.IdentityModel.Clients.ActiveDirectory.csproj", "{A71924EE-1172-4725-9E2C-6E5A342D1620}"
EndProject
Project("{9A19103F-16F7-4668-BE54-9A1E7A4F7556}") = "Test.ADAL.NET.Unit", "adal\tests\Test.ADAL.NET.Unit\Test.ADAL.NET.Unit.csproj", "{91E9E564-8A44-457B-A97C-E76C9F6275D6}"
EndProject
Project("{9A19103F-16F7-4668-BE54-9A1E7A4F7556}") = "Test.ADAL.NET.Common", "adal\tests\Test.ADAL.NET.Common\Test.ADAL.NET.Common.csproj", "{412F8F05-2694-4D2E-8FE0-A821721CF682}"
EndProject
Project("{9A19103F-16F7-4668-BE54-9A1E7A4F7556}") = "Test.ADAL.NET.Integration", "adal\tests\Test.ADAL.NET.Integration\Test.ADAL.NET.Integration.csproj", "{2BD6EA30-37A4-4799-B778-A473FC6B19D4}"
EndProject
Project("{2150E333-8FDC-42A3-9474-1A3956D46DE8}") = "tests", "tests", "{5D231979-0A13-456D-B9F9-CED41F935FD9}"
EndProject
Project("{9A19103F-16F7-4668-BE54-9A1E7A4F7556}") = "Test.Microsoft.Identity.LabInfrastructure", "core\tests\Test.Microsoft.Identity.LabInfrastructure\Test.Microsoft.Identity.LabInfrastructure.csproj", "{1D934F01-7EF8-47D7-B6C4-D8802FB089C1}"
EndProject
Project("{9A19103F-16F7-4668-BE54-9A1E7A4F7556}") = "Test.MSAL.NET.Integration", "msal\tests\Test.MSAL.NET.Integration\Test.MSAL.NET.Integration.csproj", "{3DADE3D0-676E-4E5F-B815-944A61EAAADC}"
EndProject
Project("{2150E333-8FDC-42A3-9474-1A3956D46DE8}") = "build", "build", "{48CF4D7C-5E2E-4C4A-BDD2-8F2A06AAE3F6}"
	ProjectSection(SolutionItems) = preProject
		build\SolutionWideAnalyzerConfig.ruleset = build\SolutionWideAnalyzerConfig.ruleset
	EndProjectSection
EndProject
Global
	GlobalSection(SolutionConfigurationPlatforms) = preSolution
		Debug|Any CPU = Debug|Any CPU
		Release|Any CPU = Release|Any CPU
	EndGlobalSection
	GlobalSection(ProjectConfigurationPlatforms) = postSolution
		{9DF4D5CB-4C6F-4869-AB32-2639695D4C07}.Debug|Any CPU.ActiveCfg = Debug|Any CPU
		{9DF4D5CB-4C6F-4869-AB32-2639695D4C07}.Debug|Any CPU.Build.0 = Debug|Any CPU
		{9DF4D5CB-4C6F-4869-AB32-2639695D4C07}.Release|Any CPU.ActiveCfg = Release|Any CPU
		{9DF4D5CB-4C6F-4869-AB32-2639695D4C07}.Release|Any CPU.Build.0 = Release|Any CPU
		{B453B558-009A-4F28-999B-2A82F2BAED8B}.Debug|Any CPU.ActiveCfg = Debug|Any CPU
		{B453B558-009A-4F28-999B-2A82F2BAED8B}.Debug|Any CPU.Build.0 = Debug|Any CPU
		{B453B558-009A-4F28-999B-2A82F2BAED8B}.Release|Any CPU.ActiveCfg = Release|Any CPU
		{B453B558-009A-4F28-999B-2A82F2BAED8B}.Release|Any CPU.Build.0 = Release|Any CPU
		{8B57084E-12B8-4499-B7DD-D8DD882BDA98}.Debug|Any CPU.ActiveCfg = Debug|Any CPU
		{8B57084E-12B8-4499-B7DD-D8DD882BDA98}.Debug|Any CPU.Build.0 = Debug|Any CPU
		{8B57084E-12B8-4499-B7DD-D8DD882BDA98}.Release|Any CPU.ActiveCfg = Release|Any CPU
		{8B57084E-12B8-4499-B7DD-D8DD882BDA98}.Release|Any CPU.Build.0 = Release|Any CPU
		{D5ED1FC3-75DD-488C-8B6E-06F2EAE93E85}.Debug|Any CPU.ActiveCfg = Debug|Any CPU
		{D5ED1FC3-75DD-488C-8B6E-06F2EAE93E85}.Debug|Any CPU.Build.0 = Debug|Any CPU
		{D5ED1FC3-75DD-488C-8B6E-06F2EAE93E85}.Release|Any CPU.ActiveCfg = Release|Any CPU
		{D5ED1FC3-75DD-488C-8B6E-06F2EAE93E85}.Release|Any CPU.Build.0 = Release|Any CPU
		{A71924EE-1172-4725-9E2C-6E5A342D1620}.Debug|Any CPU.ActiveCfg = Debug|Any CPU
		{A71924EE-1172-4725-9E2C-6E5A342D1620}.Debug|Any CPU.Build.0 = Debug|Any CPU
		{A71924EE-1172-4725-9E2C-6E5A342D1620}.Release|Any CPU.ActiveCfg = Release|Any CPU
		{A71924EE-1172-4725-9E2C-6E5A342D1620}.Release|Any CPU.Build.0 = Release|Any CPU
		{91E9E564-8A44-457B-A97C-E76C9F6275D6}.Debug|Any CPU.ActiveCfg = Debug|Any CPU
		{91E9E564-8A44-457B-A97C-E76C9F6275D6}.Debug|Any CPU.Build.0 = Debug|Any CPU
		{91E9E564-8A44-457B-A97C-E76C9F6275D6}.Release|Any CPU.ActiveCfg = Release|Any CPU
		{91E9E564-8A44-457B-A97C-E76C9F6275D6}.Release|Any CPU.Build.0 = Release|Any CPU
		{412F8F05-2694-4D2E-8FE0-A821721CF682}.Debug|Any CPU.ActiveCfg = Debug|Any CPU
		{412F8F05-2694-4D2E-8FE0-A821721CF682}.Debug|Any CPU.Build.0 = Debug|Any CPU
		{412F8F05-2694-4D2E-8FE0-A821721CF682}.Release|Any CPU.ActiveCfg = Release|Any CPU
		{412F8F05-2694-4D2E-8FE0-A821721CF682}.Release|Any CPU.Build.0 = Release|Any CPU
		{2BD6EA30-37A4-4799-B778-A473FC6B19D4}.Debug|Any CPU.ActiveCfg = Debug|Any CPU
		{2BD6EA30-37A4-4799-B778-A473FC6B19D4}.Debug|Any CPU.Build.0 = Debug|Any CPU
		{2BD6EA30-37A4-4799-B778-A473FC6B19D4}.Release|Any CPU.ActiveCfg = Release|Any CPU
		{2BD6EA30-37A4-4799-B778-A473FC6B19D4}.Release|Any CPU.Build.0 = Release|Any CPU
		{1D934F01-7EF8-47D7-B6C4-D8802FB089C1}.Debug|Any CPU.ActiveCfg = Debug|Any CPU
		{1D934F01-7EF8-47D7-B6C4-D8802FB089C1}.Debug|Any CPU.Build.0 = Debug|Any CPU
		{1D934F01-7EF8-47D7-B6C4-D8802FB089C1}.Release|Any CPU.ActiveCfg = Release|Any CPU
		{1D934F01-7EF8-47D7-B6C4-D8802FB089C1}.Release|Any CPU.Build.0 = Release|Any CPU
		{3DADE3D0-676E-4E5F-B815-944A61EAAADC}.Debug|Any CPU.ActiveCfg = Debug|Any CPU
		{3DADE3D0-676E-4E5F-B815-944A61EAAADC}.Debug|Any CPU.Build.0 = Debug|Any CPU
		{3DADE3D0-676E-4E5F-B815-944A61EAAADC}.Release|Any CPU.ActiveCfg = Release|Any CPU
		{3DADE3D0-676E-4E5F-B815-944A61EAAADC}.Release|Any CPU.Build.0 = Release|Any CPU
	EndGlobalSection
	GlobalSection(SolutionProperties) = preSolution
		HideSolutionNode = FALSE
	EndGlobalSection
	GlobalSection(NestedProjects) = preSolution
		{B453B558-009A-4F28-999B-2A82F2BAED8B} = {5D231979-0A13-456D-B9F9-CED41F935FD9}
		{D5ED1FC3-75DD-488C-8B6E-06F2EAE93E85} = {5D231979-0A13-456D-B9F9-CED41F935FD9}
		{91E9E564-8A44-457B-A97C-E76C9F6275D6} = {5D231979-0A13-456D-B9F9-CED41F935FD9}
		{412F8F05-2694-4D2E-8FE0-A821721CF682} = {5D231979-0A13-456D-B9F9-CED41F935FD9}
		{2BD6EA30-37A4-4799-B778-A473FC6B19D4} = {5D231979-0A13-456D-B9F9-CED41F935FD9}
		{1D934F01-7EF8-47D7-B6C4-D8802FB089C1} = {5D231979-0A13-456D-B9F9-CED41F935FD9}
		{3DADE3D0-676E-4E5F-B815-944A61EAAADC} = {5D231979-0A13-456D-B9F9-CED41F935FD9}
	EndGlobalSection
	GlobalSection(ExtensibilityGlobals) = postSolution
		SolutionGuid = {6C88EF77-AF03-4F82-B666-1831DABAA119}
	EndGlobalSection
EndGlobal
