
Microsoft Visual Studio Solution File, Format Version 12.00
# Visual Studio Version 16
VisualStudioVersion = 16.0.28606.126
MinimumVisualStudioVersion = 10.0.40219.1
Project("{9A19103F-16F7-4668-BE54-9A1E7A4F7556}") = "Microsoft.Identity.Client", "src\client\Microsoft.Identity.Client\Microsoft.Identity.Client.csproj", "{60117A9B-4BB8-472E-BFFF-52CBF67CA95A}"
EndProject
Project("{2150E333-8FDC-42A3-9474-1A3956D46DE8}") = "build", "build", "{E19B0572-BBD7-424E-81D5-E59E6884EB3A}"
EndProject
Project("{2150E333-8FDC-42A3-9474-1A3956D46DE8}") = "all", "all", "{C44AADC0-1E9B-427F-AC02-642BDF8D936B}"
	ProjectSection(SolutionItems) = preProject
		.editorconfig = .editorconfig
		changelog.txt = changelog.txt
		Directory.Build.props = Directory.Build.props
		global.json = global.json
	EndProjectSection
EndProject
Project("{2150E333-8FDC-42A3-9474-1A3956D46DE8}") = "pipelines", "pipelines", "{EA983957-DC2F-4D9E-A2E3-79ADEB5CEB26}"
	ProjectSection(SolutionItems) = preProject
		build\pipeline-ci.yaml = build\pipeline-ci.yaml
		build\pipeline-pullrequest.yaml = build\pipeline-pullrequest.yaml
		build\pipeline-releasebuild.yaml = build\pipeline-releasebuild.yaml
		build\pipeline-uiautomation.yaml = build\pipeline-uiautomation.yaml
		build\template-android-appcenter-tests.yaml = build\template-android-appcenter-tests.yaml
		build\template-bootstrap-build.yaml = build\template-bootstrap-build.yaml
		build\template-build-and-prep-automation.yaml = build\template-build-and-prep-automation.yaml
		build\template-build-ios-automation.yaml = build\template-build-ios-automation.yaml
		build\template-ci-and-pr.yaml = build\template-ci-and-pr.yaml
		build\template-install-dotnet-core.yaml = build\template-install-dotnet-core.yaml
		build\template-install-keyvault-secrets.yaml = build\template-install-keyvault-secrets.yaml
		build\template-install-nuget.yaml = build\template-install-nuget.yaml
		build\template-ios-appcenter-tests.yaml = build\template-ios-appcenter-tests.yaml
		build\template-nuget-pack.yaml = build\template-nuget-pack.yaml
		build\template-pack-and-sign-all-nugets.yaml = build\template-pack-and-sign-all-nugets.yaml
		build\template-pack-and-sign-nuget.yaml = build\template-pack-and-sign-nuget.yaml
		build\template-postbuild-code-analysis.yaml = build\template-postbuild-code-analysis.yaml
		build\template-prebuild-code-analysis.yaml = build\template-prebuild-code-analysis.yaml
		build\template-publish-analysis-and-cleanup.yaml = build\template-publish-analysis-and-cleanup.yaml
		build\template-python-config.yaml = build\template-python-config.yaml
		build\template-restore-build-libsandsamples.yaml = build\template-restore-build-libsandsamples.yaml
		build\template-run-integration-tests.yaml = build\template-run-integration-tests.yaml
		build\template-run-unit-tests.yaml = build\template-run-unit-tests.yaml
		build\template-sign-binary.yaml = build\template-sign-binary.yaml
	EndProjectSection
EndProject
Global
	GlobalSection(SolutionConfigurationPlatforms) = preSolution
		Debug|Any CPU = Debug|Any CPU
		Debug|ARM = Debug|ARM
		Debug|ARM64 = Debug|ARM64
		Debug|iPhone = Debug|iPhone
		Debug|iPhoneSimulator = Debug|iPhoneSimulator
		Debug|x64 = Debug|x64
		Debug|x86 = Debug|x86
		Release|Any CPU = Release|Any CPU
		Release|ARM = Release|ARM
		Release|ARM64 = Release|ARM64
		Release|iPhone = Release|iPhone
		Release|iPhoneSimulator = Release|iPhoneSimulator
		Release|x64 = Release|x64
		Release|x86 = Release|x86
	EndGlobalSection
	GlobalSection(ProjectConfigurationPlatforms) = postSolution
		{60117A9B-4BB8-472E-BFFF-52CBF67CA95A}.Debug|Any CPU.ActiveCfg = Debug|Any CPU
		{60117A9B-4BB8-472E-BFFF-52CBF67CA95A}.Debug|Any CPU.Build.0 = Debug|Any CPU
		{60117A9B-4BB8-472E-BFFF-52CBF67CA95A}.Debug|ARM.ActiveCfg = Debug|Any CPU
		{60117A9B-4BB8-472E-BFFF-52CBF67CA95A}.Debug|ARM.Build.0 = Debug|Any CPU
		{60117A9B-4BB8-472E-BFFF-52CBF67CA95A}.Debug|ARM64.ActiveCfg = Debug|Any CPU
		{60117A9B-4BB8-472E-BFFF-52CBF67CA95A}.Debug|ARM64.Build.0 = Debug|Any CPU
		{60117A9B-4BB8-472E-BFFF-52CBF67CA95A}.Debug|iPhone.ActiveCfg = Debug|Any CPU
		{60117A9B-4BB8-472E-BFFF-52CBF67CA95A}.Debug|iPhone.Build.0 = Debug|Any CPU
		{60117A9B-4BB8-472E-BFFF-52CBF67CA95A}.Debug|iPhoneSimulator.ActiveCfg = Debug|Any CPU
		{60117A9B-4BB8-472E-BFFF-52CBF67CA95A}.Debug|iPhoneSimulator.Build.0 = Debug|Any CPU
		{60117A9B-4BB8-472E-BFFF-52CBF67CA95A}.Debug|x64.ActiveCfg = Debug|Any CPU
		{60117A9B-4BB8-472E-BFFF-52CBF67CA95A}.Debug|x64.Build.0 = Debug|Any CPU
		{60117A9B-4BB8-472E-BFFF-52CBF67CA95A}.Debug|x86.ActiveCfg = Debug|Any CPU
		{60117A9B-4BB8-472E-BFFF-52CBF67CA95A}.Debug|x86.Build.0 = Debug|Any CPU
		{60117A9B-4BB8-472E-BFFF-52CBF67CA95A}.Release|Any CPU.ActiveCfg = Release|Any CPU
		{60117A9B-4BB8-472E-BFFF-52CBF67CA95A}.Release|Any CPU.Build.0 = Release|Any CPU
		{60117A9B-4BB8-472E-BFFF-52CBF67CA95A}.Release|ARM.ActiveCfg = Release|Any CPU
		{60117A9B-4BB8-472E-BFFF-52CBF67CA95A}.Release|ARM.Build.0 = Release|Any CPU
		{60117A9B-4BB8-472E-BFFF-52CBF67CA95A}.Release|ARM64.ActiveCfg = Release|Any CPU
		{60117A9B-4BB8-472E-BFFF-52CBF67CA95A}.Release|ARM64.Build.0 = Release|Any CPU
		{60117A9B-4BB8-472E-BFFF-52CBF67CA95A}.Release|iPhone.ActiveCfg = Release|Any CPU
		{60117A9B-4BB8-472E-BFFF-52CBF67CA95A}.Release|iPhone.Build.0 = Release|Any CPU
		{60117A9B-4BB8-472E-BFFF-52CBF67CA95A}.Release|iPhoneSimulator.ActiveCfg = Release|Any CPU
		{60117A9B-4BB8-472E-BFFF-52CBF67CA95A}.Release|iPhoneSimulator.Build.0 = Release|Any CPU
		{60117A9B-4BB8-472E-BFFF-52CBF67CA95A}.Release|x64.ActiveCfg = Release|Any CPU
		{60117A9B-4BB8-472E-BFFF-52CBF67CA95A}.Release|x64.Build.0 = Release|Any CPU
		{60117A9B-4BB8-472E-BFFF-52CBF67CA95A}.Release|x86.ActiveCfg = Release|Any CPU
		{60117A9B-4BB8-472E-BFFF-52CBF67CA95A}.Release|x86.Build.0 = Release|Any CPU
	EndGlobalSection
	GlobalSection(SolutionProperties) = preSolution
		HideSolutionNode = FALSE
	EndGlobalSection
	GlobalSection(NestedProjects) = preSolution
		{C44AADC0-1E9B-427F-AC02-642BDF8D936B} = {E19B0572-BBD7-424E-81D5-E59E6884EB3A}
		{EA983957-DC2F-4D9E-A2E3-79ADEB5CEB26} = {E19B0572-BBD7-424E-81D5-E59E6884EB3A}
	EndGlobalSection
	GlobalSection(ExtensibilityGlobals) = postSolution
		SolutionGuid = {020399A9-DC27-4B82-9CAA-EF488665AC27}
	EndGlobalSection
EndGlobal
