
Microsoft Visual Studio Solution File, Format Version 12.00
# Visual Studio Version 16
VisualStudioVersion = 16.0.28606.126
MinimumVisualStudioVersion = 10.0.40219.1
Project("{2150E333-8FDC-42A3-9474-1A3956D46DE8}") = "tests", "tests", "{9B0B5396-4D95-4C15-82ED-DC22B5A3123F}"
EndProject
Project("{9A19103F-16F7-4668-BE54-9A1E7A4F7556}") = "Microsoft.Identity.Client", "src\Microsoft.Identity.Client\Microsoft.Identity.Client.csproj", "{60117A9B-4BB8-472E-BFFF-52CBF67CA95A}"
	ProjectSection(ProjectDependencies) = postProject
		{A1BDB0D8-A1F8-4203-A95F-31D0ABC4DF7B} = {A1BDB0D8-A1F8-4203-A95F-31D0ABC4DF7B}
	EndProjectSection
EndProject
Project("{2150E333-8FDC-42A3-9474-1A3956D46DE8}") = "automation", "automation", "{F578B51B-9A88-4230-A05A-DB5A23FABB07}"
EndProject
Project("{2150E333-8FDC-42A3-9474-1A3956D46DE8}") = "devapps", "devapps", "{34BE693E-3496-45A4-B1D2-D3A0E068EEDB}"
EndProject
Project("{FAE04EC0-301F-11D3-BF4B-00C04F79EFBC}") = "AutomationApp", "tests\AutomationApp\AutomationApp.csproj", "{B1756937-89A6-4165-A832-7C7200D61E7E}"
EndProject
Project("{2150E333-8FDC-42A3-9474-1A3956D46DE8}") = "xamarin forms", "xamarin forms", "{3761DEF3-458C-4CE2-BE94-4FC9D12217CC}"
EndProject
Project("{9A19103F-16F7-4668-BE54-9A1E7A4F7556}") = "XForms", "tests\devapps\XForms\XForms\XForms.csproj", "{8D14A8FF-6CB9-44B1-B7C4-3C1D79CE8412}"
EndProject
Project("{FAE04EC0-301F-11D3-BF4B-00C04F79EFBC}") = "XForms.Android", "tests\devapps\XForms\XForms.Android\XForms.Android.csproj", "{6120F6A0-59BA-4065-B0F4-92690D9BE1E2}"
	ProjectSection(ProjectDependencies) = postProject
		{146ECCB6-C3F1-4E97-BC52-20FEB7785C62} = {146ECCB6-C3F1-4E97-BC52-20FEB7785C62}
	EndProjectSection
EndProject
Project("{FAE04EC0-301F-11D3-BF4B-00C04F79EFBC}") = "XForms.iOS", "tests\devapps\XForms\XForms.iOS\XForms.iOS.csproj", "{146ECCB6-C3F1-4E97-BC52-20FEB7785C62}"
	ProjectSection(ProjectDependencies) = postProject
		{0B22271B-163F-429B-A472-4C7BF531CEE9} = {0B22271B-163F-429B-A472-4C7BF531CEE9}
	EndProjectSection
EndProject
Project("{FAE04EC0-301F-11D3-BF4B-00C04F79EFBC}") = "XForms.UWP", "tests\devapps\XForms\XForms.UWP\XForms.UWP.csproj", "{0B22271B-163F-429B-A472-4C7BF531CEE9}"
EndProject
Project("{9A19103F-16F7-4668-BE54-9A1E7A4F7556}") = "NetCoreTestApp", "tests\devapps\NetCoreTestApp\NetCoreTestApp.csproj", "{72F0ADCA-3A0B-44AA-8129-21A1B27CD841}"
EndProject
Project("{FAE04EC0-301F-11D3-BF4B-00C04F79EFBC}") = "DesktopTestApp", "tests\devapps\DesktopTestApp\DesktopTestApp.csproj", "{3A8EC886-C71D-4384-BFE4-73378CC7293D}"
EndProject
Project("{FAE04EC0-301F-11D3-BF4B-00C04F79EFBC}") = "Microsoft.Identity.Test.UIAutomation.Infrastructure", "tests\Microsoft.Identity.Test.Core.UIAutomation\Microsoft.Identity.Test.UIAutomation.Infrastructure.csproj", "{3DC6EC76-D350-4D43-B206-A4CEC8AA36D4}"
EndProject
Project("{FAE04EC0-301F-11D3-BF4B-00C04F79EFBC}") = "Microsoft.Identity.Test.Android.UIAutomation", "tests\Microsoft.Identity.Test.Android.UIAutomation\Microsoft.Identity.Test.Android.UIAutomation.csproj", "{5FF7878D-FEF2-4CAE-8ABA-36C01806D9CE}"
EndProject
Project("{9A19103F-16F7-4668-BE54-9A1E7A4F7556}") = "Microsoft.Identity.Test.LabInfrastructure", "tests\Microsoft.Identity.Test.LabInfrastructure\Microsoft.Identity.Test.LabInfrastructure.csproj", "{A181778D-5917-41CE-AA5F-7DAAA7B7F5BB}"
EndProject
Project("{FAE04EC0-301F-11D3-BF4B-00C04F79EFBC}") = "UWP", "tests\devapps\UWP\UWP.csproj", "{FD564645-7B8D-4CD6-9B88-9C1651D9D1EF}"
EndProject
Project("{2150E333-8FDC-42A3-9474-1A3956D46DE8}") = "build", "build", "{E19B0572-BBD7-424E-81D5-E59E6884EB3A}"
EndProject
Project("{9A19103F-16F7-4668-BE54-9A1E7A4F7556}") = "Microsoft.Identity.Test.Unit.net45", "tests\Microsoft.Identity.Test.Unit.net45\Microsoft.Identity.Test.Unit.net45.csproj", "{EC3F88FE-D7DE-433F-B300-1A44FF7AEB23}"
EndProject
Project("{9A19103F-16F7-4668-BE54-9A1E7A4F7556}") = "Microsoft.Identity.Test.Unit.netcore", "tests\Microsoft.Identity.Test.Unit.netcore\Microsoft.Identity.Test.Unit.netcore.csproj", "{D0C75B09-C8E9-452E-BFEC-2B88E42B2A7F}"
EndProject
Project("{9A19103F-16F7-4668-BE54-9A1E7A4F7556}") = "Microsoft.Identity.Test.Common", "tests\Microsoft.Identity.Test.Common\Microsoft.Identity.Test.Common.csproj", "{18559D36-C735-4933-AA86-398C8222D4F6}"
EndProject
Project("{9A19103F-16F7-4668-BE54-9A1E7A4F7556}") = "Microsoft.Identity.Client.Ref", "src\Microsoft.Identity.Client.Ref\Microsoft.Identity.Client.Ref.csproj", "{A1BDB0D8-A1F8-4203-A95F-31D0ABC4DF7B}"
EndProject
Project("{FAE04EC0-301F-11D3-BF4B-00C04F79EFBC}") = "Microsoft.Identity.Test.iOS.UIAutomation", "tests\Microsoft.Identity.Test.iOS.UIAutomation\Microsoft.Identity.Test.iOS.UIAutomation.csproj", "{3E6F5330-9FC1-44E9-9410-9C4A06DA74F5}"
EndProject
Project("{FAE04EC0-301F-11D3-BF4B-00C04F79EFBC}") = "MacCocoaApp", "tests\devapps\MacCocoaApp\MacCocoaApp.csproj", "{AF8E60B7-04C3-4EF8-AFA3-1202F9DC5638}"
EndProject
Project("{2150E333-8FDC-42A3-9474-1A3956D46DE8}") = "CacheCompat", "CacheCompat", "{58B95AA7-BE17-40F2-9C9A-FA27C282A10A}"
	ProjectSection(SolutionItems) = preProject
		tests\CacheCompat\CacheTest.props = tests\CacheCompat\CacheTest.props
	EndProjectSection
EndProject
Project("{9A19103F-16F7-4668-BE54-9A1E7A4F7556}") = "CommonCache.Test.AdalV3", "tests\CacheCompat\CommonCache.Test.AdalV3\CommonCache.Test.AdalV3.csproj", "{A8C2D397-BA21-4BD2-93AA-801B0E0804BC}"
EndProject
Project("{9A19103F-16F7-4668-BE54-9A1E7A4F7556}") = "CommonCache.Test.Common", "tests\CacheCompat\CommonCache.Test.Common\CommonCache.Test.Common.csproj", "{408DCC1C-E810-4F9F-94EE-8421715A3661}"
EndProject
Project("{9A19103F-16F7-4668-BE54-9A1E7A4F7556}") = "CommonCache.Test.AdalV4", "tests\CacheCompat\CommonCache.Test.AdalV4\CommonCache.Test.AdalV4.csproj", "{70DFE67C-D2D1-4BE4-B785-F4445C6F652D}"
EndProject
Project("{9A19103F-16F7-4668-BE54-9A1E7A4F7556}") = "CommonCache.Test.MsalV2", "tests\CacheCompat\CommonCache.Test.MsalV2\CommonCache.Test.MsalV2.csproj", "{8672FC71-00DE-491D-BCEB-101A2A7887E6}"
EndProject
Project("{9A19103F-16F7-4668-BE54-9A1E7A4F7556}") = "CommonCache.Test.Unit", "tests\CacheCompat\CommonCache.Test.Unit\CommonCache.Test.Unit.csproj", "{3C21354D-601A-4902-A728-419C70891338}"
	ProjectSection(ProjectDependencies) = postProject
		{CA3F8F2E-7DF2-45A6-BC81-5DA5692FCC11} = {CA3F8F2E-7DF2-45A6-BC81-5DA5692FCC11}
		{4DDB6B3A-F95A-4F34-B0AE-E3C909D68A11} = {4DDB6B3A-F95A-4F34-B0AE-E3C909D68A11}
		{8672FC71-00DE-491D-BCEB-101A2A7887E6} = {8672FC71-00DE-491D-BCEB-101A2A7887E6}
		{2EAA7878-3E2A-4355-9841-430BF45EA8BD} = {2EAA7878-3E2A-4355-9841-430BF45EA8BD}
		{70DFE67C-D2D1-4BE4-B785-F4445C6F652D} = {70DFE67C-D2D1-4BE4-B785-F4445C6F652D}
		{A8C2D397-BA21-4BD2-93AA-801B0E0804BC} = {A8C2D397-BA21-4BD2-93AA-801B0E0804BC}
		{B6BE589B-1DBB-4C36-803F-6D425723FA74} = {B6BE589B-1DBB-4C36-803F-6D425723FA74}
	EndProjectSection
EndProject
Project("{9A19103F-16F7-4668-BE54-9A1E7A4F7556}") = "CommonCache.Test.AdalV5", "tests\CacheCompat\CommonCache.Test.AdalV5\CommonCache.Test.AdalV5.csproj", "{4DDB6B3A-F95A-4F34-B0AE-E3C909D68A11}"
EndProject
Project("{9A19103F-16F7-4668-BE54-9A1E7A4F7556}") = "CommonCache.Test.MsalJava", "tests\CacheCompat\CommonCache.Test.MsalJava\CommonCache.Test.MsalJava.csproj", "{B6BE589B-1DBB-4C36-803F-6D425723FA74}"
EndProject
Project("{9A19103F-16F7-4668-BE54-9A1E7A4F7556}") = "CommonCache.Test.MsalPython", "tests\CacheCompat\CommonCache.Test.MsalPython\CommonCache.Test.MsalPython.csproj", "{CA3F8F2E-7DF2-45A6-BC81-5DA5692FCC11}"
EndProject
Project("{9A19103F-16F7-4668-BE54-9A1E7A4F7556}") = "CommonCache.Test.MsalV3", "tests\CacheCompat\CommonCache.Test.MsalV3\CommonCache.Test.MsalV3.csproj", "{2EAA7878-3E2A-4355-9841-430BF45EA8BD}"
EndProject
Project("{FAE04EC0-301F-11D3-BF4B-00C04F79EFBC}") = "FociTestApp", "tests\devapps\FociTestApp\FociTestApp.csproj", "{24D2AF71-A01E-4450-8C3F-B9923A81134B}"
EndProject
Project("{FAE04EC0-301F-11D3-BF4B-00C04F79EFBC}") = "MultiCloudTestApp", "tests\devapps\MultiCloudTestApp\MultiCloudTestApp.csproj", "{959A47D9-07E7-4BF3-A0F7-6D9CD42A2C46}"
EndProject
Project("{2150E333-8FDC-42A3-9474-1A3956D46DE8}") = "all", "all", "{C44AADC0-1E9B-427F-AC02-642BDF8D936B}"
	ProjectSection(SolutionItems) = preProject
		changelog.txt = changelog.txt
		Directory.Build.props = Directory.Build.props
		src\Directory.Build.targets = src\Directory.Build.targets
		global.json = global.json
		build\SolutionWideAnalyzerConfig.ruleset = build\SolutionWideAnalyzerConfig.ruleset
	EndProjectSection
EndProject
Project("{2150E333-8FDC-42A3-9474-1A3956D46DE8}") = "product", "product", "{4667ADF0-37FA-4306-BD2A-F55D6360143E}"
	ProjectSection(SolutionItems) = preProject
		src\Directory.Build.props = src\Directory.Build.props
		src\Directory.Build.targets = src\Directory.Build.targets
	EndProjectSection
EndProject
Project("{9A19103F-16F7-4668-BE54-9A1E7A4F7556}") = "Microsoft.Identity.Test.Integration.net45", "tests\Microsoft.Identity.Test.Integration.net45\Microsoft.Identity.Test.Integration.net45.csproj", "{6A93C76A-5DEB-4A4D-A004-1F611C67B4E6}"
EndProject
Project("{9A19103F-16F7-4668-BE54-9A1E7A4F7556}") = "Microsoft.Identity.Test.Integration.netcore", "tests\Microsoft.Identity.Test.Integration.netcore\Microsoft.Identity.Test.Integration.netcore.csproj", "{4E2A58FD-A401-412B-9409-A4CCC60BA0D7}"
EndProject
Project("{9A19103F-16F7-4668-BE54-9A1E7A4F7556}") = "NetFxConsoleApp", "tests\devapps\NetFxConsoleTestApp\NetFxConsoleApp.csproj", "{2EBB7FFE-47E0-46F8-A4D6-79A4CF44729C}"
EndProject
Project("{FAE04EC0-301F-11D3-BF4B-00C04F79EFBC}") = "NetStandardLib", "tests\devapps\NetStandardShared\NetStandard\NetStandardLib.csproj", "{B1608121-6B98-478E-B4F1-D4E501DAD106}"
EndProject
Project("{2150E333-8FDC-42A3-9474-1A3956D46DE8}") = "console apps", "console apps", "{384BA371-F17F-4A70-9423-D54F71BB3FCB}"
EndProject
Global
	GlobalSection(SolutionConfigurationPlatforms) = preSolution
		Debug|Any CPU = Debug|Any CPU
		Release|Any CPU = Release|Any CPU
	EndGlobalSection
	GlobalSection(ProjectConfigurationPlatforms) = postSolution
		{60117A9B-4BB8-472E-BFFF-52CBF67CA95A}.Debug|Any CPU.ActiveCfg = Debug|Any CPU
		{60117A9B-4BB8-472E-BFFF-52CBF67CA95A}.Debug|Any CPU.Build.0 = Debug|Any CPU
		{60117A9B-4BB8-472E-BFFF-52CBF67CA95A}.Release|Any CPU.ActiveCfg = Release|Any CPU
		{60117A9B-4BB8-472E-BFFF-52CBF67CA95A}.Release|Any CPU.Build.0 = Release|Any CPU
		{B1756937-89A6-4165-A832-7C7200D61E7E}.Debug|Any CPU.ActiveCfg = Debug|Any CPU
		{B1756937-89A6-4165-A832-7C7200D61E7E}.Debug|Any CPU.Build.0 = Debug|Any CPU
		{B1756937-89A6-4165-A832-7C7200D61E7E}.Release|Any CPU.ActiveCfg = Release|Any CPU
		{B1756937-89A6-4165-A832-7C7200D61E7E}.Release|Any CPU.Build.0 = Release|Any CPU
		{8D14A8FF-6CB9-44B1-B7C4-3C1D79CE8412}.Debug|Any CPU.ActiveCfg = Debug|Any CPU
		{8D14A8FF-6CB9-44B1-B7C4-3C1D79CE8412}.Debug|Any CPU.Build.0 = Debug|Any CPU
		{8D14A8FF-6CB9-44B1-B7C4-3C1D79CE8412}.Release|Any CPU.ActiveCfg = Release|Any CPU
		{8D14A8FF-6CB9-44B1-B7C4-3C1D79CE8412}.Release|Any CPU.Build.0 = Release|Any CPU
		{6120F6A0-59BA-4065-B0F4-92690D9BE1E2}.Debug|Any CPU.ActiveCfg = Debug|Any CPU
		{6120F6A0-59BA-4065-B0F4-92690D9BE1E2}.Debug|Any CPU.Build.0 = Debug|Any CPU
		{6120F6A0-59BA-4065-B0F4-92690D9BE1E2}.Debug|Any CPU.Deploy.0 = Debug|Any CPU
		{6120F6A0-59BA-4065-B0F4-92690D9BE1E2}.Release|Any CPU.ActiveCfg = Release|Any CPU
		{146ECCB6-C3F1-4E97-BC52-20FEB7785C62}.Debug|Any CPU.ActiveCfg = Debug|iPhone
		{146ECCB6-C3F1-4E97-BC52-20FEB7785C62}.Debug|Any CPU.Build.0 = Debug|iPhone
		{146ECCB6-C3F1-4E97-BC52-20FEB7785C62}.Release|Any CPU.ActiveCfg = Release|iPhone
		{146ECCB6-C3F1-4E97-BC52-20FEB7785C62}.Release|Any CPU.Build.0 = Release|iPhone
		{0B22271B-163F-429B-A472-4C7BF531CEE9}.Debug|Any CPU.ActiveCfg = Debug|x86
		{0B22271B-163F-429B-A472-4C7BF531CEE9}.Debug|Any CPU.Deploy.0 = Debug|x86
		{0B22271B-163F-429B-A472-4C7BF531CEE9}.Release|Any CPU.ActiveCfg = Release|x86
		{72F0ADCA-3A0B-44AA-8129-21A1B27CD841}.Debug|Any CPU.ActiveCfg = Debug|Any CPU
		{72F0ADCA-3A0B-44AA-8129-21A1B27CD841}.Debug|Any CPU.Build.0 = Debug|Any CPU
		{72F0ADCA-3A0B-44AA-8129-21A1B27CD841}.Release|Any CPU.ActiveCfg = Release|Any CPU
		{72F0ADCA-3A0B-44AA-8129-21A1B27CD841}.Release|Any CPU.Build.0 = Release|Any CPU
		{3A8EC886-C71D-4384-BFE4-73378CC7293D}.Debug|Any CPU.ActiveCfg = Debug|Any CPU
		{3A8EC886-C71D-4384-BFE4-73378CC7293D}.Debug|Any CPU.Build.0 = Debug|Any CPU
		{3A8EC886-C71D-4384-BFE4-73378CC7293D}.Release|Any CPU.ActiveCfg = Release|Any CPU
		{3A8EC886-C71D-4384-BFE4-73378CC7293D}.Release|Any CPU.Build.0 = Release|Any CPU
		{3DC6EC76-D350-4D43-B206-A4CEC8AA36D4}.Debug|Any CPU.ActiveCfg = Debug|Any CPU
		{3DC6EC76-D350-4D43-B206-A4CEC8AA36D4}.Debug|Any CPU.Build.0 = Debug|Any CPU
		{3DC6EC76-D350-4D43-B206-A4CEC8AA36D4}.Release|Any CPU.ActiveCfg = Release|Any CPU
		{3DC6EC76-D350-4D43-B206-A4CEC8AA36D4}.Release|Any CPU.Build.0 = Release|Any CPU
		{5FF7878D-FEF2-4CAE-8ABA-36C01806D9CE}.Debug|Any CPU.ActiveCfg = Debug|Any CPU
		{5FF7878D-FEF2-4CAE-8ABA-36C01806D9CE}.Debug|Any CPU.Build.0 = Debug|Any CPU
		{5FF7878D-FEF2-4CAE-8ABA-36C01806D9CE}.Release|Any CPU.ActiveCfg = Release|Any CPU
		{5FF7878D-FEF2-4CAE-8ABA-36C01806D9CE}.Release|Any CPU.Build.0 = Release|Any CPU
		{A181778D-5917-41CE-AA5F-7DAAA7B7F5BB}.Debug|Any CPU.ActiveCfg = Debug|Any CPU
		{A181778D-5917-41CE-AA5F-7DAAA7B7F5BB}.Debug|Any CPU.Build.0 = Debug|Any CPU
		{A181778D-5917-41CE-AA5F-7DAAA7B7F5BB}.Release|Any CPU.ActiveCfg = Release|Any CPU
		{A181778D-5917-41CE-AA5F-7DAAA7B7F5BB}.Release|Any CPU.Build.0 = Release|Any CPU
		{FD564645-7B8D-4CD6-9B88-9C1651D9D1EF}.Debug|Any CPU.ActiveCfg = Debug|x86
		{FD564645-7B8D-4CD6-9B88-9C1651D9D1EF}.Debug|Any CPU.Build.0 = Debug|x86
		{FD564645-7B8D-4CD6-9B88-9C1651D9D1EF}.Debug|Any CPU.Deploy.0 = Debug|x86
		{FD564645-7B8D-4CD6-9B88-9C1651D9D1EF}.Release|Any CPU.ActiveCfg = Release|x86
		{EC3F88FE-D7DE-433F-B300-1A44FF7AEB23}.Debug|Any CPU.ActiveCfg = Debug|Any CPU
		{EC3F88FE-D7DE-433F-B300-1A44FF7AEB23}.Debug|Any CPU.Build.0 = Debug|Any CPU
		{EC3F88FE-D7DE-433F-B300-1A44FF7AEB23}.Release|Any CPU.ActiveCfg = Release|Any CPU
		{EC3F88FE-D7DE-433F-B300-1A44FF7AEB23}.Release|Any CPU.Build.0 = Release|Any CPU
		{D0C75B09-C8E9-452E-BFEC-2B88E42B2A7F}.Debug|Any CPU.ActiveCfg = Debug|Any CPU
		{D0C75B09-C8E9-452E-BFEC-2B88E42B2A7F}.Debug|Any CPU.Build.0 = Debug|Any CPU
		{D0C75B09-C8E9-452E-BFEC-2B88E42B2A7F}.Release|Any CPU.ActiveCfg = Release|Any CPU
		{D0C75B09-C8E9-452E-BFEC-2B88E42B2A7F}.Release|Any CPU.Build.0 = Release|Any CPU
		{18559D36-C735-4933-AA86-398C8222D4F6}.Debug|Any CPU.ActiveCfg = Debug|Any CPU
		{18559D36-C735-4933-AA86-398C8222D4F6}.Debug|Any CPU.Build.0 = Debug|Any CPU
		{18559D36-C735-4933-AA86-398C8222D4F6}.Release|Any CPU.ActiveCfg = Release|Any CPU
		{18559D36-C735-4933-AA86-398C8222D4F6}.Release|Any CPU.Build.0 = Release|Any CPU
		{A1BDB0D8-A1F8-4203-A95F-31D0ABC4DF7B}.Debug|Any CPU.ActiveCfg = Debug|Any CPU
		{A1BDB0D8-A1F8-4203-A95F-31D0ABC4DF7B}.Debug|Any CPU.Build.0 = Debug|Any CPU
		{A1BDB0D8-A1F8-4203-A95F-31D0ABC4DF7B}.Release|Any CPU.ActiveCfg = Release|Any CPU
		{A1BDB0D8-A1F8-4203-A95F-31D0ABC4DF7B}.Release|Any CPU.Build.0 = Release|Any CPU
		{3E6F5330-9FC1-44E9-9410-9C4A06DA74F5}.Debug|Any CPU.ActiveCfg = Debug|Any CPU
		{3E6F5330-9FC1-44E9-9410-9C4A06DA74F5}.Debug|Any CPU.Build.0 = Debug|Any CPU
		{3E6F5330-9FC1-44E9-9410-9C4A06DA74F5}.Release|Any CPU.ActiveCfg = Release|Any CPU
		{3E6F5330-9FC1-44E9-9410-9C4A06DA74F5}.Release|Any CPU.Build.0 = Release|Any CPU
		{AF8E60B7-04C3-4EF8-AFA3-1202F9DC5638}.Debug|Any CPU.ActiveCfg = Debug|Any CPU
		{AF8E60B7-04C3-4EF8-AFA3-1202F9DC5638}.Debug|Any CPU.Build.0 = Debug|Any CPU
		{AF8E60B7-04C3-4EF8-AFA3-1202F9DC5638}.Release|Any CPU.ActiveCfg = Release|Any CPU
		{AF8E60B7-04C3-4EF8-AFA3-1202F9DC5638}.Release|Any CPU.Build.0 = Release|Any CPU
		{A8C2D397-BA21-4BD2-93AA-801B0E0804BC}.Debug|Any CPU.ActiveCfg = Debug|Any CPU
		{A8C2D397-BA21-4BD2-93AA-801B0E0804BC}.Debug|Any CPU.Build.0 = Debug|Any CPU
		{A8C2D397-BA21-4BD2-93AA-801B0E0804BC}.Release|Any CPU.ActiveCfg = Release|Any CPU
		{A8C2D397-BA21-4BD2-93AA-801B0E0804BC}.Release|Any CPU.Build.0 = Release|Any CPU
		{408DCC1C-E810-4F9F-94EE-8421715A3661}.Debug|Any CPU.ActiveCfg = Debug|Any CPU
		{408DCC1C-E810-4F9F-94EE-8421715A3661}.Debug|Any CPU.Build.0 = Debug|Any CPU
		{408DCC1C-E810-4F9F-94EE-8421715A3661}.Release|Any CPU.ActiveCfg = Release|Any CPU
		{408DCC1C-E810-4F9F-94EE-8421715A3661}.Release|Any CPU.Build.0 = Release|Any CPU
		{70DFE67C-D2D1-4BE4-B785-F4445C6F652D}.Debug|Any CPU.ActiveCfg = Debug|Any CPU
		{70DFE67C-D2D1-4BE4-B785-F4445C6F652D}.Debug|Any CPU.Build.0 = Debug|Any CPU
		{70DFE67C-D2D1-4BE4-B785-F4445C6F652D}.Release|Any CPU.ActiveCfg = Release|Any CPU
		{70DFE67C-D2D1-4BE4-B785-F4445C6F652D}.Release|Any CPU.Build.0 = Release|Any CPU
		{8672FC71-00DE-491D-BCEB-101A2A7887E6}.Debug|Any CPU.ActiveCfg = Debug|Any CPU
		{8672FC71-00DE-491D-BCEB-101A2A7887E6}.Debug|Any CPU.Build.0 = Debug|Any CPU
		{8672FC71-00DE-491D-BCEB-101A2A7887E6}.Release|Any CPU.ActiveCfg = Release|Any CPU
		{8672FC71-00DE-491D-BCEB-101A2A7887E6}.Release|Any CPU.Build.0 = Release|Any CPU
		{3C21354D-601A-4902-A728-419C70891338}.Debug|Any CPU.ActiveCfg = Debug|Any CPU
		{3C21354D-601A-4902-A728-419C70891338}.Debug|Any CPU.Build.0 = Debug|Any CPU
		{3C21354D-601A-4902-A728-419C70891338}.Release|Any CPU.ActiveCfg = Release|Any CPU
		{3C21354D-601A-4902-A728-419C70891338}.Release|Any CPU.Build.0 = Release|Any CPU
		{4DDB6B3A-F95A-4F34-B0AE-E3C909D68A11}.Debug|Any CPU.ActiveCfg = Debug|Any CPU
		{4DDB6B3A-F95A-4F34-B0AE-E3C909D68A11}.Debug|Any CPU.Build.0 = Debug|Any CPU
		{4DDB6B3A-F95A-4F34-B0AE-E3C909D68A11}.Release|Any CPU.ActiveCfg = Release|Any CPU
		{4DDB6B3A-F95A-4F34-B0AE-E3C909D68A11}.Release|Any CPU.Build.0 = Release|Any CPU
		{B6BE589B-1DBB-4C36-803F-6D425723FA74}.Debug|Any CPU.ActiveCfg = Debug|Any CPU
		{B6BE589B-1DBB-4C36-803F-6D425723FA74}.Debug|Any CPU.Build.0 = Debug|Any CPU
		{B6BE589B-1DBB-4C36-803F-6D425723FA74}.Release|Any CPU.ActiveCfg = Release|Any CPU
		{B6BE589B-1DBB-4C36-803F-6D425723FA74}.Release|Any CPU.Build.0 = Release|Any CPU
		{CA3F8F2E-7DF2-45A6-BC81-5DA5692FCC11}.Debug|Any CPU.ActiveCfg = Debug|Any CPU
		{CA3F8F2E-7DF2-45A6-BC81-5DA5692FCC11}.Debug|Any CPU.Build.0 = Debug|Any CPU
		{CA3F8F2E-7DF2-45A6-BC81-5DA5692FCC11}.Release|Any CPU.ActiveCfg = Release|Any CPU
		{CA3F8F2E-7DF2-45A6-BC81-5DA5692FCC11}.Release|Any CPU.Build.0 = Release|Any CPU
		{2EAA7878-3E2A-4355-9841-430BF45EA8BD}.Debug|Any CPU.ActiveCfg = Debug|Any CPU
		{2EAA7878-3E2A-4355-9841-430BF45EA8BD}.Debug|Any CPU.Build.0 = Debug|Any CPU
		{2EAA7878-3E2A-4355-9841-430BF45EA8BD}.Release|Any CPU.ActiveCfg = Release|Any CPU
		{2EAA7878-3E2A-4355-9841-430BF45EA8BD}.Release|Any CPU.Build.0 = Release|Any CPU
		{24D2AF71-A01E-4450-8C3F-B9923A81134B}.Debug|Any CPU.ActiveCfg = Debug|Any CPU
		{24D2AF71-A01E-4450-8C3F-B9923A81134B}.Debug|Any CPU.Build.0 = Debug|Any CPU
		{24D2AF71-A01E-4450-8C3F-B9923A81134B}.Release|Any CPU.ActiveCfg = Release|Any CPU
		{24D2AF71-A01E-4450-8C3F-B9923A81134B}.Release|Any CPU.Build.0 = Release|Any CPU
		{959A47D9-07E7-4BF3-A0F7-6D9CD42A2C46}.Debug|Any CPU.ActiveCfg = Debug|Any CPU
		{959A47D9-07E7-4BF3-A0F7-6D9CD42A2C46}.Debug|Any CPU.Build.0 = Debug|Any CPU
		{959A47D9-07E7-4BF3-A0F7-6D9CD42A2C46}.Release|Any CPU.ActiveCfg = Release|Any CPU
		{959A47D9-07E7-4BF3-A0F7-6D9CD42A2C46}.Release|Any CPU.Build.0 = Release|Any CPU
		{6A93C76A-5DEB-4A4D-A004-1F611C67B4E6}.Debug|Any CPU.ActiveCfg = Debug|Any CPU
		{6A93C76A-5DEB-4A4D-A004-1F611C67B4E6}.Debug|Any CPU.Build.0 = Debug|Any CPU
		{6A93C76A-5DEB-4A4D-A004-1F611C67B4E6}.Release|Any CPU.ActiveCfg = Release|Any CPU
		{6A93C76A-5DEB-4A4D-A004-1F611C67B4E6}.Release|Any CPU.Build.0 = Release|Any CPU
		{4E2A58FD-A401-412B-9409-A4CCC60BA0D7}.Debug|Any CPU.ActiveCfg = Debug|Any CPU
		{4E2A58FD-A401-412B-9409-A4CCC60BA0D7}.Debug|Any CPU.Build.0 = Debug|Any CPU
		{4E2A58FD-A401-412B-9409-A4CCC60BA0D7}.Release|Any CPU.ActiveCfg = Release|Any CPU
		{4E2A58FD-A401-412B-9409-A4CCC60BA0D7}.Release|Any CPU.Build.0 = Release|Any CPU
		{2EBB7FFE-47E0-46F8-A4D6-79A4CF44729C}.Debug|Any CPU.ActiveCfg = Debug|Any CPU
		{2EBB7FFE-47E0-46F8-A4D6-79A4CF44729C}.Debug|Any CPU.Build.0 = Debug|Any CPU
		{2EBB7FFE-47E0-46F8-A4D6-79A4CF44729C}.Release|Any CPU.ActiveCfg = Release|Any CPU
		{2EBB7FFE-47E0-46F8-A4D6-79A4CF44729C}.Release|Any CPU.Build.0 = Release|Any CPU
		{B1608121-6B98-478E-B4F1-D4E501DAD106}.Debug|Any CPU.ActiveCfg = Debug|Any CPU
		{B1608121-6B98-478E-B4F1-D4E501DAD106}.Debug|Any CPU.Build.0 = Debug|Any CPU
		{B1608121-6B98-478E-B4F1-D4E501DAD106}.Release|Any CPU.ActiveCfg = Release|Any CPU
		{B1608121-6B98-478E-B4F1-D4E501DAD106}.Release|Any CPU.Build.0 = Release|Any CPU
	EndGlobalSection
	GlobalSection(SolutionProperties) = preSolution
		HideSolutionNode = FALSE
	EndGlobalSection
	GlobalSection(NestedProjects) = preSolution
		{F578B51B-9A88-4230-A05A-DB5A23FABB07} = {9B0B5396-4D95-4C15-82ED-DC22B5A3123F}
		{34BE693E-3496-45A4-B1D2-D3A0E068EEDB} = {9B0B5396-4D95-4C15-82ED-DC22B5A3123F}
		{B1756937-89A6-4165-A832-7C7200D61E7E} = {F578B51B-9A88-4230-A05A-DB5A23FABB07}
		{3761DEF3-458C-4CE2-BE94-4FC9D12217CC} = {34BE693E-3496-45A4-B1D2-D3A0E068EEDB}
		{8D14A8FF-6CB9-44B1-B7C4-3C1D79CE8412} = {3761DEF3-458C-4CE2-BE94-4FC9D12217CC}
		{6120F6A0-59BA-4065-B0F4-92690D9BE1E2} = {3761DEF3-458C-4CE2-BE94-4FC9D12217CC}
		{146ECCB6-C3F1-4E97-BC52-20FEB7785C62} = {3761DEF3-458C-4CE2-BE94-4FC9D12217CC}
		{0B22271B-163F-429B-A472-4C7BF531CEE9} = {3761DEF3-458C-4CE2-BE94-4FC9D12217CC}
		{72F0ADCA-3A0B-44AA-8129-21A1B27CD841} = {384BA371-F17F-4A70-9423-D54F71BB3FCB}
		{3A8EC886-C71D-4384-BFE4-73378CC7293D} = {34BE693E-3496-45A4-B1D2-D3A0E068EEDB}
		{3DC6EC76-D350-4D43-B206-A4CEC8AA36D4} = {9B0B5396-4D95-4C15-82ED-DC22B5A3123F}
		{5FF7878D-FEF2-4CAE-8ABA-36C01806D9CE} = {9B0B5396-4D95-4C15-82ED-DC22B5A3123F}
		{A181778D-5917-41CE-AA5F-7DAAA7B7F5BB} = {9B0B5396-4D95-4C15-82ED-DC22B5A3123F}
		{FD564645-7B8D-4CD6-9B88-9C1651D9D1EF} = {34BE693E-3496-45A4-B1D2-D3A0E068EEDB}
		{EC3F88FE-D7DE-433F-B300-1A44FF7AEB23} = {9B0B5396-4D95-4C15-82ED-DC22B5A3123F}
		{D0C75B09-C8E9-452E-BFEC-2B88E42B2A7F} = {9B0B5396-4D95-4C15-82ED-DC22B5A3123F}
		{18559D36-C735-4933-AA86-398C8222D4F6} = {9B0B5396-4D95-4C15-82ED-DC22B5A3123F}
		{3E6F5330-9FC1-44E9-9410-9C4A06DA74F5} = {9B0B5396-4D95-4C15-82ED-DC22B5A3123F}
		{AF8E60B7-04C3-4EF8-AFA3-1202F9DC5638} = {34BE693E-3496-45A4-B1D2-D3A0E068EEDB}
		{58B95AA7-BE17-40F2-9C9A-FA27C282A10A} = {9B0B5396-4D95-4C15-82ED-DC22B5A3123F}
		{A8C2D397-BA21-4BD2-93AA-801B0E0804BC} = {58B95AA7-BE17-40F2-9C9A-FA27C282A10A}
		{408DCC1C-E810-4F9F-94EE-8421715A3661} = {58B95AA7-BE17-40F2-9C9A-FA27C282A10A}
		{70DFE67C-D2D1-4BE4-B785-F4445C6F652D} = {58B95AA7-BE17-40F2-9C9A-FA27C282A10A}
		{8672FC71-00DE-491D-BCEB-101A2A7887E6} = {58B95AA7-BE17-40F2-9C9A-FA27C282A10A}
		{3C21354D-601A-4902-A728-419C70891338} = {58B95AA7-BE17-40F2-9C9A-FA27C282A10A}
		{4DDB6B3A-F95A-4F34-B0AE-E3C909D68A11} = {58B95AA7-BE17-40F2-9C9A-FA27C282A10A}
		{B6BE589B-1DBB-4C36-803F-6D425723FA74} = {58B95AA7-BE17-40F2-9C9A-FA27C282A10A}
		{CA3F8F2E-7DF2-45A6-BC81-5DA5692FCC11} = {58B95AA7-BE17-40F2-9C9A-FA27C282A10A}
		{2EAA7878-3E2A-4355-9841-430BF45EA8BD} = {58B95AA7-BE17-40F2-9C9A-FA27C282A10A}
		{24D2AF71-A01E-4450-8C3F-B9923A81134B} = {34BE693E-3496-45A4-B1D2-D3A0E068EEDB}
		{959A47D9-07E7-4BF3-A0F7-6D9CD42A2C46} = {34BE693E-3496-45A4-B1D2-D3A0E068EEDB}
		{C44AADC0-1E9B-427F-AC02-642BDF8D936B} = {E19B0572-BBD7-424E-81D5-E59E6884EB3A}
		{4667ADF0-37FA-4306-BD2A-F55D6360143E} = {E19B0572-BBD7-424E-81D5-E59E6884EB3A}
		{6A93C76A-5DEB-4A4D-A004-1F611C67B4E6} = {9B0B5396-4D95-4C15-82ED-DC22B5A3123F}
		{4E2A58FD-A401-412B-9409-A4CCC60BA0D7} = {9B0B5396-4D95-4C15-82ED-DC22B5A3123F}
		{2EBB7FFE-47E0-46F8-A4D6-79A4CF44729C} = {384BA371-F17F-4A70-9423-D54F71BB3FCB}
		{B1608121-6B98-478E-B4F1-D4E501DAD106} = {384BA371-F17F-4A70-9423-D54F71BB3FCB}
		{384BA371-F17F-4A70-9423-D54F71BB3FCB} = {34BE693E-3496-45A4-B1D2-D3A0E068EEDB}
	EndGlobalSection
	GlobalSection(ExtensibilityGlobals) = postSolution
		SolutionGuid = {020399A9-DC27-4B82-9CAA-EF488665AC27}
	EndGlobalSection
EndGlobal
