
Microsoft Visual Studio Solution File, Format Version 12.00
# Visual Studio 2013
VisualStudioVersion = 12.0.30324.0
MinimumVisualStudioVersion = 10.0.40219.1
Project("{2150E333-8FDC-42A3-9474-1A3956D46DE8}") = "src", "src", "{34FFBC9F-C270-4B10-98C8-F6882606DDFE}"
EndProject
Project("{2150E333-8FDC-42A3-9474-1A3956D46DE8}") = "tests", "tests", "{0A180C16-51EB-44E1-A9DF-6BC742E49C24}"
EndProject
Project("{FAE04EC0-301F-11D3-BF4B-00C04F79EFBC}") = "ADAL.WinPhone", "src\ADAL.WinPhone\ADAL.WinPhone.csproj", "{BDFC3241-0B81-47E2-94C1-A2D54F066E48}"
EndProject
Project("{FAE04EC0-301F-11D3-BF4B-00C04F79EFBC}") = "Test.ADAL.WinPhone.UnitTest", "tests\Test.ADAL.WinPhone.UnitTest\Test.ADAL.WinPhone.UnitTest.csproj", "{B7BBE0BB-863A-41B6-9A3A-8B298DF3FE3E}"
EndProject
Global
	GlobalSection(SolutionConfigurationPlatforms) = preSolution
		Debug|Any CPU = Debug|Any CPU
		Debug|ARM = Debug|ARM
		Debug|Mixed Platforms = Debug|Mixed Platforms
		Debug|Win32 = Debug|Win32
		Debug|x64 = Debug|x64
		Debug|x86 = Debug|x86
		Release|Any CPU = Release|Any CPU
		Release|ARM = Release|ARM
		Release|Mixed Platforms = Release|Mixed Platforms
		Release|Win32 = Release|Win32
		Release|x64 = Release|x64
		Release|x86 = Release|x86
	EndGlobalSection
	GlobalSection(ProjectConfigurationPlatforms) = postSolution
		{BDFC3241-0B81-47E2-94C1-A2D54F066E48}.Debug|Any CPU.ActiveCfg = Debug|Any CPU
		{BDFC3241-0B81-47E2-94C1-A2D54F066E48}.Debug|Any CPU.Build.0 = Debug|Any CPU
		{BDFC3241-0B81-47E2-94C1-A2D54F066E48}.Debug|ARM.ActiveCfg = Debug|ARM
		{BDFC3241-0B81-47E2-94C1-A2D54F066E48}.Debug|ARM.Build.0 = Debug|ARM
		{BDFC3241-0B81-47E2-94C1-A2D54F066E48}.Debug|Mixed Platforms.ActiveCfg = Debug|Any CPU
		{BDFC3241-0B81-47E2-94C1-A2D54F066E48}.Debug|Mixed Platforms.Build.0 = Debug|Any CPU
		{BDFC3241-0B81-47E2-94C1-A2D54F066E48}.Debug|Win32.ActiveCfg = Debug|x86
		{BDFC3241-0B81-47E2-94C1-A2D54F066E48}.Debug|Win32.Build.0 = Debug|x86
		{BDFC3241-0B81-47E2-94C1-A2D54F066E48}.Debug|x64.ActiveCfg = Debug|Any CPU
		{BDFC3241-0B81-47E2-94C1-A2D54F066E48}.Debug|x86.ActiveCfg = Debug|x86
		{BDFC3241-0B81-47E2-94C1-A2D54F066E48}.Debug|x86.Build.0 = Debug|x86
		{BDFC3241-0B81-47E2-94C1-A2D54F066E48}.Release|Any CPU.ActiveCfg = Release|Any CPU
		{BDFC3241-0B81-47E2-94C1-A2D54F066E48}.Release|Any CPU.Build.0 = Release|Any CPU
		{BDFC3241-0B81-47E2-94C1-A2D54F066E48}.Release|ARM.ActiveCfg = Release|ARM
		{BDFC3241-0B81-47E2-94C1-A2D54F066E48}.Release|ARM.Build.0 = Release|ARM
		{BDFC3241-0B81-47E2-94C1-A2D54F066E48}.Release|Mixed Platforms.ActiveCfg = Release|x86
		{BDFC3241-0B81-47E2-94C1-A2D54F066E48}.Release|Mixed Platforms.Build.0 = Release|x86
		{BDFC3241-0B81-47E2-94C1-A2D54F066E48}.Release|Win32.ActiveCfg = Release|x86
		{BDFC3241-0B81-47E2-94C1-A2D54F066E48}.Release|Win32.Build.0 = Release|x86
		{BDFC3241-0B81-47E2-94C1-A2D54F066E48}.Release|x64.ActiveCfg = Release|Any CPU
		{BDFC3241-0B81-47E2-94C1-A2D54F066E48}.Release|x86.ActiveCfg = Release|x86
		{BDFC3241-0B81-47E2-94C1-A2D54F066E48}.Release|x86.Build.0 = Release|x86
		{B7BBE0BB-863A-41B6-9A3A-8B298DF3FE3E}.Debug|Any CPU.ActiveCfg = Debug|x86
		{B7BBE0BB-863A-41B6-9A3A-8B298DF3FE3E}.Debug|ARM.ActiveCfg = Debug|ARM
		{B7BBE0BB-863A-41B6-9A3A-8B298DF3FE3E}.Debug|ARM.Build.0 = Debug|ARM
		{B7BBE0BB-863A-41B6-9A3A-8B298DF3FE3E}.Debug|ARM.Deploy.0 = Debug|ARM
		{B7BBE0BB-863A-41B6-9A3A-8B298DF3FE3E}.Debug|Mixed Platforms.ActiveCfg = Debug|Any CPU
		{B7BBE0BB-863A-41B6-9A3A-8B298DF3FE3E}.Debug|Mixed Platforms.Build.0 = Debug|Any CPU
		{B7BBE0BB-863A-41B6-9A3A-8B298DF3FE3E}.Debug|Mixed Platforms.Deploy.0 = Debug|Any CPU
		{B7BBE0BB-863A-41B6-9A3A-8B298DF3FE3E}.Debug|Win32.ActiveCfg = Debug|x86
		{B7BBE0BB-863A-41B6-9A3A-8B298DF3FE3E}.Debug|Win32.Build.0 = Debug|x86
		{B7BBE0BB-863A-41B6-9A3A-8B298DF3FE3E}.Debug|Win32.Deploy.0 = Debug|x86
		{B7BBE0BB-863A-41B6-9A3A-8B298DF3FE3E}.Debug|x64.ActiveCfg = Debug|x86
		{B7BBE0BB-863A-41B6-9A3A-8B298DF3FE3E}.Debug|x86.ActiveCfg = Debug|x86
		{B7BBE0BB-863A-41B6-9A3A-8B298DF3FE3E}.Debug|x86.Build.0 = Debug|x86
		{B7BBE0BB-863A-41B6-9A3A-8B298DF3FE3E}.Debug|x86.Deploy.0 = Debug|x86
		{B7BBE0BB-863A-41B6-9A3A-8B298DF3FE3E}.Release|Any CPU.ActiveCfg = Release|x86
		{B7BBE0BB-863A-41B6-9A3A-8B298DF3FE3E}.Release|ARM.ActiveCfg = Release|ARM
		{B7BBE0BB-863A-41B6-9A3A-8B298DF3FE3E}.Release|ARM.Build.0 = Release|ARM
		{B7BBE0BB-863A-41B6-9A3A-8B298DF3FE3E}.Release|ARM.Deploy.0 = Release|ARM
		{B7BBE0BB-863A-41B6-9A3A-8B298DF3FE3E}.Release|Mixed Platforms.ActiveCfg = Release|x86
		{B7BBE0BB-863A-41B6-9A3A-8B298DF3FE3E}.Release|Mixed Platforms.Build.0 = Release|x86
		{B7BBE0BB-863A-41B6-9A3A-8B298DF3FE3E}.Release|Mixed Platforms.Deploy.0 = Release|x86
		{B7BBE0BB-863A-41B6-9A3A-8B298DF3FE3E}.Release|Win32.ActiveCfg = Release|x86
		{B7BBE0BB-863A-41B6-9A3A-8B298DF3FE3E}.Release|Win32.Build.0 = Release|x86
		{B7BBE0BB-863A-41B6-9A3A-8B298DF3FE3E}.Release|Win32.Deploy.0 = Release|x86
		{B7BBE0BB-863A-41B6-9A3A-8B298DF3FE3E}.Release|x64.ActiveCfg = Release|x86
		{B7BBE0BB-863A-41B6-9A3A-8B298DF3FE3E}.Release|x86.ActiveCfg = Release|x86
		{B7BBE0BB-863A-41B6-9A3A-8B298DF3FE3E}.Release|x86.Build.0 = Release|x86
		{B7BBE0BB-863A-41B6-9A3A-8B298DF3FE3E}.Release|x86.Deploy.0 = Release|x86
	EndGlobalSection
	GlobalSection(SolutionProperties) = preSolution
		HideSolutionNode = FALSE
	EndGlobalSection
	GlobalSection(NestedProjects) = preSolution
		{BDFC3241-0B81-47E2-94C1-A2D54F066E48} = {34FFBC9F-C270-4B10-98C8-F6882606DDFE}
		{B7BBE0BB-863A-41B6-9A3A-8B298DF3FE3E} = {0A180C16-51EB-44E1-A9DF-6BC742E49C24}
	EndGlobalSection
EndGlobal
