
Microsoft Visual Studio Solution File, Format Version 12.00
# Visual Studio Version 16
VisualStudioVersion = 16.0.30803.129
MinimumVisualStudioVersion = 15.0.26124.0
Project("{2150E333-8FDC-42A3-9474-1A3956D46DE8}") = "source", "source", "{2CF1730B-5141-4C66-92C2-878BF413C373}"
EndProject
Project("{FAE04EC0-301F-11D3-BF4B-00C04F79EFBC}") = "MSAL.XamarinForms.Android", "MSAL.XamarinForms.Android\MSAL.XamarinForms.Android.csproj", "{43D71339-2856-40F7-92B6-FAE265303FF7}"
EndProject
Project("{FAE04EC0-301F-11D3-BF4B-00C04F79EFBC}") = "MSAL.XamarinForms.iOS", "MSAL.XamarinForms.iOS\MSAL.XamarinForms.iOS.csproj", "{7657878D-D715-450C-9DF3-5732B021A092}"
EndProject
Project("{9A19103F-16F7-4668-BE54-9A1E7A4F7556}") = "MSAL.XamarinForms", "MSAL.XamarinForms\MSAL.XamarinForms.csproj", "{1D28849F-8B6B-4F66-9CF9-4B1AE757C400}"
EndProject
Project("{9A19103F-16F7-4668-BE54-9A1E7A4F7556}") = "Microsoft.Identity.Client.XamarinAndroid.AndroidSupport", "..\..\..\src\bindings\Microsoft.Identity.Client.XamarinAndroid.AndroidSupport\Microsoft.Identity.Client.XamarinAndroid.AndroidSupport.csproj", "{6E131EC7-3FC6-4CD9-94B4-6BEB45D413C2}"
EndProject
Project("{9A19103F-16F7-4668-BE54-9A1E7A4F7556}") = "Microsoft.Identity.Client.XamarinAndroid.AndroidX", "..\..\..\src\bindings\Microsoft.Identity.Client.XamarinAndroid.AndroidX\Microsoft.Identity.Client.XamarinAndroid.AndroidX.csproj", "{22DB4FCD-ADBE-4C60-BC39-095AA56CF64D}"
EndProject
Project("{9A19103F-16F7-4668-BE54-9A1E7A4F7556}") = "Microsoft.Identity.Client", "..\..\..\src\client\Microsoft.Identity.Client\Microsoft.Identity.Client.csproj", "{A1E5D21D-0AE3-4F02-AFBF-568C25968330}"
EndProject
Global
	GlobalSection(SolutionConfigurationPlatforms) = preSolution
		Debug|Any CPU = Debug|Any CPU
		Debug|iPhone = Debug|iPhone
		Debug|iPhoneSimulator = Debug|iPhoneSimulator
		Debug|x64 = Debug|x64
		Debug|x86 = Debug|x86
		Release|Any CPU = Release|Any CPU
		Release|iPhone = Release|iPhone
		Release|iPhoneSimulator = Release|iPhoneSimulator
		Release|x64 = Release|x64
		Release|x86 = Release|x86
	EndGlobalSection
	GlobalSection(ProjectConfigurationPlatforms) = postSolution
		{43D71339-2856-40F7-92B6-FAE265303FF7}.Debug|Any CPU.ActiveCfg = Debug|Any CPU
		{43D71339-2856-40F7-92B6-FAE265303FF7}.Debug|Any CPU.Build.0 = Debug|Any CPU
		{43D71339-2856-40F7-92B6-FAE265303FF7}.Debug|iPhone.ActiveCfg = Debug|Any CPU
		{43D71339-2856-40F7-92B6-FAE265303FF7}.Debug|iPhone.Build.0 = Debug|Any CPU
		{43D71339-2856-40F7-92B6-FAE265303FF7}.Debug|iPhoneSimulator.ActiveCfg = Debug|Any CPU
		{43D71339-2856-40F7-92B6-FAE265303FF7}.Debug|iPhoneSimulator.Build.0 = Debug|Any CPU
		{43D71339-2856-40F7-92B6-FAE265303FF7}.Debug|x64.ActiveCfg = Debug|Any CPU
		{43D71339-2856-40F7-92B6-FAE265303FF7}.Debug|x64.Build.0 = Debug|Any CPU
		{43D71339-2856-40F7-92B6-FAE265303FF7}.Debug|x86.ActiveCfg = Debug|Any CPU
		{43D71339-2856-40F7-92B6-FAE265303FF7}.Debug|x86.Build.0 = Debug|Any CPU
		{43D71339-2856-40F7-92B6-FAE265303FF7}.Release|Any CPU.ActiveCfg = Release|Any CPU
		{43D71339-2856-40F7-92B6-FAE265303FF7}.Release|Any CPU.Build.0 = Release|Any CPU
		{43D71339-2856-40F7-92B6-FAE265303FF7}.Release|iPhone.ActiveCfg = Release|Any CPU
		{43D71339-2856-40F7-92B6-FAE265303FF7}.Release|iPhone.Build.0 = Release|Any CPU
		{43D71339-2856-40F7-92B6-FAE265303FF7}.Release|iPhoneSimulator.ActiveCfg = Release|Any CPU
		{43D71339-2856-40F7-92B6-FAE265303FF7}.Release|iPhoneSimulator.Build.0 = Release|Any CPU
		{43D71339-2856-40F7-92B6-FAE265303FF7}.Release|x64.ActiveCfg = Release|Any CPU
		{43D71339-2856-40F7-92B6-FAE265303FF7}.Release|x64.Build.0 = Release|Any CPU
		{43D71339-2856-40F7-92B6-FAE265303FF7}.Release|x86.ActiveCfg = Release|Any CPU
		{43D71339-2856-40F7-92B6-FAE265303FF7}.Release|x86.Build.0 = Release|Any CPU
		{7657878D-D715-450C-9DF3-5732B021A092}.Debug|Any CPU.ActiveCfg = Debug|iPhoneSimulator
		{7657878D-D715-450C-9DF3-5732B021A092}.Debug|Any CPU.Build.0 = Debug|iPhoneSimulator
		{7657878D-D715-450C-9DF3-5732B021A092}.Debug|iPhone.ActiveCfg = Debug|iPhone
		{7657878D-D715-450C-9DF3-5732B021A092}.Debug|iPhone.Build.0 = Debug|iPhone
		{7657878D-D715-450C-9DF3-5732B021A092}.Debug|iPhoneSimulator.ActiveCfg = Debug|iPhoneSimulator
		{7657878D-D715-450C-9DF3-5732B021A092}.Debug|iPhoneSimulator.Build.0 = Debug|iPhoneSimulator
		{7657878D-D715-450C-9DF3-5732B021A092}.Debug|x64.ActiveCfg = Debug|iPhoneSimulator
		{7657878D-D715-450C-9DF3-5732B021A092}.Debug|x64.Build.0 = Debug|iPhoneSimulator
		{7657878D-D715-450C-9DF3-5732B021A092}.Debug|x86.ActiveCfg = Debug|iPhoneSimulator
		{7657878D-D715-450C-9DF3-5732B021A092}.Debug|x86.Build.0 = Debug|iPhoneSimulator
		{7657878D-D715-450C-9DF3-5732B021A092}.Release|Any CPU.ActiveCfg = Release|iPhoneSimulator
		{7657878D-D715-450C-9DF3-5732B021A092}.Release|Any CPU.Build.0 = Release|iPhoneSimulator
		{7657878D-D715-450C-9DF3-5732B021A092}.Release|iPhone.ActiveCfg = Release|iPhone
		{7657878D-D715-450C-9DF3-5732B021A092}.Release|iPhone.Build.0 = Release|iPhone
		{7657878D-D715-450C-9DF3-5732B021A092}.Release|iPhoneSimulator.ActiveCfg = Release|iPhoneSimulator
		{7657878D-D715-450C-9DF3-5732B021A092}.Release|iPhoneSimulator.Build.0 = Release|iPhoneSimulator
		{7657878D-D715-450C-9DF3-5732B021A092}.Release|x64.ActiveCfg = Release|iPhoneSimulator
		{7657878D-D715-450C-9DF3-5732B021A092}.Release|x64.Build.0 = Release|iPhoneSimulator
		{7657878D-D715-450C-9DF3-5732B021A092}.Release|x86.ActiveCfg = Release|iPhoneSimulator
		{7657878D-D715-450C-9DF3-5732B021A092}.Release|x86.Build.0 = Release|iPhoneSimulator
		{1D28849F-8B6B-4F66-9CF9-4B1AE757C400}.Debug|Any CPU.ActiveCfg = Debug|Any CPU
		{1D28849F-8B6B-4F66-9CF9-4B1AE757C400}.Debug|Any CPU.Build.0 = Debug|Any CPU
		{1D28849F-8B6B-4F66-9CF9-4B1AE757C400}.Debug|iPhone.ActiveCfg = Debug|Any CPU
		{1D28849F-8B6B-4F66-9CF9-4B1AE757C400}.Debug|iPhone.Build.0 = Debug|Any CPU
		{1D28849F-8B6B-4F66-9CF9-4B1AE757C400}.Debug|iPhoneSimulator.ActiveCfg = Debug|Any CPU
		{1D28849F-8B6B-4F66-9CF9-4B1AE757C400}.Debug|iPhoneSimulator.Build.0 = Debug|Any CPU
		{1D28849F-8B6B-4F66-9CF9-4B1AE757C400}.Debug|x64.ActiveCfg = Debug|Any CPU
		{1D28849F-8B6B-4F66-9CF9-4B1AE757C400}.Debug|x64.Build.0 = Debug|Any CPU
		{1D28849F-8B6B-4F66-9CF9-4B1AE757C400}.Debug|x86.ActiveCfg = Debug|Any CPU
		{1D28849F-8B6B-4F66-9CF9-4B1AE757C400}.Debug|x86.Build.0 = Debug|Any CPU
		{1D28849F-8B6B-4F66-9CF9-4B1AE757C400}.Release|Any CPU.ActiveCfg = Release|Any CPU
		{1D28849F-8B6B-4F66-9CF9-4B1AE757C400}.Release|Any CPU.Build.0 = Release|Any CPU
		{1D28849F-8B6B-4F66-9CF9-4B1AE757C400}.Release|iPhone.ActiveCfg = Release|Any CPU
		{1D28849F-8B6B-4F66-9CF9-4B1AE757C400}.Release|iPhone.Build.0 = Release|Any CPU
		{1D28849F-8B6B-4F66-9CF9-4B1AE757C400}.Release|iPhoneSimulator.ActiveCfg = Release|Any CPU
		{1D28849F-8B6B-4F66-9CF9-4B1AE757C400}.Release|iPhoneSimulator.Build.0 = Release|Any CPU
		{1D28849F-8B6B-4F66-9CF9-4B1AE757C400}.Release|x64.ActiveCfg = Release|Any CPU
		{1D28849F-8B6B-4F66-9CF9-4B1AE757C400}.Release|x64.Build.0 = Release|Any CPU
		{1D28849F-8B6B-4F66-9CF9-4B1AE757C400}.Release|x86.ActiveCfg = Release|Any CPU
		{1D28849F-8B6B-4F66-9CF9-4B1AE757C400}.Release|x86.Build.0 = Release|Any CPU
		{6E131EC7-3FC6-4CD9-94B4-6BEB45D413C2}.Debug|Any CPU.ActiveCfg = Debug|Any CPU
		{6E131EC7-3FC6-4CD9-94B4-6BEB45D413C2}.Debug|Any CPU.Build.0 = Debug|Any CPU
		{6E131EC7-3FC6-4CD9-94B4-6BEB45D413C2}.Debug|iPhone.ActiveCfg = Debug|Any CPU
		{6E131EC7-3FC6-4CD9-94B4-6BEB45D413C2}.Debug|iPhone.Build.0 = Debug|Any CPU
		{6E131EC7-3FC6-4CD9-94B4-6BEB45D413C2}.Debug|iPhoneSimulator.ActiveCfg = Debug|Any CPU
		{6E131EC7-3FC6-4CD9-94B4-6BEB45D413C2}.Debug|iPhoneSimulator.Build.0 = Debug|Any CPU
		{6E131EC7-3FC6-4CD9-94B4-6BEB45D413C2}.Debug|x64.ActiveCfg = Debug|Any CPU
		{6E131EC7-3FC6-4CD9-94B4-6BEB45D413C2}.Debug|x64.Build.0 = Debug|Any CPU
		{6E131EC7-3FC6-4CD9-94B4-6BEB45D413C2}.Debug|x86.ActiveCfg = Debug|Any CPU
		{6E131EC7-3FC6-4CD9-94B4-6BEB45D413C2}.Debug|x86.Build.0 = Debug|Any CPU
		{6E131EC7-3FC6-4CD9-94B4-6BEB45D413C2}.Release|Any CPU.ActiveCfg = Release|Any CPU
		{6E131EC7-3FC6-4CD9-94B4-6BEB45D413C2}.Release|Any CPU.Build.0 = Release|Any CPU
		{6E131EC7-3FC6-4CD9-94B4-6BEB45D413C2}.Release|iPhone.ActiveCfg = Release|Any CPU
		{6E131EC7-3FC6-4CD9-94B4-6BEB45D413C2}.Release|iPhone.Build.0 = Release|Any CPU
		{6E131EC7-3FC6-4CD9-94B4-6BEB45D413C2}.Release|iPhoneSimulator.ActiveCfg = Release|Any CPU
		{6E131EC7-3FC6-4CD9-94B4-6BEB45D413C2}.Release|iPhoneSimulator.Build.0 = Release|Any CPU
		{6E131EC7-3FC6-4CD9-94B4-6BEB45D413C2}.Release|x64.ActiveCfg = Release|Any CPU
		{6E131EC7-3FC6-4CD9-94B4-6BEB45D413C2}.Release|x64.Build.0 = Release|Any CPU
		{6E131EC7-3FC6-4CD9-94B4-6BEB45D413C2}.Release|x86.ActiveCfg = Release|Any CPU
		{6E131EC7-3FC6-4CD9-94B4-6BEB45D413C2}.Release|x86.Build.0 = Release|Any CPU
		{22DB4FCD-ADBE-4C60-BC39-095AA56CF64D}.Debug|Any CPU.ActiveCfg = Debug|Any CPU
		{22DB4FCD-ADBE-4C60-BC39-095AA56CF64D}.Debug|Any CPU.Build.0 = Debug|Any CPU
		{22DB4FCD-ADBE-4C60-BC39-095AA56CF64D}.Debug|iPhone.ActiveCfg = Debug|Any CPU
		{22DB4FCD-ADBE-4C60-BC39-095AA56CF64D}.Debug|iPhone.Build.0 = Debug|Any CPU
		{22DB4FCD-ADBE-4C60-BC39-095AA56CF64D}.Debug|iPhoneSimulator.ActiveCfg = Debug|Any CPU
		{22DB4FCD-ADBE-4C60-BC39-095AA56CF64D}.Debug|iPhoneSimulator.Build.0 = Debug|Any CPU
		{22DB4FCD-ADBE-4C60-BC39-095AA56CF64D}.Debug|x64.ActiveCfg = Debug|Any CPU
		{22DB4FCD-ADBE-4C60-BC39-095AA56CF64D}.Debug|x64.Build.0 = Debug|Any CPU
		{22DB4FCD-ADBE-4C60-BC39-095AA56CF64D}.Debug|x86.ActiveCfg = Debug|Any CPU
		{22DB4FCD-ADBE-4C60-BC39-095AA56CF64D}.Debug|x86.Build.0 = Debug|Any CPU
		{22DB4FCD-ADBE-4C60-BC39-095AA56CF64D}.Release|Any CPU.ActiveCfg = Release|Any CPU
		{22DB4FCD-ADBE-4C60-BC39-095AA56CF64D}.Release|Any CPU.Build.0 = Release|Any CPU
		{22DB4FCD-ADBE-4C60-BC39-095AA56CF64D}.Release|iPhone.ActiveCfg = Release|Any CPU
		{22DB4FCD-ADBE-4C60-BC39-095AA56CF64D}.Release|iPhone.Build.0 = Release|Any CPU
		{22DB4FCD-ADBE-4C60-BC39-095AA56CF64D}.Release|iPhoneSimulator.ActiveCfg = Release|Any CPU
		{22DB4FCD-ADBE-4C60-BC39-095AA56CF64D}.Release|iPhoneSimulator.Build.0 = Release|Any CPU
		{22DB4FCD-ADBE-4C60-BC39-095AA56CF64D}.Release|x64.ActiveCfg = Release|Any CPU
		{22DB4FCD-ADBE-4C60-BC39-095AA56CF64D}.Release|x64.Build.0 = Release|Any CPU
		{22DB4FCD-ADBE-4C60-BC39-095AA56CF64D}.Release|x86.ActiveCfg = Release|Any CPU
		{22DB4FCD-ADBE-4C60-BC39-095AA56CF64D}.Release|x86.Build.0 = Release|Any CPU
		{A1E5D21D-0AE3-4F02-AFBF-568C25968330}.Debug|Any CPU.ActiveCfg = Debug|Any CPU
		{A1E5D21D-0AE3-4F02-AFBF-568C25968330}.Debug|Any CPU.Build.0 = Debug|Any CPU
		{A1E5D21D-0AE3-4F02-AFBF-568C25968330}.Debug|iPhone.ActiveCfg = Debug|Any CPU
		{A1E5D21D-0AE3-4F02-AFBF-568C25968330}.Debug|iPhone.Build.0 = Debug|Any CPU
		{A1E5D21D-0AE3-4F02-AFBF-568C25968330}.Debug|iPhoneSimulator.ActiveCfg = Debug|Any CPU
		{A1E5D21D-0AE3-4F02-AFBF-568C25968330}.Debug|iPhoneSimulator.Build.0 = Debug|Any CPU
		{A1E5D21D-0AE3-4F02-AFBF-568C25968330}.Debug|x64.ActiveCfg = Debug|Any CPU
		{A1E5D21D-0AE3-4F02-AFBF-568C25968330}.Debug|x64.Build.0 = Debug|Any CPU
		{A1E5D21D-0AE3-4F02-AFBF-568C25968330}.Debug|x86.ActiveCfg = Debug|Any CPU
		{A1E5D21D-0AE3-4F02-AFBF-568C25968330}.Debug|x86.Build.0 = Debug|Any CPU
		{A1E5D21D-0AE3-4F02-AFBF-568C25968330}.Release|Any CPU.ActiveCfg = Release|Any CPU
		{A1E5D21D-0AE3-4F02-AFBF-568C25968330}.Release|Any CPU.Build.0 = Release|Any CPU
		{A1E5D21D-0AE3-4F02-AFBF-568C25968330}.Release|iPhone.ActiveCfg = Release|Any CPU
		{A1E5D21D-0AE3-4F02-AFBF-568C25968330}.Release|iPhone.Build.0 = Release|Any CPU
		{A1E5D21D-0AE3-4F02-AFBF-568C25968330}.Release|iPhoneSimulator.ActiveCfg = Release|Any CPU
		{A1E5D21D-0AE3-4F02-AFBF-568C25968330}.Release|iPhoneSimulator.Build.0 = Release|Any CPU
		{A1E5D21D-0AE3-4F02-AFBF-568C25968330}.Release|x64.ActiveCfg = Release|Any CPU
		{A1E5D21D-0AE3-4F02-AFBF-568C25968330}.Release|x64.Build.0 = Release|Any CPU
		{A1E5D21D-0AE3-4F02-AFBF-568C25968330}.Release|x86.ActiveCfg = Release|Any CPU
		{A1E5D21D-0AE3-4F02-AFBF-568C25968330}.Release|x86.Build.0 = Release|Any CPU
	EndGlobalSection
	GlobalSection(SolutionProperties) = preSolution
		HideSolutionNode = FALSE
	EndGlobalSection
	GlobalSection(NestedProjects) = preSolution
		{6E131EC7-3FC6-4CD9-94B4-6BEB45D413C2} = {2CF1730B-5141-4C66-92C2-878BF413C373}
		{22DB4FCD-ADBE-4C60-BC39-095AA56CF64D} = {2CF1730B-5141-4C66-92C2-878BF413C373}
		{A1E5D21D-0AE3-4F02-AFBF-568C25968330} = {2CF1730B-5141-4C66-92C2-878BF413C373}
	EndGlobalSection
	GlobalSection(ExtensibilityGlobals) = postSolution
		SolutionGuid = {C1A24058-0077-4BD4-88BA-9A25507C7137}
	EndGlobalSection
EndGlobal
