
Microsoft Visual Studio Solution File, Format Version 12.00
# Visual Studio 15
VisualStudioVersion = 15.0.27130.2010
MinimumVisualStudioVersion = 10.0.40219.1
Project("{9A19103F-16F7-4668-BE54-9A1E7A4F7556}") = "Microsoft.IdentityModel.Clients.ActiveDirectory", "src\Microsoft.IdentityModel.Clients.ActiveDirectory\Microsoft.IdentityModel.Clients.ActiveDirectory.csproj", "{AECE489D-9ED4-442D-8D8F-0F383AEBB781}"
EndProject
Project("{2150E333-8FDC-42A3-9474-1A3956D46DE8}") = "src", "src", "{D62811A9-35C0-43C9-926A-51EC4D6F7AD8}"
EndProject
Project("{2150E333-8FDC-42A3-9474-1A3956D46DE8}") = "tests", "tests", "{CF9400D7-1CFA-4495-AA6D-24105B10801A}"
EndProject
Project("{9A19103F-16F7-4668-BE54-9A1E7A4F7556}") = "Test.ADAL.NET.Unit", "tests\Test.ADAL.NET.Unit\Test.ADAL.NET.Unit.csproj", "{91E9E564-8A44-457B-A97C-E76C9F6275D6}"
EndProject
Project("{9A19103F-16F7-4668-BE54-9A1E7A4F7556}") = "Test.ADAL.NET.Integration", "tests\Test.ADAL.NET.Integration\Test.ADAL.NET.Integration.csproj", "{2BD6EA30-37A4-4799-B778-A473FC6B19D4}"
EndProject
Project("{2150E333-8FDC-42A3-9474-1A3956D46DE8}") = "devApps", "devApps", "{54CB21B9-187C-4E63-9022-A9964886C56D}"
EndProject
Project("{FAE04EC0-301F-11D3-BF4B-00C04F79EFBC}") = "AdalAndroidTestApp", "devApps\AdalAndroidTestApp\AdalAndroidTestApp.csproj", "{6CE59CDE-3DD1-4897-959C-EF32E7F3315B}"
EndProject
Project("{9A19103F-16F7-4668-BE54-9A1E7A4F7556}") = "AdalCoreCLRTestApp", "devApps\AdalCoreCLRTestApp\AdalCoreCLRTestApp.csproj", "{8F0D6721-E26D-45AE-8132-B7F6DAE682A9}"
EndProject
Project("{FAE04EC0-301F-11D3-BF4B-00C04F79EFBC}") = "AdalDesktopTestApp", "devApps\AdalDesktopTestApp\AdalDesktopTestApp.csproj", "{8BA45C94-A047-43E0-BB98-D32FDD72F9E5}"
EndProject
Project("{FAE04EC0-301F-11D3-BF4B-00C04F79EFBC}") = "AdaliOSTestApp", "devApps\AdaliOSTestApp\AdaliOSTestApp.csproj", "{2B675E51-98A2-4B44-8A37-A0661ABB931F}"
EndProject
Project("{2150E333-8FDC-42A3-9474-1A3956D46DE8}") = "XForms", "XForms", "{32A145D6-95A9-4232-B33E-AC4D9C392114}"
EndProject
Project("{9A19103F-16F7-4668-BE54-9A1E7A4F7556}") = "XFormsApp", "devApps\XFormsApp\XFormsApp.csproj", "{856EA096-2283-49B6-B2CD-5C603551D150}"
EndProject
Project("{FAE04EC0-301F-11D3-BF4B-00C04F79EFBC}") = "XFormsApp.Droid", "devApps\XFormsApp.Droid\XFormsApp.Droid.csproj", "{FA4CAEEC-DA6A-493B-90B7-E17A20A61600}"
EndProject
Project("{FAE04EC0-301F-11D3-BF4B-00C04F79EFBC}") = "XFormsApp.iOS", "devApps\XFormsApp.iOS\XFormsApp.iOS.csproj", "{FDED3627-94FD-4886-A540-3AC05380095B}"
EndProject
Project("{2150E333-8FDC-42A3-9474-1A3956D46DE8}") = "automation", "automation", "{001F8E55-449F-42AF-AADD-1DD473AD9E9D}"
EndProject
Project("{FAE04EC0-301F-11D3-BF4B-00C04F79EFBC}") = "WinFormsAutomationApp", "automation\WinFormsAutomationApp\WinFormsAutomationApp.csproj", "{84AAB705-1A89-4149-BBE0-5C4505D9CBED}"
EndProject
Project("{9A19103F-16F7-4668-BE54-9A1E7A4F7556}") = "Test.ADAL.NET.Common", "tests\Test.ADAL.NET.Common\Test.ADAL.NET.Common.csproj", "{412F8F05-2694-4D2E-8FE0-A821721CF682}"
EndProject
Project("{9A19103F-16F7-4668-BE54-9A1E7A4F7556}") = "Microsoft.IdentityModel.Clients.ActiveDirectory.Platform", "src\Microsoft.IdentityModel.Clients.ActiveDirectory.Platform\Microsoft.IdentityModel.Clients.ActiveDirectory.Platform.csproj", "{AFCBE743-E9FA-4066-9445-333A0CFE3507}"
EndProject
Project("{2150E333-8FDC-42A3-9474-1A3956D46DE8}") = "core", "core", "{B840A69E-BABA-4BAA-A4D7-81C15628A2D7}"
EndProject
Project("{9A19103F-16F7-4668-BE54-9A1E7A4F7556}") = "Test.Microsoft.Identity.Core", "..\core\tests\Test.Microsoft.Identity.Core\Test.Microsoft.Identity.Core.csproj", "{868B8A92-B499-4844-86AE-8851E22C498A}"
EndProject
Project("{FAE04EC0-301F-11D3-BF4B-00C04F79EFBC}") = "Test.Microsoft.Identity.Core.iOS", "..\core\tests\Test.Microsoft.Identity.Core.iOS\Test.Microsoft.Identity.Core.iOS.csproj", "{F4C3CD80-5FDF-4CD0-A3F8-AFFDE46C88D8}"
EndProject
Project("{FAE04EC0-301F-11D3-BF4B-00C04F79EFBC}") = "Test.Microsoft.Identity.Core.Android", "..\core\tests\Test.Microsoft.Identity.Core.Android\Test.Microsoft.Identity.Core.Android.csproj", "{BE5C2B53-04C3-489F-A9D1-01B2AECB9ABC}"
EndProject
Project("{9A19103F-16F7-4668-BE54-9A1E7A4F7556}") = "Microsoft.Identity.Core", "..\core\src\Microsoft.Identity.Core.csproj", "{3EEF5981-8F11-4F54-9DDF-2F63C574D028}"
EndProject
Global
	GlobalSection(SolutionConfigurationPlatforms) = preSolution
		Ad-Hoc|Any CPU = Ad-Hoc|Any CPU
		Ad-Hoc|iPhone = Ad-Hoc|iPhone
		Ad-Hoc|iPhoneSimulator = Ad-Hoc|iPhoneSimulator
		AppStore|Any CPU = AppStore|Any CPU
		AppStore|iPhone = AppStore|iPhone
		AppStore|iPhoneSimulator = AppStore|iPhoneSimulator
		Debug|Any CPU = Debug|Any CPU
		Debug|iPhone = Debug|iPhone
		Debug|iPhoneSimulator = Debug|iPhoneSimulator
		Release|Any CPU = Release|Any CPU
		Release|iPhone = Release|iPhone
		Release|iPhoneSimulator = Release|iPhoneSimulator
	EndGlobalSection
	GlobalSection(ProjectConfigurationPlatforms) = postSolution
		{AECE489D-9ED4-442D-8D8F-0F383AEBB781}.Ad-Hoc|Any CPU.ActiveCfg = Release|Any CPU
		{AECE489D-9ED4-442D-8D8F-0F383AEBB781}.Ad-Hoc|Any CPU.Build.0 = Release|Any CPU
		{AECE489D-9ED4-442D-8D8F-0F383AEBB781}.Ad-Hoc|iPhone.ActiveCfg = Release|Any CPU
		{AECE489D-9ED4-442D-8D8F-0F383AEBB781}.Ad-Hoc|iPhone.Build.0 = Release|Any CPU
		{AECE489D-9ED4-442D-8D8F-0F383AEBB781}.Ad-Hoc|iPhoneSimulator.ActiveCfg = Release|Any CPU
		{AECE489D-9ED4-442D-8D8F-0F383AEBB781}.Ad-Hoc|iPhoneSimulator.Build.0 = Release|Any CPU
		{AECE489D-9ED4-442D-8D8F-0F383AEBB781}.AppStore|Any CPU.ActiveCfg = Release|Any CPU
		{AECE489D-9ED4-442D-8D8F-0F383AEBB781}.AppStore|Any CPU.Build.0 = Release|Any CPU
		{AECE489D-9ED4-442D-8D8F-0F383AEBB781}.AppStore|iPhone.ActiveCfg = Release|Any CPU
		{AECE489D-9ED4-442D-8D8F-0F383AEBB781}.AppStore|iPhone.Build.0 = Release|Any CPU
		{AECE489D-9ED4-442D-8D8F-0F383AEBB781}.AppStore|iPhoneSimulator.ActiveCfg = Release|Any CPU
		{AECE489D-9ED4-442D-8D8F-0F383AEBB781}.AppStore|iPhoneSimulator.Build.0 = Release|Any CPU
		{AECE489D-9ED4-442D-8D8F-0F383AEBB781}.Debug|Any CPU.ActiveCfg = Debug|Any CPU
		{AECE489D-9ED4-442D-8D8F-0F383AEBB781}.Debug|Any CPU.Build.0 = Debug|Any CPU
		{AECE489D-9ED4-442D-8D8F-0F383AEBB781}.Debug|iPhone.ActiveCfg = Debug|Any CPU
		{AECE489D-9ED4-442D-8D8F-0F383AEBB781}.Debug|iPhone.Build.0 = Debug|Any CPU
		{AECE489D-9ED4-442D-8D8F-0F383AEBB781}.Debug|iPhoneSimulator.ActiveCfg = Debug|Any CPU
		{AECE489D-9ED4-442D-8D8F-0F383AEBB781}.Debug|iPhoneSimulator.Build.0 = Debug|Any CPU
		{AECE489D-9ED4-442D-8D8F-0F383AEBB781}.Release|Any CPU.ActiveCfg = Release|Any CPU
		{AECE489D-9ED4-442D-8D8F-0F383AEBB781}.Release|Any CPU.Build.0 = Release|Any CPU
		{AECE489D-9ED4-442D-8D8F-0F383AEBB781}.Release|iPhone.ActiveCfg = Release|Any CPU
		{AECE489D-9ED4-442D-8D8F-0F383AEBB781}.Release|iPhone.Build.0 = Release|Any CPU
		{AECE489D-9ED4-442D-8D8F-0F383AEBB781}.Release|iPhoneSimulator.ActiveCfg = Release|Any CPU
		{AECE489D-9ED4-442D-8D8F-0F383AEBB781}.Release|iPhoneSimulator.Build.0 = Release|Any CPU
		{91E9E564-8A44-457B-A97C-E76C9F6275D6}.Ad-Hoc|Any CPU.ActiveCfg = Release|Any CPU
		{91E9E564-8A44-457B-A97C-E76C9F6275D6}.Ad-Hoc|Any CPU.Build.0 = Release|Any CPU
		{91E9E564-8A44-457B-A97C-E76C9F6275D6}.Ad-Hoc|iPhone.ActiveCfg = Release|Any CPU
		{91E9E564-8A44-457B-A97C-E76C9F6275D6}.Ad-Hoc|iPhone.Build.0 = Release|Any CPU
		{91E9E564-8A44-457B-A97C-E76C9F6275D6}.Ad-Hoc|iPhoneSimulator.ActiveCfg = Release|Any CPU
		{91E9E564-8A44-457B-A97C-E76C9F6275D6}.Ad-Hoc|iPhoneSimulator.Build.0 = Release|Any CPU
		{91E9E564-8A44-457B-A97C-E76C9F6275D6}.AppStore|Any CPU.ActiveCfg = Release|Any CPU
		{91E9E564-8A44-457B-A97C-E76C9F6275D6}.AppStore|Any CPU.Build.0 = Release|Any CPU
		{91E9E564-8A44-457B-A97C-E76C9F6275D6}.AppStore|iPhone.ActiveCfg = Release|Any CPU
		{91E9E564-8A44-457B-A97C-E76C9F6275D6}.AppStore|iPhone.Build.0 = Release|Any CPU
		{91E9E564-8A44-457B-A97C-E76C9F6275D6}.AppStore|iPhoneSimulator.ActiveCfg = Release|Any CPU
		{91E9E564-8A44-457B-A97C-E76C9F6275D6}.AppStore|iPhoneSimulator.Build.0 = Release|Any CPU
		{91E9E564-8A44-457B-A97C-E76C9F6275D6}.Debug|Any CPU.ActiveCfg = Debug|Any CPU
		{91E9E564-8A44-457B-A97C-E76C9F6275D6}.Debug|Any CPU.Build.0 = Debug|Any CPU
		{91E9E564-8A44-457B-A97C-E76C9F6275D6}.Debug|iPhone.ActiveCfg = Debug|Any CPU
		{91E9E564-8A44-457B-A97C-E76C9F6275D6}.Debug|iPhone.Build.0 = Debug|Any CPU
		{91E9E564-8A44-457B-A97C-E76C9F6275D6}.Debug|iPhoneSimulator.ActiveCfg = Debug|Any CPU
		{91E9E564-8A44-457B-A97C-E76C9F6275D6}.Debug|iPhoneSimulator.Build.0 = Debug|Any CPU
		{91E9E564-8A44-457B-A97C-E76C9F6275D6}.Release|Any CPU.ActiveCfg = Release|Any CPU
		{91E9E564-8A44-457B-A97C-E76C9F6275D6}.Release|Any CPU.Build.0 = Release|Any CPU
		{91E9E564-8A44-457B-A97C-E76C9F6275D6}.Release|iPhone.ActiveCfg = Release|Any CPU
		{91E9E564-8A44-457B-A97C-E76C9F6275D6}.Release|iPhone.Build.0 = Release|Any CPU
		{91E9E564-8A44-457B-A97C-E76C9F6275D6}.Release|iPhoneSimulator.ActiveCfg = Release|Any CPU
		{91E9E564-8A44-457B-A97C-E76C9F6275D6}.Release|iPhoneSimulator.Build.0 = Release|Any CPU
		{2BD6EA30-37A4-4799-B778-A473FC6B19D4}.Ad-Hoc|Any CPU.ActiveCfg = Release|Any CPU
		{2BD6EA30-37A4-4799-B778-A473FC6B19D4}.Ad-Hoc|Any CPU.Build.0 = Release|Any CPU
		{2BD6EA30-37A4-4799-B778-A473FC6B19D4}.Ad-Hoc|iPhone.ActiveCfg = Release|Any CPU
		{2BD6EA30-37A4-4799-B778-A473FC6B19D4}.Ad-Hoc|iPhone.Build.0 = Release|Any CPU
		{2BD6EA30-37A4-4799-B778-A473FC6B19D4}.Ad-Hoc|iPhoneSimulator.ActiveCfg = Release|Any CPU
		{2BD6EA30-37A4-4799-B778-A473FC6B19D4}.Ad-Hoc|iPhoneSimulator.Build.0 = Release|Any CPU
		{2BD6EA30-37A4-4799-B778-A473FC6B19D4}.AppStore|Any CPU.ActiveCfg = Release|Any CPU
		{2BD6EA30-37A4-4799-B778-A473FC6B19D4}.AppStore|Any CPU.Build.0 = Release|Any CPU
		{2BD6EA30-37A4-4799-B778-A473FC6B19D4}.AppStore|iPhone.ActiveCfg = Release|Any CPU
		{2BD6EA30-37A4-4799-B778-A473FC6B19D4}.AppStore|iPhone.Build.0 = Release|Any CPU
		{2BD6EA30-37A4-4799-B778-A473FC6B19D4}.AppStore|iPhoneSimulator.ActiveCfg = Release|Any CPU
		{2BD6EA30-37A4-4799-B778-A473FC6B19D4}.AppStore|iPhoneSimulator.Build.0 = Release|Any CPU
		{2BD6EA30-37A4-4799-B778-A473FC6B19D4}.Debug|Any CPU.ActiveCfg = Debug|Any CPU
		{2BD6EA30-37A4-4799-B778-A473FC6B19D4}.Debug|Any CPU.Build.0 = Debug|Any CPU
		{2BD6EA30-37A4-4799-B778-A473FC6B19D4}.Debug|iPhone.ActiveCfg = Debug|Any CPU
		{2BD6EA30-37A4-4799-B778-A473FC6B19D4}.Debug|iPhone.Build.0 = Debug|Any CPU
		{2BD6EA30-37A4-4799-B778-A473FC6B19D4}.Debug|iPhoneSimulator.ActiveCfg = Debug|Any CPU
		{2BD6EA30-37A4-4799-B778-A473FC6B19D4}.Debug|iPhoneSimulator.Build.0 = Debug|Any CPU
		{2BD6EA30-37A4-4799-B778-A473FC6B19D4}.Release|Any CPU.ActiveCfg = Release|Any CPU
		{2BD6EA30-37A4-4799-B778-A473FC6B19D4}.Release|Any CPU.Build.0 = Release|Any CPU
		{2BD6EA30-37A4-4799-B778-A473FC6B19D4}.Release|iPhone.ActiveCfg = Release|Any CPU
		{2BD6EA30-37A4-4799-B778-A473FC6B19D4}.Release|iPhone.Build.0 = Release|Any CPU
		{2BD6EA30-37A4-4799-B778-A473FC6B19D4}.Release|iPhoneSimulator.ActiveCfg = Release|Any CPU
		{2BD6EA30-37A4-4799-B778-A473FC6B19D4}.Release|iPhoneSimulator.Build.0 = Release|Any CPU
		{6CE59CDE-3DD1-4897-959C-EF32E7F3315B}.Ad-Hoc|Any CPU.ActiveCfg = Release|Any CPU
		{6CE59CDE-3DD1-4897-959C-EF32E7F3315B}.Ad-Hoc|Any CPU.Build.0 = Release|Any CPU
		{6CE59CDE-3DD1-4897-959C-EF32E7F3315B}.Ad-Hoc|Any CPU.Deploy.0 = Release|Any CPU
		{6CE59CDE-3DD1-4897-959C-EF32E7F3315B}.Ad-Hoc|iPhone.ActiveCfg = Release|Any CPU
		{6CE59CDE-3DD1-4897-959C-EF32E7F3315B}.Ad-Hoc|iPhone.Build.0 = Release|Any CPU
		{6CE59CDE-3DD1-4897-959C-EF32E7F3315B}.Ad-Hoc|iPhone.Deploy.0 = Release|Any CPU
		{6CE59CDE-3DD1-4897-959C-EF32E7F3315B}.Ad-Hoc|iPhoneSimulator.ActiveCfg = Release|Any CPU
		{6CE59CDE-3DD1-4897-959C-EF32E7F3315B}.Ad-Hoc|iPhoneSimulator.Build.0 = Release|Any CPU
		{6CE59CDE-3DD1-4897-959C-EF32E7F3315B}.Ad-Hoc|iPhoneSimulator.Deploy.0 = Release|Any CPU
		{6CE59CDE-3DD1-4897-959C-EF32E7F3315B}.AppStore|Any CPU.ActiveCfg = Release|Any CPU
		{6CE59CDE-3DD1-4897-959C-EF32E7F3315B}.AppStore|Any CPU.Build.0 = Release|Any CPU
		{6CE59CDE-3DD1-4897-959C-EF32E7F3315B}.AppStore|Any CPU.Deploy.0 = Release|Any CPU
		{6CE59CDE-3DD1-4897-959C-EF32E7F3315B}.AppStore|iPhone.ActiveCfg = Release|Any CPU
		{6CE59CDE-3DD1-4897-959C-EF32E7F3315B}.AppStore|iPhone.Build.0 = Release|Any CPU
		{6CE59CDE-3DD1-4897-959C-EF32E7F3315B}.AppStore|iPhone.Deploy.0 = Release|Any CPU
		{6CE59CDE-3DD1-4897-959C-EF32E7F3315B}.AppStore|iPhoneSimulator.ActiveCfg = Release|Any CPU
		{6CE59CDE-3DD1-4897-959C-EF32E7F3315B}.AppStore|iPhoneSimulator.Build.0 = Release|Any CPU
		{6CE59CDE-3DD1-4897-959C-EF32E7F3315B}.AppStore|iPhoneSimulator.Deploy.0 = Release|Any CPU
		{6CE59CDE-3DD1-4897-959C-EF32E7F3315B}.Debug|Any CPU.ActiveCfg = Debug|Any CPU
		{6CE59CDE-3DD1-4897-959C-EF32E7F3315B}.Debug|Any CPU.Build.0 = Debug|Any CPU
		{6CE59CDE-3DD1-4897-959C-EF32E7F3315B}.Debug|Any CPU.Deploy.0 = Debug|Any CPU
		{6CE59CDE-3DD1-4897-959C-EF32E7F3315B}.Debug|iPhone.ActiveCfg = Debug|Any CPU
		{6CE59CDE-3DD1-4897-959C-EF32E7F3315B}.Debug|iPhone.Build.0 = Debug|Any CPU
		{6CE59CDE-3DD1-4897-959C-EF32E7F3315B}.Debug|iPhone.Deploy.0 = Debug|Any CPU
		{6CE59CDE-3DD1-4897-959C-EF32E7F3315B}.Debug|iPhoneSimulator.ActiveCfg = Debug|Any CPU
		{6CE59CDE-3DD1-4897-959C-EF32E7F3315B}.Debug|iPhoneSimulator.Build.0 = Debug|Any CPU
		{6CE59CDE-3DD1-4897-959C-EF32E7F3315B}.Debug|iPhoneSimulator.Deploy.0 = Debug|Any CPU
		{6CE59CDE-3DD1-4897-959C-EF32E7F3315B}.Release|Any CPU.ActiveCfg = Release|Any CPU
		{6CE59CDE-3DD1-4897-959C-EF32E7F3315B}.Release|Any CPU.Build.0 = Release|Any CPU
		{6CE59CDE-3DD1-4897-959C-EF32E7F3315B}.Release|Any CPU.Deploy.0 = Release|Any CPU
		{6CE59CDE-3DD1-4897-959C-EF32E7F3315B}.Release|iPhone.ActiveCfg = Release|Any CPU
		{6CE59CDE-3DD1-4897-959C-EF32E7F3315B}.Release|iPhone.Build.0 = Release|Any CPU
		{6CE59CDE-3DD1-4897-959C-EF32E7F3315B}.Release|iPhone.Deploy.0 = Release|Any CPU
		{6CE59CDE-3DD1-4897-959C-EF32E7F3315B}.Release|iPhoneSimulator.ActiveCfg = Release|Any CPU
		{6CE59CDE-3DD1-4897-959C-EF32E7F3315B}.Release|iPhoneSimulator.Build.0 = Release|Any CPU
		{6CE59CDE-3DD1-4897-959C-EF32E7F3315B}.Release|iPhoneSimulator.Deploy.0 = Release|Any CPU
		{8F0D6721-E26D-45AE-8132-B7F6DAE682A9}.Ad-Hoc|Any CPU.ActiveCfg = Debug|Any CPU
		{8F0D6721-E26D-45AE-8132-B7F6DAE682A9}.Ad-Hoc|Any CPU.Build.0 = Debug|Any CPU
		{8F0D6721-E26D-45AE-8132-B7F6DAE682A9}.Ad-Hoc|iPhone.ActiveCfg = Debug|Any CPU
		{8F0D6721-E26D-45AE-8132-B7F6DAE682A9}.Ad-Hoc|iPhone.Build.0 = Debug|Any CPU
		{8F0D6721-E26D-45AE-8132-B7F6DAE682A9}.Ad-Hoc|iPhoneSimulator.ActiveCfg = Debug|Any CPU
		{8F0D6721-E26D-45AE-8132-B7F6DAE682A9}.Ad-Hoc|iPhoneSimulator.Build.0 = Debug|Any CPU
		{8F0D6721-E26D-45AE-8132-B7F6DAE682A9}.AppStore|Any CPU.ActiveCfg = Debug|Any CPU
		{8F0D6721-E26D-45AE-8132-B7F6DAE682A9}.AppStore|Any CPU.Build.0 = Debug|Any CPU
		{8F0D6721-E26D-45AE-8132-B7F6DAE682A9}.AppStore|iPhone.ActiveCfg = Debug|Any CPU
		{8F0D6721-E26D-45AE-8132-B7F6DAE682A9}.AppStore|iPhone.Build.0 = Debug|Any CPU
		{8F0D6721-E26D-45AE-8132-B7F6DAE682A9}.AppStore|iPhoneSimulator.ActiveCfg = Debug|Any CPU
		{8F0D6721-E26D-45AE-8132-B7F6DAE682A9}.AppStore|iPhoneSimulator.Build.0 = Debug|Any CPU
		{8F0D6721-E26D-45AE-8132-B7F6DAE682A9}.Debug|Any CPU.ActiveCfg = Debug|Any CPU
		{8F0D6721-E26D-45AE-8132-B7F6DAE682A9}.Debug|Any CPU.Build.0 = Debug|Any CPU
		{8F0D6721-E26D-45AE-8132-B7F6DAE682A9}.Debug|iPhone.ActiveCfg = Debug|Any CPU
		{8F0D6721-E26D-45AE-8132-B7F6DAE682A9}.Debug|iPhone.Build.0 = Debug|Any CPU
		{8F0D6721-E26D-45AE-8132-B7F6DAE682A9}.Debug|iPhoneSimulator.ActiveCfg = Debug|Any CPU
		{8F0D6721-E26D-45AE-8132-B7F6DAE682A9}.Debug|iPhoneSimulator.Build.0 = Debug|Any CPU
		{8F0D6721-E26D-45AE-8132-B7F6DAE682A9}.Release|Any CPU.ActiveCfg = Release|Any CPU
		{8F0D6721-E26D-45AE-8132-B7F6DAE682A9}.Release|Any CPU.Build.0 = Release|Any CPU
		{8F0D6721-E26D-45AE-8132-B7F6DAE682A9}.Release|iPhone.ActiveCfg = Release|Any CPU
		{8F0D6721-E26D-45AE-8132-B7F6DAE682A9}.Release|iPhone.Build.0 = Release|Any CPU
		{8F0D6721-E26D-45AE-8132-B7F6DAE682A9}.Release|iPhoneSimulator.ActiveCfg = Release|Any CPU
		{8F0D6721-E26D-45AE-8132-B7F6DAE682A9}.Release|iPhoneSimulator.Build.0 = Release|Any CPU
		{8BA45C94-A047-43E0-BB98-D32FDD72F9E5}.Ad-Hoc|Any CPU.ActiveCfg = Release|Any CPU
		{8BA45C94-A047-43E0-BB98-D32FDD72F9E5}.Ad-Hoc|Any CPU.Build.0 = Release|Any CPU
		{8BA45C94-A047-43E0-BB98-D32FDD72F9E5}.Ad-Hoc|iPhone.ActiveCfg = Release|Any CPU
		{8BA45C94-A047-43E0-BB98-D32FDD72F9E5}.Ad-Hoc|iPhone.Build.0 = Release|Any CPU
		{8BA45C94-A047-43E0-BB98-D32FDD72F9E5}.Ad-Hoc|iPhoneSimulator.ActiveCfg = Release|Any CPU
		{8BA45C94-A047-43E0-BB98-D32FDD72F9E5}.Ad-Hoc|iPhoneSimulator.Build.0 = Release|Any CPU
		{8BA45C94-A047-43E0-BB98-D32FDD72F9E5}.AppStore|Any CPU.ActiveCfg = Release|Any CPU
		{8BA45C94-A047-43E0-BB98-D32FDD72F9E5}.AppStore|Any CPU.Build.0 = Release|Any CPU
		{8BA45C94-A047-43E0-BB98-D32FDD72F9E5}.AppStore|iPhone.ActiveCfg = Release|Any CPU
		{8BA45C94-A047-43E0-BB98-D32FDD72F9E5}.AppStore|iPhone.Build.0 = Release|Any CPU
		{8BA45C94-A047-43E0-BB98-D32FDD72F9E5}.AppStore|iPhoneSimulator.ActiveCfg = Release|Any CPU
		{8BA45C94-A047-43E0-BB98-D32FDD72F9E5}.AppStore|iPhoneSimulator.Build.0 = Release|Any CPU
		{8BA45C94-A047-43E0-BB98-D32FDD72F9E5}.Debug|Any CPU.ActiveCfg = Debug|Any CPU
		{8BA45C94-A047-43E0-BB98-D32FDD72F9E5}.Debug|Any CPU.Build.0 = Debug|Any CPU
		{8BA45C94-A047-43E0-BB98-D32FDD72F9E5}.Debug|iPhone.ActiveCfg = Debug|Any CPU
		{8BA45C94-A047-43E0-BB98-D32FDD72F9E5}.Debug|iPhone.Build.0 = Debug|Any CPU
		{8BA45C94-A047-43E0-BB98-D32FDD72F9E5}.Debug|iPhoneSimulator.ActiveCfg = Debug|Any CPU
		{8BA45C94-A047-43E0-BB98-D32FDD72F9E5}.Debug|iPhoneSimulator.Build.0 = Debug|Any CPU
		{8BA45C94-A047-43E0-BB98-D32FDD72F9E5}.Release|Any CPU.ActiveCfg = Release|Any CPU
		{8BA45C94-A047-43E0-BB98-D32FDD72F9E5}.Release|Any CPU.Build.0 = Release|Any CPU
		{8BA45C94-A047-43E0-BB98-D32FDD72F9E5}.Release|iPhone.ActiveCfg = Release|Any CPU
		{8BA45C94-A047-43E0-BB98-D32FDD72F9E5}.Release|iPhone.Build.0 = Release|Any CPU
		{8BA45C94-A047-43E0-BB98-D32FDD72F9E5}.Release|iPhoneSimulator.ActiveCfg = Release|Any CPU
		{8BA45C94-A047-43E0-BB98-D32FDD72F9E5}.Release|iPhoneSimulator.Build.0 = Release|Any CPU
		{2B675E51-98A2-4B44-8A37-A0661ABB931F}.Ad-Hoc|Any CPU.ActiveCfg = Ad-Hoc|iPhone
		{2B675E51-98A2-4B44-8A37-A0661ABB931F}.Ad-Hoc|iPhone.ActiveCfg = Ad-Hoc|iPhone
		{2B675E51-98A2-4B44-8A37-A0661ABB931F}.Ad-Hoc|iPhone.Build.0 = Ad-Hoc|iPhone
		{2B675E51-98A2-4B44-8A37-A0661ABB931F}.Ad-Hoc|iPhoneSimulator.ActiveCfg = Ad-Hoc|iPhoneSimulator
		{2B675E51-98A2-4B44-8A37-A0661ABB931F}.Ad-Hoc|iPhoneSimulator.Build.0 = Ad-Hoc|iPhoneSimulator
		{2B675E51-98A2-4B44-8A37-A0661ABB931F}.AppStore|Any CPU.ActiveCfg = AppStore|iPhone
		{2B675E51-98A2-4B44-8A37-A0661ABB931F}.AppStore|iPhone.ActiveCfg = AppStore|iPhone
		{2B675E51-98A2-4B44-8A37-A0661ABB931F}.AppStore|iPhone.Build.0 = AppStore|iPhone
		{2B675E51-98A2-4B44-8A37-A0661ABB931F}.AppStore|iPhoneSimulator.ActiveCfg = AppStore|iPhoneSimulator
		{2B675E51-98A2-4B44-8A37-A0661ABB931F}.AppStore|iPhoneSimulator.Build.0 = AppStore|iPhoneSimulator
		{2B675E51-98A2-4B44-8A37-A0661ABB931F}.Debug|Any CPU.ActiveCfg = Debug|iPhone
		{2B675E51-98A2-4B44-8A37-A0661ABB931F}.Debug|Any CPU.Build.0 = Debug|iPhone
		{2B675E51-98A2-4B44-8A37-A0661ABB931F}.Debug|iPhone.ActiveCfg = Debug|iPhone
		{2B675E51-98A2-4B44-8A37-A0661ABB931F}.Debug|iPhone.Build.0 = Debug|iPhone
		{2B675E51-98A2-4B44-8A37-A0661ABB931F}.Debug|iPhoneSimulator.ActiveCfg = Debug|iPhoneSimulator
		{2B675E51-98A2-4B44-8A37-A0661ABB931F}.Debug|iPhoneSimulator.Build.0 = Debug|iPhoneSimulator
		{2B675E51-98A2-4B44-8A37-A0661ABB931F}.Release|Any CPU.ActiveCfg = Release|iPhone
		{2B675E51-98A2-4B44-8A37-A0661ABB931F}.Release|Any CPU.Build.0 = Release|iPhone
		{2B675E51-98A2-4B44-8A37-A0661ABB931F}.Release|iPhone.ActiveCfg = Release|iPhone
		{2B675E51-98A2-4B44-8A37-A0661ABB931F}.Release|iPhone.Build.0 = Release|iPhone
		{2B675E51-98A2-4B44-8A37-A0661ABB931F}.Release|iPhoneSimulator.ActiveCfg = Release|iPhoneSimulator
		{2B675E51-98A2-4B44-8A37-A0661ABB931F}.Release|iPhoneSimulator.Build.0 = Release|iPhoneSimulator
		{856EA096-2283-49B6-B2CD-5C603551D150}.Ad-Hoc|Any CPU.ActiveCfg = Release|Any CPU
		{856EA096-2283-49B6-B2CD-5C603551D150}.Ad-Hoc|Any CPU.Build.0 = Release|Any CPU
		{856EA096-2283-49B6-B2CD-5C603551D150}.Ad-Hoc|iPhone.ActiveCfg = Release|Any CPU
		{856EA096-2283-49B6-B2CD-5C603551D150}.Ad-Hoc|iPhone.Build.0 = Release|Any CPU
		{856EA096-2283-49B6-B2CD-5C603551D150}.Ad-Hoc|iPhoneSimulator.ActiveCfg = Release|Any CPU
		{856EA096-2283-49B6-B2CD-5C603551D150}.Ad-Hoc|iPhoneSimulator.Build.0 = Release|Any CPU
		{856EA096-2283-49B6-B2CD-5C603551D150}.AppStore|Any CPU.ActiveCfg = Release|Any CPU
		{856EA096-2283-49B6-B2CD-5C603551D150}.AppStore|Any CPU.Build.0 = Release|Any CPU
		{856EA096-2283-49B6-B2CD-5C603551D150}.AppStore|iPhone.ActiveCfg = Release|Any CPU
		{856EA096-2283-49B6-B2CD-5C603551D150}.AppStore|iPhone.Build.0 = Release|Any CPU
		{856EA096-2283-49B6-B2CD-5C603551D150}.AppStore|iPhoneSimulator.ActiveCfg = Release|Any CPU
		{856EA096-2283-49B6-B2CD-5C603551D150}.AppStore|iPhoneSimulator.Build.0 = Release|Any CPU
		{856EA096-2283-49B6-B2CD-5C603551D150}.Debug|Any CPU.ActiveCfg = Debug|Any CPU
		{856EA096-2283-49B6-B2CD-5C603551D150}.Debug|Any CPU.Build.0 = Debug|Any CPU
		{856EA096-2283-49B6-B2CD-5C603551D150}.Debug|iPhone.ActiveCfg = Debug|Any CPU
		{856EA096-2283-49B6-B2CD-5C603551D150}.Debug|iPhone.Build.0 = Debug|Any CPU
		{856EA096-2283-49B6-B2CD-5C603551D150}.Debug|iPhoneSimulator.ActiveCfg = Debug|Any CPU
		{856EA096-2283-49B6-B2CD-5C603551D150}.Debug|iPhoneSimulator.Build.0 = Debug|Any CPU
		{856EA096-2283-49B6-B2CD-5C603551D150}.Release|Any CPU.ActiveCfg = Release|Any CPU
		{856EA096-2283-49B6-B2CD-5C603551D150}.Release|Any CPU.Build.0 = Release|Any CPU
		{856EA096-2283-49B6-B2CD-5C603551D150}.Release|iPhone.ActiveCfg = Release|Any CPU
		{856EA096-2283-49B6-B2CD-5C603551D150}.Release|iPhone.Build.0 = Release|Any CPU
		{856EA096-2283-49B6-B2CD-5C603551D150}.Release|iPhoneSimulator.ActiveCfg = Release|Any CPU
		{856EA096-2283-49B6-B2CD-5C603551D150}.Release|iPhoneSimulator.Build.0 = Release|Any CPU
		{FA4CAEEC-DA6A-493B-90B7-E17A20A61600}.Ad-Hoc|Any CPU.ActiveCfg = Release|Any CPU
		{FA4CAEEC-DA6A-493B-90B7-E17A20A61600}.Ad-Hoc|Any CPU.Build.0 = Release|Any CPU
		{FA4CAEEC-DA6A-493B-90B7-E17A20A61600}.Ad-Hoc|Any CPU.Deploy.0 = Release|Any CPU
		{FA4CAEEC-DA6A-493B-90B7-E17A20A61600}.Ad-Hoc|iPhone.ActiveCfg = Release|Any CPU
		{FA4CAEEC-DA6A-493B-90B7-E17A20A61600}.Ad-Hoc|iPhone.Build.0 = Release|Any CPU
		{FA4CAEEC-DA6A-493B-90B7-E17A20A61600}.Ad-Hoc|iPhone.Deploy.0 = Release|Any CPU
		{FA4CAEEC-DA6A-493B-90B7-E17A20A61600}.Ad-Hoc|iPhoneSimulator.ActiveCfg = Release|Any CPU
		{FA4CAEEC-DA6A-493B-90B7-E17A20A61600}.Ad-Hoc|iPhoneSimulator.Build.0 = Release|Any CPU
		{FA4CAEEC-DA6A-493B-90B7-E17A20A61600}.Ad-Hoc|iPhoneSimulator.Deploy.0 = Release|Any CPU
		{FA4CAEEC-DA6A-493B-90B7-E17A20A61600}.AppStore|Any CPU.ActiveCfg = Release|Any CPU
		{FA4CAEEC-DA6A-493B-90B7-E17A20A61600}.AppStore|Any CPU.Build.0 = Release|Any CPU
		{FA4CAEEC-DA6A-493B-90B7-E17A20A61600}.AppStore|Any CPU.Deploy.0 = Release|Any CPU
		{FA4CAEEC-DA6A-493B-90B7-E17A20A61600}.AppStore|iPhone.ActiveCfg = Release|Any CPU
		{FA4CAEEC-DA6A-493B-90B7-E17A20A61600}.AppStore|iPhone.Build.0 = Release|Any CPU
		{FA4CAEEC-DA6A-493B-90B7-E17A20A61600}.AppStore|iPhone.Deploy.0 = Release|Any CPU
		{FA4CAEEC-DA6A-493B-90B7-E17A20A61600}.AppStore|iPhoneSimulator.ActiveCfg = Release|Any CPU
		{FA4CAEEC-DA6A-493B-90B7-E17A20A61600}.AppStore|iPhoneSimulator.Build.0 = Release|Any CPU
		{FA4CAEEC-DA6A-493B-90B7-E17A20A61600}.AppStore|iPhoneSimulator.Deploy.0 = Release|Any CPU
		{FA4CAEEC-DA6A-493B-90B7-E17A20A61600}.Debug|Any CPU.ActiveCfg = Debug|Any CPU
		{FA4CAEEC-DA6A-493B-90B7-E17A20A61600}.Debug|Any CPU.Build.0 = Debug|Any CPU
		{FA4CAEEC-DA6A-493B-90B7-E17A20A61600}.Debug|Any CPU.Deploy.0 = Debug|Any CPU
		{FA4CAEEC-DA6A-493B-90B7-E17A20A61600}.Debug|iPhone.ActiveCfg = Debug|Any CPU
		{FA4CAEEC-DA6A-493B-90B7-E17A20A61600}.Debug|iPhone.Build.0 = Debug|Any CPU
		{FA4CAEEC-DA6A-493B-90B7-E17A20A61600}.Debug|iPhone.Deploy.0 = Debug|Any CPU
		{FA4CAEEC-DA6A-493B-90B7-E17A20A61600}.Debug|iPhoneSimulator.ActiveCfg = Debug|Any CPU
		{FA4CAEEC-DA6A-493B-90B7-E17A20A61600}.Debug|iPhoneSimulator.Build.0 = Debug|Any CPU
		{FA4CAEEC-DA6A-493B-90B7-E17A20A61600}.Debug|iPhoneSimulator.Deploy.0 = Debug|Any CPU
		{FA4CAEEC-DA6A-493B-90B7-E17A20A61600}.Release|Any CPU.ActiveCfg = Release|Any CPU
		{FA4CAEEC-DA6A-493B-90B7-E17A20A61600}.Release|Any CPU.Build.0 = Release|Any CPU
		{FA4CAEEC-DA6A-493B-90B7-E17A20A61600}.Release|Any CPU.Deploy.0 = Release|Any CPU
		{FA4CAEEC-DA6A-493B-90B7-E17A20A61600}.Release|iPhone.ActiveCfg = Release|Any CPU
		{FA4CAEEC-DA6A-493B-90B7-E17A20A61600}.Release|iPhone.Build.0 = Release|Any CPU
		{FA4CAEEC-DA6A-493B-90B7-E17A20A61600}.Release|iPhone.Deploy.0 = Release|Any CPU
		{FA4CAEEC-DA6A-493B-90B7-E17A20A61600}.Release|iPhoneSimulator.ActiveCfg = Release|Any CPU
		{FA4CAEEC-DA6A-493B-90B7-E17A20A61600}.Release|iPhoneSimulator.Build.0 = Release|Any CPU
		{FA4CAEEC-DA6A-493B-90B7-E17A20A61600}.Release|iPhoneSimulator.Deploy.0 = Release|Any CPU
		{FDED3627-94FD-4886-A540-3AC05380095B}.Ad-Hoc|Any CPU.ActiveCfg = Ad-Hoc|iPhone
		{FDED3627-94FD-4886-A540-3AC05380095B}.Ad-Hoc|iPhone.ActiveCfg = Ad-Hoc|iPhone
		{FDED3627-94FD-4886-A540-3AC05380095B}.Ad-Hoc|iPhone.Build.0 = Ad-Hoc|iPhone
		{FDED3627-94FD-4886-A540-3AC05380095B}.Ad-Hoc|iPhoneSimulator.ActiveCfg = Ad-Hoc|iPhoneSimulator
		{FDED3627-94FD-4886-A540-3AC05380095B}.Ad-Hoc|iPhoneSimulator.Build.0 = Ad-Hoc|iPhoneSimulator
		{FDED3627-94FD-4886-A540-3AC05380095B}.AppStore|Any CPU.ActiveCfg = AppStore|iPhone
		{FDED3627-94FD-4886-A540-3AC05380095B}.AppStore|iPhone.ActiveCfg = AppStore|iPhone
		{FDED3627-94FD-4886-A540-3AC05380095B}.AppStore|iPhone.Build.0 = AppStore|iPhone
		{FDED3627-94FD-4886-A540-3AC05380095B}.AppStore|iPhoneSimulator.ActiveCfg = AppStore|iPhoneSimulator
		{FDED3627-94FD-4886-A540-3AC05380095B}.AppStore|iPhoneSimulator.Build.0 = AppStore|iPhoneSimulator
		{FDED3627-94FD-4886-A540-3AC05380095B}.Debug|Any CPU.ActiveCfg = Debug|iPhone
		{FDED3627-94FD-4886-A540-3AC05380095B}.Debug|Any CPU.Build.0 = Debug|iPhone
		{FDED3627-94FD-4886-A540-3AC05380095B}.Debug|iPhone.ActiveCfg = Debug|iPhone
		{FDED3627-94FD-4886-A540-3AC05380095B}.Debug|iPhone.Build.0 = Debug|iPhone
		{FDED3627-94FD-4886-A540-3AC05380095B}.Debug|iPhoneSimulator.ActiveCfg = Debug|iPhoneSimulator
		{FDED3627-94FD-4886-A540-3AC05380095B}.Debug|iPhoneSimulator.Build.0 = Debug|iPhoneSimulator
		{FDED3627-94FD-4886-A540-3AC05380095B}.Release|Any CPU.ActiveCfg = Release|iPhone
		{FDED3627-94FD-4886-A540-3AC05380095B}.Release|Any CPU.Build.0 = Release|iPhone
		{FDED3627-94FD-4886-A540-3AC05380095B}.Release|iPhone.ActiveCfg = Release|iPhone
		{FDED3627-94FD-4886-A540-3AC05380095B}.Release|iPhone.Build.0 = Release|iPhone
		{FDED3627-94FD-4886-A540-3AC05380095B}.Release|iPhoneSimulator.ActiveCfg = Release|iPhoneSimulator
		{FDED3627-94FD-4886-A540-3AC05380095B}.Release|iPhoneSimulator.Build.0 = Release|iPhoneSimulator
		{84AAB705-1A89-4149-BBE0-5C4505D9CBED}.Ad-Hoc|Any CPU.ActiveCfg = Release|Any CPU
		{84AAB705-1A89-4149-BBE0-5C4505D9CBED}.Ad-Hoc|Any CPU.Build.0 = Release|Any CPU
		{84AAB705-1A89-4149-BBE0-5C4505D9CBED}.Ad-Hoc|iPhone.ActiveCfg = Release|Any CPU
		{84AAB705-1A89-4149-BBE0-5C4505D9CBED}.Ad-Hoc|iPhone.Build.0 = Release|Any CPU
		{84AAB705-1A89-4149-BBE0-5C4505D9CBED}.Ad-Hoc|iPhoneSimulator.ActiveCfg = Release|Any CPU
		{84AAB705-1A89-4149-BBE0-5C4505D9CBED}.Ad-Hoc|iPhoneSimulator.Build.0 = Release|Any CPU
		{84AAB705-1A89-4149-BBE0-5C4505D9CBED}.AppStore|Any CPU.ActiveCfg = Release|Any CPU
		{84AAB705-1A89-4149-BBE0-5C4505D9CBED}.AppStore|Any CPU.Build.0 = Release|Any CPU
		{84AAB705-1A89-4149-BBE0-5C4505D9CBED}.AppStore|iPhone.ActiveCfg = Release|Any CPU
		{84AAB705-1A89-4149-BBE0-5C4505D9CBED}.AppStore|iPhone.Build.0 = Release|Any CPU
		{84AAB705-1A89-4149-BBE0-5C4505D9CBED}.AppStore|iPhoneSimulator.ActiveCfg = Release|Any CPU
		{84AAB705-1A89-4149-BBE0-5C4505D9CBED}.AppStore|iPhoneSimulator.Build.0 = Release|Any CPU
		{84AAB705-1A89-4149-BBE0-5C4505D9CBED}.Debug|Any CPU.ActiveCfg = Debug|Any CPU
		{84AAB705-1A89-4149-BBE0-5C4505D9CBED}.Debug|Any CPU.Build.0 = Debug|Any CPU
		{84AAB705-1A89-4149-BBE0-5C4505D9CBED}.Debug|iPhone.ActiveCfg = Debug|Any CPU
		{84AAB705-1A89-4149-BBE0-5C4505D9CBED}.Debug|iPhone.Build.0 = Debug|Any CPU
		{84AAB705-1A89-4149-BBE0-5C4505D9CBED}.Debug|iPhoneSimulator.ActiveCfg = Debug|Any CPU
		{84AAB705-1A89-4149-BBE0-5C4505D9CBED}.Debug|iPhoneSimulator.Build.0 = Debug|Any CPU
		{84AAB705-1A89-4149-BBE0-5C4505D9CBED}.Release|Any CPU.ActiveCfg = Release|Any CPU
		{84AAB705-1A89-4149-BBE0-5C4505D9CBED}.Release|Any CPU.Build.0 = Release|Any CPU
		{84AAB705-1A89-4149-BBE0-5C4505D9CBED}.Release|iPhone.ActiveCfg = Release|Any CPU
		{84AAB705-1A89-4149-BBE0-5C4505D9CBED}.Release|iPhone.Build.0 = Release|Any CPU
		{84AAB705-1A89-4149-BBE0-5C4505D9CBED}.Release|iPhoneSimulator.ActiveCfg = Release|Any CPU
		{84AAB705-1A89-4149-BBE0-5C4505D9CBED}.Release|iPhoneSimulator.Build.0 = Release|Any CPU
		{412F8F05-2694-4D2E-8FE0-A821721CF682}.Ad-Hoc|Any CPU.ActiveCfg = Release|Any CPU
		{412F8F05-2694-4D2E-8FE0-A821721CF682}.Ad-Hoc|Any CPU.Build.0 = Release|Any CPU
		{412F8F05-2694-4D2E-8FE0-A821721CF682}.Ad-Hoc|iPhone.ActiveCfg = Release|Any CPU
		{412F8F05-2694-4D2E-8FE0-A821721CF682}.Ad-Hoc|iPhone.Build.0 = Release|Any CPU
		{412F8F05-2694-4D2E-8FE0-A821721CF682}.Ad-Hoc|iPhoneSimulator.ActiveCfg = Release|Any CPU
		{412F8F05-2694-4D2E-8FE0-A821721CF682}.Ad-Hoc|iPhoneSimulator.Build.0 = Release|Any CPU
		{412F8F05-2694-4D2E-8FE0-A821721CF682}.AppStore|Any CPU.ActiveCfg = Release|Any CPU
		{412F8F05-2694-4D2E-8FE0-A821721CF682}.AppStore|Any CPU.Build.0 = Release|Any CPU
		{412F8F05-2694-4D2E-8FE0-A821721CF682}.AppStore|iPhone.ActiveCfg = Release|Any CPU
		{412F8F05-2694-4D2E-8FE0-A821721CF682}.AppStore|iPhone.Build.0 = Release|Any CPU
		{412F8F05-2694-4D2E-8FE0-A821721CF682}.AppStore|iPhoneSimulator.ActiveCfg = Release|Any CPU
		{412F8F05-2694-4D2E-8FE0-A821721CF682}.AppStore|iPhoneSimulator.Build.0 = Release|Any CPU
		{412F8F05-2694-4D2E-8FE0-A821721CF682}.Debug|Any CPU.ActiveCfg = Debug|Any CPU
		{412F8F05-2694-4D2E-8FE0-A821721CF682}.Debug|Any CPU.Build.0 = Debug|Any CPU
		{412F8F05-2694-4D2E-8FE0-A821721CF682}.Debug|iPhone.ActiveCfg = Debug|Any CPU
		{412F8F05-2694-4D2E-8FE0-A821721CF682}.Debug|iPhone.Build.0 = Debug|Any CPU
		{412F8F05-2694-4D2E-8FE0-A821721CF682}.Debug|iPhoneSimulator.ActiveCfg = Debug|Any CPU
		{412F8F05-2694-4D2E-8FE0-A821721CF682}.Debug|iPhoneSimulator.Build.0 = Debug|Any CPU
		{412F8F05-2694-4D2E-8FE0-A821721CF682}.Release|Any CPU.ActiveCfg = Release|Any CPU
		{412F8F05-2694-4D2E-8FE0-A821721CF682}.Release|Any CPU.Build.0 = Release|Any CPU
		{412F8F05-2694-4D2E-8FE0-A821721CF682}.Release|iPhone.ActiveCfg = Release|Any CPU
		{412F8F05-2694-4D2E-8FE0-A821721CF682}.Release|iPhone.Build.0 = Release|Any CPU
		{412F8F05-2694-4D2E-8FE0-A821721CF682}.Release|iPhoneSimulator.ActiveCfg = Release|Any CPU
		{412F8F05-2694-4D2E-8FE0-A821721CF682}.Release|iPhoneSimulator.Build.0 = Release|Any CPU
		{AFCBE743-E9FA-4066-9445-333A0CFE3507}.Ad-Hoc|Any CPU.ActiveCfg = Release|Any CPU
		{AFCBE743-E9FA-4066-9445-333A0CFE3507}.Ad-Hoc|Any CPU.Build.0 = Release|Any CPU
		{AFCBE743-E9FA-4066-9445-333A0CFE3507}.Ad-Hoc|iPhone.ActiveCfg = Release|Any CPU
		{AFCBE743-E9FA-4066-9445-333A0CFE3507}.Ad-Hoc|iPhone.Build.0 = Release|Any CPU
		{AFCBE743-E9FA-4066-9445-333A0CFE3507}.Ad-Hoc|iPhoneSimulator.ActiveCfg = Release|Any CPU
		{AFCBE743-E9FA-4066-9445-333A0CFE3507}.Ad-Hoc|iPhoneSimulator.Build.0 = Release|Any CPU
		{AFCBE743-E9FA-4066-9445-333A0CFE3507}.AppStore|Any CPU.ActiveCfg = Release|Any CPU
		{AFCBE743-E9FA-4066-9445-333A0CFE3507}.AppStore|Any CPU.Build.0 = Release|Any CPU
		{AFCBE743-E9FA-4066-9445-333A0CFE3507}.AppStore|iPhone.ActiveCfg = Release|Any CPU
		{AFCBE743-E9FA-4066-9445-333A0CFE3507}.AppStore|iPhone.Build.0 = Release|Any CPU
		{AFCBE743-E9FA-4066-9445-333A0CFE3507}.AppStore|iPhoneSimulator.ActiveCfg = Release|Any CPU
		{AFCBE743-E9FA-4066-9445-333A0CFE3507}.AppStore|iPhoneSimulator.Build.0 = Release|Any CPU
		{AFCBE743-E9FA-4066-9445-333A0CFE3507}.Debug|Any CPU.ActiveCfg = Debug|Any CPU
		{AFCBE743-E9FA-4066-9445-333A0CFE3507}.Debug|Any CPU.Build.0 = Debug|Any CPU
		{AFCBE743-E9FA-4066-9445-333A0CFE3507}.Debug|iPhone.ActiveCfg = Debug|Any CPU
		{AFCBE743-E9FA-4066-9445-333A0CFE3507}.Debug|iPhone.Build.0 = Debug|Any CPU
		{AFCBE743-E9FA-4066-9445-333A0CFE3507}.Debug|iPhoneSimulator.ActiveCfg = Debug|Any CPU
		{AFCBE743-E9FA-4066-9445-333A0CFE3507}.Debug|iPhoneSimulator.Build.0 = Debug|Any CPU
		{AFCBE743-E9FA-4066-9445-333A0CFE3507}.Release|Any CPU.ActiveCfg = Release|Any CPU
		{AFCBE743-E9FA-4066-9445-333A0CFE3507}.Release|Any CPU.Build.0 = Release|Any CPU
		{AFCBE743-E9FA-4066-9445-333A0CFE3507}.Release|iPhone.ActiveCfg = Release|Any CPU
		{AFCBE743-E9FA-4066-9445-333A0CFE3507}.Release|iPhone.Build.0 = Release|Any CPU
		{AFCBE743-E9FA-4066-9445-333A0CFE3507}.Release|iPhoneSimulator.ActiveCfg = Release|Any CPU
		{AFCBE743-E9FA-4066-9445-333A0CFE3507}.Release|iPhoneSimulator.Build.0 = Release|Any CPU
		{868B8A92-B499-4844-86AE-8851E22C498A}.Ad-Hoc|Any CPU.ActiveCfg = Debug|Any CPU
		{868B8A92-B499-4844-86AE-8851E22C498A}.Ad-Hoc|Any CPU.Build.0 = Debug|Any CPU
		{868B8A92-B499-4844-86AE-8851E22C498A}.Ad-Hoc|iPhone.ActiveCfg = Debug|Any CPU
		{868B8A92-B499-4844-86AE-8851E22C498A}.Ad-Hoc|iPhone.Build.0 = Debug|Any CPU
		{868B8A92-B499-4844-86AE-8851E22C498A}.Ad-Hoc|iPhoneSimulator.ActiveCfg = Debug|Any CPU
		{868B8A92-B499-4844-86AE-8851E22C498A}.Ad-Hoc|iPhoneSimulator.Build.0 = Debug|Any CPU
		{868B8A92-B499-4844-86AE-8851E22C498A}.AppStore|Any CPU.ActiveCfg = Debug|Any CPU
		{868B8A92-B499-4844-86AE-8851E22C498A}.AppStore|Any CPU.Build.0 = Debug|Any CPU
		{868B8A92-B499-4844-86AE-8851E22C498A}.AppStore|iPhone.ActiveCfg = Debug|Any CPU
		{868B8A92-B499-4844-86AE-8851E22C498A}.AppStore|iPhone.Build.0 = Debug|Any CPU
		{868B8A92-B499-4844-86AE-8851E22C498A}.AppStore|iPhoneSimulator.ActiveCfg = Debug|Any CPU
		{868B8A92-B499-4844-86AE-8851E22C498A}.AppStore|iPhoneSimulator.Build.0 = Debug|Any CPU
		{868B8A92-B499-4844-86AE-8851E22C498A}.Debug|Any CPU.ActiveCfg = Debug|Any CPU
		{868B8A92-B499-4844-86AE-8851E22C498A}.Debug|Any CPU.Build.0 = Debug|Any CPU
		{868B8A92-B499-4844-86AE-8851E22C498A}.Debug|iPhone.ActiveCfg = Debug|Any CPU
		{868B8A92-B499-4844-86AE-8851E22C498A}.Debug|iPhone.Build.0 = Debug|Any CPU
		{868B8A92-B499-4844-86AE-8851E22C498A}.Debug|iPhoneSimulator.ActiveCfg = Debug|Any CPU
		{868B8A92-B499-4844-86AE-8851E22C498A}.Debug|iPhoneSimulator.Build.0 = Debug|Any CPU
		{868B8A92-B499-4844-86AE-8851E22C498A}.Release|Any CPU.ActiveCfg = Release|Any CPU
		{868B8A92-B499-4844-86AE-8851E22C498A}.Release|Any CPU.Build.0 = Release|Any CPU
		{868B8A92-B499-4844-86AE-8851E22C498A}.Release|iPhone.ActiveCfg = Release|Any CPU
		{868B8A92-B499-4844-86AE-8851E22C498A}.Release|iPhone.Build.0 = Release|Any CPU
		{868B8A92-B499-4844-86AE-8851E22C498A}.Release|iPhoneSimulator.ActiveCfg = Release|Any CPU
		{868B8A92-B499-4844-86AE-8851E22C498A}.Release|iPhoneSimulator.Build.0 = Release|Any CPU
		{F4C3CD80-5FDF-4CD0-A3F8-AFFDE46C88D8}.Ad-Hoc|Any CPU.ActiveCfg = Ad-Hoc|iPhone
		{F4C3CD80-5FDF-4CD0-A3F8-AFFDE46C88D8}.Ad-Hoc|iPhone.ActiveCfg = Ad-Hoc|iPhone
		{F4C3CD80-5FDF-4CD0-A3F8-AFFDE46C88D8}.Ad-Hoc|iPhone.Build.0 = Ad-Hoc|iPhone
		{F4C3CD80-5FDF-4CD0-A3F8-AFFDE46C88D8}.Ad-Hoc|iPhoneSimulator.ActiveCfg = Ad-Hoc|iPhoneSimulator
		{F4C3CD80-5FDF-4CD0-A3F8-AFFDE46C88D8}.Ad-Hoc|iPhoneSimulator.Build.0 = Ad-Hoc|iPhoneSimulator
		{F4C3CD80-5FDF-4CD0-A3F8-AFFDE46C88D8}.AppStore|Any CPU.ActiveCfg = AppStore|iPhone
		{F4C3CD80-5FDF-4CD0-A3F8-AFFDE46C88D8}.AppStore|iPhone.ActiveCfg = AppStore|iPhone
		{F4C3CD80-5FDF-4CD0-A3F8-AFFDE46C88D8}.AppStore|iPhone.Build.0 = AppStore|iPhone
		{F4C3CD80-5FDF-4CD0-A3F8-AFFDE46C88D8}.AppStore|iPhoneSimulator.ActiveCfg = AppStore|iPhoneSimulator
		{F4C3CD80-5FDF-4CD0-A3F8-AFFDE46C88D8}.AppStore|iPhoneSimulator.Build.0 = AppStore|iPhoneSimulator
		{F4C3CD80-5FDF-4CD0-A3F8-AFFDE46C88D8}.Debug|Any CPU.ActiveCfg = Debug|iPhone
		{F4C3CD80-5FDF-4CD0-A3F8-AFFDE46C88D8}.Debug|Any CPU.Build.0 = Debug|iPhone
		{F4C3CD80-5FDF-4CD0-A3F8-AFFDE46C88D8}.Debug|iPhone.ActiveCfg = Debug|iPhone
		{F4C3CD80-5FDF-4CD0-A3F8-AFFDE46C88D8}.Debug|iPhone.Build.0 = Debug|iPhone
		{F4C3CD80-5FDF-4CD0-A3F8-AFFDE46C88D8}.Debug|iPhoneSimulator.ActiveCfg = Debug|iPhoneSimulator
		{F4C3CD80-5FDF-4CD0-A3F8-AFFDE46C88D8}.Debug|iPhoneSimulator.Build.0 = Debug|iPhoneSimulator
		{F4C3CD80-5FDF-4CD0-A3F8-AFFDE46C88D8}.Release|Any CPU.ActiveCfg = Release|iPhone
		{F4C3CD80-5FDF-4CD0-A3F8-AFFDE46C88D8}.Release|Any CPU.Build.0 = Release|iPhone
		{F4C3CD80-5FDF-4CD0-A3F8-AFFDE46C88D8}.Release|iPhone.ActiveCfg = Release|iPhone
		{F4C3CD80-5FDF-4CD0-A3F8-AFFDE46C88D8}.Release|iPhone.Build.0 = Release|iPhone
		{F4C3CD80-5FDF-4CD0-A3F8-AFFDE46C88D8}.Release|iPhoneSimulator.ActiveCfg = Release|iPhoneSimulator
		{F4C3CD80-5FDF-4CD0-A3F8-AFFDE46C88D8}.Release|iPhoneSimulator.Build.0 = Release|iPhoneSimulator
		{BE5C2B53-04C3-489F-A9D1-01B2AECB9ABC}.Ad-Hoc|Any CPU.ActiveCfg = Release|Any CPU
		{BE5C2B53-04C3-489F-A9D1-01B2AECB9ABC}.Ad-Hoc|Any CPU.Build.0 = Release|Any CPU
		{BE5C2B53-04C3-489F-A9D1-01B2AECB9ABC}.Ad-Hoc|Any CPU.Deploy.0 = Release|Any CPU
		{BE5C2B53-04C3-489F-A9D1-01B2AECB9ABC}.Ad-Hoc|iPhone.ActiveCfg = Release|Any CPU
		{BE5C2B53-04C3-489F-A9D1-01B2AECB9ABC}.Ad-Hoc|iPhone.Build.0 = Release|Any CPU
		{BE5C2B53-04C3-489F-A9D1-01B2AECB9ABC}.Ad-Hoc|iPhone.Deploy.0 = Release|Any CPU
		{BE5C2B53-04C3-489F-A9D1-01B2AECB9ABC}.Ad-Hoc|iPhoneSimulator.ActiveCfg = Release|Any CPU
		{BE5C2B53-04C3-489F-A9D1-01B2AECB9ABC}.Ad-Hoc|iPhoneSimulator.Build.0 = Release|Any CPU
		{BE5C2B53-04C3-489F-A9D1-01B2AECB9ABC}.Ad-Hoc|iPhoneSimulator.Deploy.0 = Release|Any CPU
		{BE5C2B53-04C3-489F-A9D1-01B2AECB9ABC}.AppStore|Any CPU.ActiveCfg = Release|Any CPU
		{BE5C2B53-04C3-489F-A9D1-01B2AECB9ABC}.AppStore|Any CPU.Build.0 = Release|Any CPU
		{BE5C2B53-04C3-489F-A9D1-01B2AECB9ABC}.AppStore|Any CPU.Deploy.0 = Release|Any CPU
		{BE5C2B53-04C3-489F-A9D1-01B2AECB9ABC}.AppStore|iPhone.ActiveCfg = Release|Any CPU
		{BE5C2B53-04C3-489F-A9D1-01B2AECB9ABC}.AppStore|iPhone.Build.0 = Release|Any CPU
		{BE5C2B53-04C3-489F-A9D1-01B2AECB9ABC}.AppStore|iPhone.Deploy.0 = Release|Any CPU
		{BE5C2B53-04C3-489F-A9D1-01B2AECB9ABC}.AppStore|iPhoneSimulator.ActiveCfg = Release|Any CPU
		{BE5C2B53-04C3-489F-A9D1-01B2AECB9ABC}.AppStore|iPhoneSimulator.Build.0 = Release|Any CPU
		{BE5C2B53-04C3-489F-A9D1-01B2AECB9ABC}.AppStore|iPhoneSimulator.Deploy.0 = Release|Any CPU
		{BE5C2B53-04C3-489F-A9D1-01B2AECB9ABC}.Debug|Any CPU.ActiveCfg = Debug|Any CPU
		{BE5C2B53-04C3-489F-A9D1-01B2AECB9ABC}.Debug|Any CPU.Build.0 = Debug|Any CPU
		{BE5C2B53-04C3-489F-A9D1-01B2AECB9ABC}.Debug|Any CPU.Deploy.0 = Debug|Any CPU
		{BE5C2B53-04C3-489F-A9D1-01B2AECB9ABC}.Debug|iPhone.ActiveCfg = Debug|Any CPU
		{BE5C2B53-04C3-489F-A9D1-01B2AECB9ABC}.Debug|iPhone.Build.0 = Debug|Any CPU
		{BE5C2B53-04C3-489F-A9D1-01B2AECB9ABC}.Debug|iPhone.Deploy.0 = Debug|Any CPU
		{BE5C2B53-04C3-489F-A9D1-01B2AECB9ABC}.Debug|iPhoneSimulator.ActiveCfg = Debug|Any CPU
		{BE5C2B53-04C3-489F-A9D1-01B2AECB9ABC}.Debug|iPhoneSimulator.Build.0 = Debug|Any CPU
		{BE5C2B53-04C3-489F-A9D1-01B2AECB9ABC}.Debug|iPhoneSimulator.Deploy.0 = Debug|Any CPU
		{BE5C2B53-04C3-489F-A9D1-01B2AECB9ABC}.Release|Any CPU.ActiveCfg = Release|Any CPU
		{BE5C2B53-04C3-489F-A9D1-01B2AECB9ABC}.Release|Any CPU.Build.0 = Release|Any CPU
		{BE5C2B53-04C3-489F-A9D1-01B2AECB9ABC}.Release|Any CPU.Deploy.0 = Release|Any CPU
		{BE5C2B53-04C3-489F-A9D1-01B2AECB9ABC}.Release|iPhone.ActiveCfg = Release|Any CPU
		{BE5C2B53-04C3-489F-A9D1-01B2AECB9ABC}.Release|iPhone.Build.0 = Release|Any CPU
		{BE5C2B53-04C3-489F-A9D1-01B2AECB9ABC}.Release|iPhone.Deploy.0 = Release|Any CPU
		{BE5C2B53-04C3-489F-A9D1-01B2AECB9ABC}.Release|iPhoneSimulator.ActiveCfg = Release|Any CPU
		{BE5C2B53-04C3-489F-A9D1-01B2AECB9ABC}.Release|iPhoneSimulator.Build.0 = Release|Any CPU
		{BE5C2B53-04C3-489F-A9D1-01B2AECB9ABC}.Release|iPhoneSimulator.Deploy.0 = Release|Any CPU
		{3EEF5981-8F11-4F54-9DDF-2F63C574D028}.Ad-Hoc|Any CPU.ActiveCfg = Release|Any CPU
		{3EEF5981-8F11-4F54-9DDF-2F63C574D028}.Ad-Hoc|Any CPU.Build.0 = Release|Any CPU
		{3EEF5981-8F11-4F54-9DDF-2F63C574D028}.Ad-Hoc|iPhone.ActiveCfg = Release|Any CPU
		{3EEF5981-8F11-4F54-9DDF-2F63C574D028}.Ad-Hoc|iPhone.Build.0 = Release|Any CPU
		{3EEF5981-8F11-4F54-9DDF-2F63C574D028}.Ad-Hoc|iPhoneSimulator.ActiveCfg = Release|Any CPU
		{3EEF5981-8F11-4F54-9DDF-2F63C574D028}.Ad-Hoc|iPhoneSimulator.Build.0 = Release|Any CPU
		{3EEF5981-8F11-4F54-9DDF-2F63C574D028}.AppStore|Any CPU.ActiveCfg = Release|Any CPU
		{3EEF5981-8F11-4F54-9DDF-2F63C574D028}.AppStore|Any CPU.Build.0 = Release|Any CPU
		{3EEF5981-8F11-4F54-9DDF-2F63C574D028}.AppStore|iPhone.ActiveCfg = Release|Any CPU
		{3EEF5981-8F11-4F54-9DDF-2F63C574D028}.AppStore|iPhone.Build.0 = Release|Any CPU
		{3EEF5981-8F11-4F54-9DDF-2F63C574D028}.AppStore|iPhoneSimulator.ActiveCfg = Release|Any CPU
		{3EEF5981-8F11-4F54-9DDF-2F63C574D028}.AppStore|iPhoneSimulator.Build.0 = Release|Any CPU
		{3EEF5981-8F11-4F54-9DDF-2F63C574D028}.Debug|Any CPU.ActiveCfg = Debug|Any CPU
		{3EEF5981-8F11-4F54-9DDF-2F63C574D028}.Debug|Any CPU.Build.0 = Debug|Any CPU
		{3EEF5981-8F11-4F54-9DDF-2F63C574D028}.Debug|iPhone.ActiveCfg = Debug|Any CPU
		{3EEF5981-8F11-4F54-9DDF-2F63C574D028}.Debug|iPhone.Build.0 = Debug|Any CPU
		{3EEF5981-8F11-4F54-9DDF-2F63C574D028}.Debug|iPhoneSimulator.ActiveCfg = Debug|Any CPU
		{3EEF5981-8F11-4F54-9DDF-2F63C574D028}.Debug|iPhoneSimulator.Build.0 = Debug|Any CPU
		{3EEF5981-8F11-4F54-9DDF-2F63C574D028}.Release|Any CPU.ActiveCfg = Release|Any CPU
		{3EEF5981-8F11-4F54-9DDF-2F63C574D028}.Release|Any CPU.Build.0 = Release|Any CPU
		{3EEF5981-8F11-4F54-9DDF-2F63C574D028}.Release|iPhone.ActiveCfg = Release|Any CPU
		{3EEF5981-8F11-4F54-9DDF-2F63C574D028}.Release|iPhone.Build.0 = Release|Any CPU
		{3EEF5981-8F11-4F54-9DDF-2F63C574D028}.Release|iPhoneSimulator.ActiveCfg = Release|Any CPU
		{3EEF5981-8F11-4F54-9DDF-2F63C574D028}.Release|iPhoneSimulator.Build.0 = Release|Any CPU
	EndGlobalSection
	GlobalSection(SolutionProperties) = preSolution
		HideSolutionNode = FALSE
	EndGlobalSection
	GlobalSection(NestedProjects) = preSolution
		{AECE489D-9ED4-442D-8D8F-0F383AEBB781} = {D62811A9-35C0-43C9-926A-51EC4D6F7AD8}
		{91E9E564-8A44-457B-A97C-E76C9F6275D6} = {CF9400D7-1CFA-4495-AA6D-24105B10801A}
		{2BD6EA30-37A4-4799-B778-A473FC6B19D4} = {CF9400D7-1CFA-4495-AA6D-24105B10801A}
		{6CE59CDE-3DD1-4897-959C-EF32E7F3315B} = {54CB21B9-187C-4E63-9022-A9964886C56D}
		{8F0D6721-E26D-45AE-8132-B7F6DAE682A9} = {54CB21B9-187C-4E63-9022-A9964886C56D}
		{8BA45C94-A047-43E0-BB98-D32FDD72F9E5} = {54CB21B9-187C-4E63-9022-A9964886C56D}
		{2B675E51-98A2-4B44-8A37-A0661ABB931F} = {54CB21B9-187C-4E63-9022-A9964886C56D}
		{32A145D6-95A9-4232-B33E-AC4D9C392114} = {54CB21B9-187C-4E63-9022-A9964886C56D}
		{856EA096-2283-49B6-B2CD-5C603551D150} = {32A145D6-95A9-4232-B33E-AC4D9C392114}
		{FA4CAEEC-DA6A-493B-90B7-E17A20A61600} = {32A145D6-95A9-4232-B33E-AC4D9C392114}
		{FDED3627-94FD-4886-A540-3AC05380095B} = {32A145D6-95A9-4232-B33E-AC4D9C392114}
		{84AAB705-1A89-4149-BBE0-5C4505D9CBED} = {001F8E55-449F-42AF-AADD-1DD473AD9E9D}
		{412F8F05-2694-4D2E-8FE0-A821721CF682} = {CF9400D7-1CFA-4495-AA6D-24105B10801A}
		{AFCBE743-E9FA-4066-9445-333A0CFE3507} = {D62811A9-35C0-43C9-926A-51EC4D6F7AD8}
		{B840A69E-BABA-4BAA-A4D7-81C15628A2D7} = {CF9400D7-1CFA-4495-AA6D-24105B10801A}
		{868B8A92-B499-4844-86AE-8851E22C498A} = {B840A69E-BABA-4BAA-A4D7-81C15628A2D7}
		{F4C3CD80-5FDF-4CD0-A3F8-AFFDE46C88D8} = {B840A69E-BABA-4BAA-A4D7-81C15628A2D7}
		{BE5C2B53-04C3-489F-A9D1-01B2AECB9ABC} = {B840A69E-BABA-4BAA-A4D7-81C15628A2D7}
		{3EEF5981-8F11-4F54-9DDF-2F63C574D028} = {D62811A9-35C0-43C9-926A-51EC4D6F7AD8}
	EndGlobalSection
	GlobalSection(ExtensibilityGlobals) = postSolution
		SolutionGuid = {020399A9-DC27-4B82-9CAA-EF488665AC27}
	EndGlobalSection
EndGlobal
