
Microsoft Visual Studio Solution File, Format Version 12.00
# Visual Studio Version 16
VisualStudioVersion = 16.0.810.0
MinimumVisualStudioVersion = 10.0.40219.1
Project("{FAE04EC0-301F-11D3-BF4B-00C04F79EFBC}") = "MSAL.Sample", "MSAL.Sample\MSAL.Sample.csproj", "{C952B9A5-21EE-4A2F-83FD-E10743F8E94A}"
EndProject
Project("{9A19103F-16F7-4668-BE54-9A1E7A4F7556}") = "Microsoft.Identity.Client.XamarinAndroid.AndroidX", "..\src\bindings\Microsoft.Identity.Client.XamarinAndroid.AndroidX\Microsoft.Identity.Client.XamarinAndroid.AndroidX.csproj", "{A91B7520-2660-422A-ACD8-48701ED24DE7}"
EndProject
Global
	GlobalSection(SolutionConfigurationPlatforms) = preSolution
		Debug|Any CPU = Debug|Any CPU
		Release|Any CPU = Release|Any CPU
	EndGlobalSection
	GlobalSection(ProjectConfigurationPlatforms) = postSolution
		{C952B9A5-21EE-4A2F-83FD-E10743F8E94A}.Debug|Any CPU.ActiveCfg = Debug|Any CPU
		{C952B9A5-21EE-4A2F-83FD-E10743F8E94A}.Debug|Any CPU.Build.0 = Debug|Any CPU
		{C952B9A5-21EE-4A2F-83FD-E10743F8E94A}.Release|Any CPU.ActiveCfg = Release|Any CPU
		{C952B9A5-21EE-4A2F-83FD-E10743F8E94A}.Release|Any CPU.Build.0 = Release|Any CPU
		{A91B7520-2660-422A-ACD8-48701ED24DE7}.Debug|Any CPU.ActiveCfg = Debug|Any CPU
		{A91B7520-2660-422A-ACD8-48701ED24DE7}.Debug|Any CPU.Build.0 = Debug|Any CPU
		{A91B7520-2660-422A-ACD8-48701ED24DE7}.Release|Any CPU.ActiveCfg = Release|Any CPU
		{A91B7520-2660-422A-ACD8-48701ED24DE7}.Release|Any CPU.Build.0 = Release|Any CPU
	EndGlobalSection
	GlobalSection(SolutionProperties) = preSolution
		HideSolutionNode = FALSE
	EndGlobalSection
	GlobalSection(ExtensibilityGlobals) = postSolution
		SolutionGuid = {8F6B78A2-90F7-44FF-A18A-BDD966EEBC35}
	EndGlobalSection
EndGlobal
